
Microsoft Visual Studio Solution File, Format Version 12.00
# Visual Studio Version 16
VisualStudioVersion = 16.0.30804.86
MinimumVisualStudioVersion = 10.0.40219.1
Project("{FAE04EC0-301F-11D3-BF4B-00C04F79EFBC}") = "BekairlilearDujalgereno", "BekairlilearDujalgereno\BekairlilearDujalgereno.csproj", "{317034F8-0A49-4851-B8D3-6BBE36B78996}"
EndProject
Global
	GlobalSection(SolutionConfigurationPlatforms) = preSolution
		Debug|Any CPU = Debug|Any CPU
		Release|Any CPU = Release|Any CPU
	EndGlobalSection
	GlobalSection(ProjectConfigurationPlatforms) = postSolution
		{317034F8-0A49-4851-B8D3-6BBE36B78996}.Debug|Any CPU.ActiveCfg = Debug|Any CPU
		{317034F8-0A49-4851-B8D3-6BBE36B78996}.Debug|Any CPU.Build.0 = Debug|Any CPU
		{317034F8-0A49-4851-B8D3-6BBE36B78996}.Release|Any CPU.ActiveCfg = Release|Any CPU
		{317034F8-0A49-4851-B8D3-6BBE36B78996}.Release|Any CPU.Build.0 = Release|Any CPU
	EndGlobalSection
	GlobalSection(SolutionProperties) = preSolution
		HideSolutionNode = FALSE
	EndGlobalSection
	GlobalSection(ExtensibilityGlobals) = postSolution
		SolutionGuid = {42C65706-93E8-4E94-8E1E-E601B29E6F11}
	EndGlobalSection
EndGlobal
