
Microsoft Visual Studio Solution File, Format Version 12.00
# Visual Studio Version 17
VisualStudioVersion = 17.7.34221.43
MinimumVisualStudioVersion = 10.0.40219.1
Project("{FAE04EC0-301F-11D3-BF4B-00C04F79EFBC}") = "YowaigonereCakerlejahe", "YowaigonereCakerlejahe\YowaigonereCakerlejahe.csproj", "{62103205-E1F6-4132-AD4D-2164BE82F6CF}"
EndProject
Global
	GlobalSection(SolutionConfigurationPlatforms) = preSolution
		Debug|Any CPU = Debug|Any CPU
		Release|Any CPU = Release|Any CPU
	EndGlobalSection
	GlobalSection(ProjectConfigurationPlatforms) = postSolution
		{62103205-E1F6-4132-AD4D-2164BE82F6CF}.Debug|Any CPU.ActiveCfg = Debug|Any CPU
		{62103205-E1F6-4132-AD4D-2164BE82F6CF}.Debug|Any CPU.Build.0 = Debug|Any CPU
		{62103205-E1F6-4132-AD4D-2164BE82F6CF}.Release|Any CPU.ActiveCfg = Release|Any CPU
		{62103205-E1F6-4132-AD4D-2164BE82F6CF}.Release|Any CPU.Build.0 = Release|Any CPU
	EndGlobalSection
	GlobalSection(SolutionProperties) = preSolution
		HideSolutionNode = FALSE
	EndGlobalSection
	GlobalSection(ExtensibilityGlobals) = postSolution
		SolutionGuid = {1BF99AFE-BD00-46C0-9D5A-83CB2A4E93CC}
	EndGlobalSection
EndGlobal
