
Microsoft Visual Studio Solution File, Format Version 12.00
# Visual Studio Version 16
VisualStudioVersion = 16.0.29209.62
MinimumVisualStudioVersion = 10.0.40219.1
Project("{FAE04EC0-301F-11D3-BF4B-00C04F79EFBC}") = "JekkereaNegcewajya", "JekkereaNegcewajya\JekkereaNegcewajya.csproj", "{1E69CAFE-8CC5-4F5C-98DD-C1962821F28D}"
EndProject
Project("{9A19103F-16F7-4668-BE54-9A1E7A4F7556}") = "JekkereaNegcewajyaML.Model", "JekkereaNegcewajyaML.Model\JekkereaNegcewajyaML.Model.csproj", "{B20C96A1-4D39-41B6-A79F-330D43EAFE2D}"
EndProject
Project("{9A19103F-16F7-4668-BE54-9A1E7A4F7556}") = "JekkereaNegcewajyaML.ConsoleApp", "JekkereaNegcewajyaML.ConsoleApp\JekkereaNegcewajyaML.ConsoleApp.csproj", "{EF260FC0-A35D-4D1D-B73F-7E92A93C598F}"
EndProject
Global
	GlobalSection(SolutionConfigurationPlatforms) = preSolution
		Debug|Any CPU = Debug|Any CPU
		Release|Any CPU = Release|Any CPU
	EndGlobalSection
	GlobalSection(ProjectConfigurationPlatforms) = postSolution
		{1E69CAFE-8CC5-4F5C-98DD-C1962821F28D}.Debug|Any CPU.ActiveCfg = Debug|Any CPU
		{1E69CAFE-8CC5-4F5C-98DD-C1962821F28D}.Debug|Any CPU.Build.0 = Debug|Any CPU
		{1E69CAFE-8CC5-4F5C-98DD-C1962821F28D}.Release|Any CPU.ActiveCfg = Release|Any CPU
		{1E69CAFE-8CC5-4F5C-98DD-C1962821F28D}.Release|Any CPU.Build.0 = Release|Any CPU
		{B20C96A1-4D39-41B6-A79F-330D43EAFE2D}.Debug|Any CPU.ActiveCfg = Debug|Any CPU
		{B20C96A1-4D39-41B6-A79F-330D43EAFE2D}.Debug|Any CPU.Build.0 = Debug|Any CPU
		{B20C96A1-4D39-41B6-A79F-330D43EAFE2D}.Release|Any CPU.ActiveCfg = Release|Any CPU
		{B20C96A1-4D39-41B6-A79F-330D43EAFE2D}.Release|Any CPU.Build.0 = Release|Any CPU
		{EF260FC0-A35D-4D1D-B73F-7E92A93C598F}.Debug|Any CPU.ActiveCfg = Debug|Any CPU
		{EF260FC0-A35D-4D1D-B73F-7E92A93C598F}.Debug|Any CPU.Build.0 = Debug|Any CPU
		{EF260FC0-A35D-4D1D-B73F-7E92A93C598F}.Release|Any CPU.ActiveCfg = Release|Any CPU
		{EF260FC0-A35D-4D1D-B73F-7E92A93C598F}.Release|Any CPU.Build.0 = Release|Any CPU
	EndGlobalSection
	GlobalSection(SolutionProperties) = preSolution
		HideSolutionNode = FALSE
	EndGlobalSection
	GlobalSection(ExtensibilityGlobals) = postSolution
		SolutionGuid = {9E6AEAC6-2801-435A-A680-7497C9D16BEC}
	EndGlobalSection
EndGlobal
