Microsoft Visual Studio Solution File, Format Version 12.00
# Visual Studio Version 17
VisualStudioVersion = 17.10.35013.160
MinimumVisualStudioVersion = 10.0.40219.1
Project("{9A19103F-16F7-4668-BE54-9A1E7A4F7556}") = "FileShareApp", "FileShareApp\FileShareApp.csproj", "{72D0C361-A377-40F1-919D-AF9F8B5C2A18}"
EndProject
Global
	GlobalSection(SolutionConfigurationPlatforms) = preSolution
		Debug|Any CPU = Debug|Any CPU
		Release|Any CPU = Release|Any CPU
	EndGlobalSection
	GlobalSection(ProjectConfigurationPlatforms) = postSolution
		{72D0C361-A377-40F1-919D-AF9F8B5C2A18}.Debug|Any CPU.ActiveCfg = Debug|Any CPU
		{72D0C361-A377-40F1-919D-AF9F8B5C2A18}.Debug|Any CPU.Build.0 = Debug|Any CPU
		{72D0C361-A377-40F1-919D-AF9F8B5C2A18}.Release|Any CPU.ActiveCfg = Release|Any CPU
		{72D0C361-A377-40F1-919D-AF9F8B5C2A18}.Release|Any CPU.Build.0 = Release|Any CPU
	EndGlobalSection
	GlobalSection(SolutionProperties) = preSolution
		HideSolutionNode = FALSE
	EndGlobalSection
	GlobalSection(ExtensibilityGlobals) = postSolution
		SolutionGuid = {4DAD9FA0-EA03-4EE5-8867-00261E2B2AB8}
	EndGlobalSection
EndGlobal
