
Microsoft Visual Studio Solution File, Format Version 12.00
# Visual Studio Version 17
VisualStudioVersion = 17.9.34607.119
MinimumVisualStudioVersion = 10.0.40219.1
Project("{FAE04EC0-301F-11D3-BF4B-00C04F79EFBC}") = "UnoInk", "UnoInk\UnoInk.csproj", "{A9C9F94F-C1BE-4251-B512-8E54350E7A43}"
EndProject
Project("{2150E333-8FDC-42A3-9474-1A3956D46DE8}") = "Solution Items", "Solution Items", "{C9003DEF-89A7-440C-8FD7-A14B111DA617}"
	ProjectSection(SolutionItems) = preProject
		.gitignore = .gitignore
		Directory.Build.props = Directory.Build.props
		Directory.Build.targets = Directory.Build.targets
		Directory.Packages.props = Directory.Packages.props
		global.json = global.json
	EndProjectSection
EndProject
Global
	GlobalSection(SolutionConfigurationPlatforms) = preSolution
		Debug|Any CPU = Debug|Any CPU
		Release|Any CPU = Release|Any CPU
	EndGlobalSection
	GlobalSection(ProjectConfigurationPlatforms) = postSolution
		{A9C9F94F-C1BE-4251-B512-8E54350E7A43}.Debug|Any CPU.ActiveCfg = Debug|Any CPU
		{A9C9F94F-C1BE-4251-B512-8E54350E7A43}.Debug|Any CPU.Build.0 = Debug|Any CPU
		{A9C9F94F-C1BE-4251-B512-8E54350E7A43}.Debug|Any CPU.Deploy.0 = Debug|Any CPU
		{A9C9F94F-C1BE-4251-B512-8E54350E7A43}.Release|Any CPU.ActiveCfg = Release|Any CPU
		{A9C9F94F-C1BE-4251-B512-8E54350E7A43}.Release|Any CPU.Build.0 = Release|Any CPU
		{A9C9F94F-C1BE-4251-B512-8E54350E7A43}.Release|Any CPU.Deploy.0 = Release|Any CPU
	EndGlobalSection
	GlobalSection(SolutionProperties) = preSolution
		HideSolutionNode = FALSE
	EndGlobalSection
	GlobalSection(ExtensibilityGlobals) = postSolution
		SolutionGuid = {EF5923D0-5C1D-4FB9-8CE2-1853C1A174DC}
	EndGlobalSection
EndGlobal
