
Microsoft Visual Studio Solution File, Format Version 12.00
# Visual Studio Version 17
VisualStudioVersion = 17.9.34607.119
MinimumVisualStudioVersion = 10.0.40219.1
Project("{9A19103F-16F7-4668-BE54-9A1E7A4F7556}") = "NekawlaicaYegemwheechijahafea", "NekawlaicaYegemwheechijahafea.csproj", "{96B70569-EE7D-452C-90EF-7362EBACCE8C}"
EndProject
Global
	GlobalSection(SolutionConfigurationPlatforms) = preSolution
		Debug|Any CPU = Debug|Any CPU
		Release|Any CPU = Release|Any CPU
	EndGlobalSection
	GlobalSection(ProjectConfigurationPlatforms) = postSolution
		{96B70569-EE7D-452C-90EF-7362EBACCE8C}.Debug|Any CPU.ActiveCfg = Debug|Any CPU
		{96B70569-EE7D-452C-90EF-7362EBACCE8C}.Debug|Any CPU.Build.0 = Debug|Any CPU
		{96B70569-EE7D-452C-90EF-7362EBACCE8C}.Release|Any CPU.ActiveCfg = Release|Any CPU
		{96B70569-EE7D-452C-90EF-7362EBACCE8C}.Release|Any CPU.Build.0 = Release|Any CPU
	EndGlobalSection
	GlobalSection(SolutionProperties) = preSolution
		HideSolutionNode = FALSE
	EndGlobalSection
	GlobalSection(ExtensibilityGlobals) = postSolution
		SolutionGuid = {CE470701-F38C-4CAA-929D-0797949F510A}
	EndGlobalSection
EndGlobal
