
Microsoft Visual Studio Solution File, Format Version 12.00
# Visual Studio Version 17
VisualStudioVersion = 17.0.32014.148
MinimumVisualStudioVersion = 10.0.40219.1
Project("{FAE04EC0-301F-11D3-BF4B-00C04F79EFBC}") = "GogeeceldeaLabacheleabe", "GogeeceldeaLabacheleabe\GogeeceldeaLabacheleabe.csproj", "{81FFDDEF-35BD-4A27-BCEE-0E4937CF6E93}"
EndProject
Global
	GlobalSection(SolutionConfigurationPlatforms) = preSolution
		Debug|Any CPU = Debug|Any CPU
		Release|Any CPU = Release|Any CPU
	EndGlobalSection
	GlobalSection(ProjectConfigurationPlatforms) = postSolution
		{81FFDDEF-35BD-4A27-BCEE-0E4937CF6E93}.Debug|Any CPU.ActiveCfg = Debug|Any CPU
		{81FFDDEF-35BD-4A27-BCEE-0E4937CF6E93}.Debug|Any CPU.Build.0 = Debug|Any CPU
		{81FFDDEF-35BD-4A27-BCEE-0E4937CF6E93}.Release|Any CPU.ActiveCfg = Release|Any CPU
		{81FFDDEF-35BD-4A27-BCEE-0E4937CF6E93}.Release|Any CPU.Build.0 = Release|Any CPU
	EndGlobalSection
	GlobalSection(SolutionProperties) = preSolution
		HideSolutionNode = FALSE
	EndGlobalSection
	GlobalSection(ExtensibilityGlobals) = postSolution
		SolutionGuid = {41E3196F-AD8D-4446-92B7-1FF4CE5BA65E}
	EndGlobalSection
EndGlobal
