
Microsoft Visual Studio Solution File, Format Version 12.00
# Visual Studio Version 17
VisualStudioVersion = 17.0.31612.314
MinimumVisualStudioVersion = 10.0.40219.1
Project("{FAE04EC0-301F-11D3-BF4B-00C04F79EFBC}") = "CejelfairqereKecelherwelka", "CejelfairqereKecelherwelka\CejelfairqereKecelherwelka.csproj", "{51E55F9E-D746-407F-BB59-E79EFDAA7317}"
EndProject
Global
	GlobalSection(SolutionConfigurationPlatforms) = preSolution
		Debug|Any CPU = Debug|Any CPU
		Release|Any CPU = Release|Any CPU
	EndGlobalSection
	GlobalSection(ProjectConfigurationPlatforms) = postSolution
		{51E55F9E-D746-407F-BB59-E79EFDAA7317}.Debug|Any CPU.ActiveCfg = Debug|Any CPU
		{51E55F9E-D746-407F-BB59-E79EFDAA7317}.Debug|Any CPU.Build.0 = Debug|Any CPU
		{51E55F9E-D746-407F-BB59-E79EFDAA7317}.Release|Any CPU.ActiveCfg = Release|Any CPU
		{51E55F9E-D746-407F-BB59-E79EFDAA7317}.Release|Any CPU.Build.0 = Release|Any CPU
	EndGlobalSection
	GlobalSection(SolutionProperties) = preSolution
		HideSolutionNode = FALSE
	EndGlobalSection
	GlobalSection(ExtensibilityGlobals) = postSolution
		SolutionGuid = {47CA5449-F6D0-4B62-99B9-2B3F00E7539A}
	EndGlobalSection
EndGlobal
