
Microsoft Visual Studio Solution File, Format Version 12.00
# Visual Studio Version 16
VisualStudioVersion = 16.0.30413.136
MinimumVisualStudioVersion = 10.0.40219.1
Project("{FAE04EC0-301F-11D3-BF4B-00C04F79EFBC}") = "NedairkaweeBiheefallbahejay", "NedairkaweeBiheefallbahejay\NedairkaweeBiheefallbahejay.csproj", "{A6162313-824A-4B41-BD75-1FF48188513B}"
EndProject
Global
	GlobalSection(SolutionConfigurationPlatforms) = preSolution
		Debug|Any CPU = Debug|Any CPU
		Release|Any CPU = Release|Any CPU
	EndGlobalSection
	GlobalSection(ProjectConfigurationPlatforms) = postSolution
		{A6162313-824A-4B41-BD75-1FF48188513B}.Debug|Any CPU.ActiveCfg = Debug|Any CPU
		{A6162313-824A-4B41-BD75-1FF48188513B}.Debug|Any CPU.Build.0 = Debug|Any CPU
		{A6162313-824A-4B41-BD75-1FF48188513B}.Release|Any CPU.ActiveCfg = Release|Any CPU
		{A6162313-824A-4B41-BD75-1FF48188513B}.Release|Any CPU.Build.0 = Release|Any CPU
	EndGlobalSection
	GlobalSection(SolutionProperties) = preSolution
		HideSolutionNode = FALSE
	EndGlobalSection
	GlobalSection(ExtensibilityGlobals) = postSolution
		SolutionGuid = {4CE83AB8-05C4-49B0-B577-624E7F7D3462}
	EndGlobalSection
EndGlobal
