
Microsoft Visual Studio Solution File, Format Version 12.00
# Visual Studio Version 17
VisualStudioVersion = 17.4.33403.182
MinimumVisualStudioVersion = 10.0.40219.1
Project("{FAE04EC0-301F-11D3-BF4B-00C04F79EFBC}") = "WayhemhearkearyereJejeremledar", "WayhemhearkearyereJejeremledar\WayhemhearkearyereJejeremledar.csproj", "{1BF0F4AB-14B5-4E4C-840D-5E475AF669F2}"
EndProject
Global
	GlobalSection(SolutionConfigurationPlatforms) = preSolution
		Debug|Any CPU = Debug|Any CPU
		Release|Any CPU = Release|Any CPU
	EndGlobalSection
	GlobalSection(ProjectConfigurationPlatforms) = postSolution
		{1BF0F4AB-14B5-4E4C-840D-5E475AF669F2}.Debug|Any CPU.ActiveCfg = Debug|Any CPU
		{1BF0F4AB-14B5-4E4C-840D-5E475AF669F2}.Debug|Any CPU.Build.0 = Debug|Any CPU
		{1BF0F4AB-14B5-4E4C-840D-5E475AF669F2}.Release|Any CPU.ActiveCfg = Release|Any CPU
		{1BF0F4AB-14B5-4E4C-840D-5E475AF669F2}.Release|Any CPU.Build.0 = Release|Any CPU
	EndGlobalSection
	GlobalSection(SolutionProperties) = preSolution
		HideSolutionNode = FALSE
	EndGlobalSection
	GlobalSection(ExtensibilityGlobals) = postSolution
		SolutionGuid = {4A1655F1-31E3-4A17-9149-DC1103E52231}
	EndGlobalSection
EndGlobal
