
Microsoft Visual Studio Solution File, Format Version 12.00
# Visual Studio Version 17
VisualStudioVersion = 17.0.31903.59
MinimumVisualStudioVersion = 10.0.40219.1
Project("{FAE04EC0-301F-11D3-BF4B-00C04F79EFBC}") = "JanarjaldelchawjiNijairkikichi", "JanarjaldelchawjiNijairkikichi.csproj", "{0B0087DA-9DDC-44AF-BD5D-58B2E319E61A}"
EndProject
Global
	GlobalSection(SolutionConfigurationPlatforms) = preSolution
		Debug|Any CPU = Debug|Any CPU
		Release|Any CPU = Release|Any CPU
	EndGlobalSection
	GlobalSection(SolutionProperties) = preSolution
		HideSolutionNode = FALSE
	EndGlobalSection
	GlobalSection(ProjectConfigurationPlatforms) = postSolution
		{0B0087DA-9DDC-44AF-BD5D-58B2E319E61A}.Debug|Any CPU.ActiveCfg = Debug|Any CPU
		{0B0087DA-9DDC-44AF-BD5D-58B2E319E61A}.Debug|Any CPU.Build.0 = Debug|Any CPU
		{0B0087DA-9DDC-44AF-BD5D-58B2E319E61A}.Release|Any CPU.ActiveCfg = Release|Any CPU
		{0B0087DA-9DDC-44AF-BD5D-58B2E319E61A}.Release|Any CPU.Build.0 = Release|Any CPU
	EndGlobalSection
EndGlobal
