
Microsoft Visual Studio Solution File, Format Version 12.00
# Visual Studio Version 17
VisualStudioVersion = 17.7.34221.43
MinimumVisualStudioVersion = 10.0.40219.1
Project("{FAE04EC0-301F-11D3-BF4B-00C04F79EFBC}") = "ChedemwoheGelnairkoni", "ChedemwoheGelnairkoni\ChedemwoheGelnairkoni.csproj", "{C2D51F72-D02A-49D7-B8B9-A7718B8283D7}"
EndProject
Global
	GlobalSection(SolutionConfigurationPlatforms) = preSolution
		Debug|Any CPU = Debug|Any CPU
		Release|Any CPU = Release|Any CPU
	EndGlobalSection
	GlobalSection(ProjectConfigurationPlatforms) = postSolution
		{C2D51F72-D02A-49D7-B8B9-A7718B8283D7}.Debug|Any CPU.ActiveCfg = Debug|Any CPU
		{C2D51F72-D02A-49D7-B8B9-A7718B8283D7}.Debug|Any CPU.Build.0 = Debug|Any CPU
		{C2D51F72-D02A-49D7-B8B9-A7718B8283D7}.Release|Any CPU.ActiveCfg = Release|Any CPU
		{C2D51F72-D02A-49D7-B8B9-A7718B8283D7}.Release|Any CPU.Build.0 = Release|Any CPU
	EndGlobalSection
	GlobalSection(SolutionProperties) = preSolution
		HideSolutionNode = FALSE
	EndGlobalSection
	GlobalSection(ExtensibilityGlobals) = postSolution
		SolutionGuid = {FFFD45CB-B830-401E-9381-29FA45FE95D2}
	EndGlobalSection
EndGlobal
