
Microsoft Visual Studio Solution File, Format Version 12.00
# Visual Studio Version 17
VisualStudioVersion = 17.4.33213.308
MinimumVisualStudioVersion = 10.0.40219.1
Project("{FAE04EC0-301F-11D3-BF4B-00C04F79EFBC}") = "BowajearlarWalkilayke", "BowajearlarWalkilayke\BowajearlarWalkilayke.csproj", "{71E982D7-60FF-46CF-B7FE-A747857F0864}"
EndProject
Global
	GlobalSection(SolutionConfigurationPlatforms) = preSolution
		Debug|Any CPU = Debug|Any CPU
		Release|Any CPU = Release|Any CPU
	EndGlobalSection
	GlobalSection(ProjectConfigurationPlatforms) = postSolution
		{71E982D7-60FF-46CF-B7FE-A747857F0864}.Debug|Any CPU.ActiveCfg = Debug|Any CPU
		{71E982D7-60FF-46CF-B7FE-A747857F0864}.Debug|Any CPU.Build.0 = Debug|Any CPU
		{71E982D7-60FF-46CF-B7FE-A747857F0864}.Release|Any CPU.ActiveCfg = Release|Any CPU
		{71E982D7-60FF-46CF-B7FE-A747857F0864}.Release|Any CPU.Build.0 = Release|Any CPU
	EndGlobalSection
	GlobalSection(SolutionProperties) = preSolution
		HideSolutionNode = FALSE
	EndGlobalSection
	GlobalSection(ExtensibilityGlobals) = postSolution
		SolutionGuid = {E9908304-C039-4009-AC2C-F36F6FB431B6}
	EndGlobalSection
EndGlobal
