
Microsoft Visual Studio Solution File, Format Version 12.00
# Visual Studio Version 17
VisualStudioVersion = 17.9.34607.119
MinimumVisualStudioVersion = 10.0.40219.1
Project("{FAE04EC0-301F-11D3-BF4B-00C04F79EFBC}") = "ChewukeriLudikanal", "ChewukeriLudikanal.csproj", "{CDD7DA1D-61FD-49B9-8473-56E08D1A386A}"
EndProject
Global
	GlobalSection(SolutionConfigurationPlatforms) = preSolution
		Debug|Any CPU = Debug|Any CPU
		Release|Any CPU = Release|Any CPU
	EndGlobalSection
	GlobalSection(ProjectConfigurationPlatforms) = postSolution
		{CDD7DA1D-61FD-49B9-8473-56E08D1A386A}.Debug|Any CPU.ActiveCfg = Debug|Any CPU
		{CDD7DA1D-61FD-49B9-8473-56E08D1A386A}.Debug|Any CPU.Build.0 = Debug|Any CPU
		{CDD7DA1D-61FD-49B9-8473-56E08D1A386A}.Release|Any CPU.ActiveCfg = Release|Any CPU
		{CDD7DA1D-61FD-49B9-8473-56E08D1A386A}.Release|Any CPU.Build.0 = Release|Any CPU
	EndGlobalSection
	GlobalSection(SolutionProperties) = preSolution
		HideSolutionNode = FALSE
	EndGlobalSection
	GlobalSection(ExtensibilityGlobals) = postSolution
		SolutionGuid = {2B9D3132-1C3D-4D0C-89AF-9FAE4CFCD620}
	EndGlobalSection
EndGlobal
