
Microsoft Visual Studio Solution File, Format Version 12.00
# Visual Studio Version 17
VisualStudioVersion = 17.2.32630.192
MinimumVisualStudioVersion = 10.0.40219.1
Project("{FAE04EC0-301F-11D3-BF4B-00C04F79EFBC}") = "WpfVorticeWicTest", "WpfVorticeWicTest\WpfVorticeWicTest.csproj", "{D025DA7A-C737-4C0D-A2D7-3D005EFF4438}"
EndProject
Global
	GlobalSection(SolutionConfigurationPlatforms) = preSolution
		Debug|Any CPU = Debug|Any CPU
		Release|Any CPU = Release|Any CPU
	EndGlobalSection
	GlobalSection(ProjectConfigurationPlatforms) = postSolution
		{D025DA7A-C737-4C0D-A2D7-3D005EFF4438}.Debug|Any CPU.ActiveCfg = Debug|Any CPU
		{D025DA7A-C737-4C0D-A2D7-3D005EFF4438}.Debug|Any CPU.Build.0 = Debug|Any CPU
		{D025DA7A-C737-4C0D-A2D7-3D005EFF4438}.Release|Any CPU.ActiveCfg = Release|Any CPU
		{D025DA7A-C737-4C0D-A2D7-3D005EFF4438}.Release|Any CPU.Build.0 = Release|Any CPU
	EndGlobalSection
	GlobalSection(SolutionProperties) = preSolution
		HideSolutionNode = FALSE
	EndGlobalSection
	GlobalSection(ExtensibilityGlobals) = postSolution
		SolutionGuid = {7862C155-C63A-4228-9BB9-A08238CDDBD6}
	EndGlobalSection
EndGlobal
