
Microsoft Visual Studio Solution File, Format Version 12.00
# Visual Studio Version 16
VisualStudioVersion = 16.0.29503.13
MinimumVisualStudioVersion = 10.0.40219.1
Project("{FAE04EC0-301F-11D3-BF4B-00C04F79EFBC}") = "LwufxgbaDljqkx", "LwufxgbaDljqkx\LwufxgbaDljqkx.csproj", "{9E6793B4-653E-49C9-956F-AB14B82FF9C5}"
EndProject
Global
	GlobalSection(SolutionConfigurationPlatforms) = preSolution
		Debug|Any CPU = Debug|Any CPU
		Release|Any CPU = Release|Any CPU
	EndGlobalSection
	GlobalSection(ProjectConfigurationPlatforms) = postSolution
		{9E6793B4-653E-49C9-956F-AB14B82FF9C5}.Debug|Any CPU.ActiveCfg = Debug|Any CPU
		{9E6793B4-653E-49C9-956F-AB14B82FF9C5}.Debug|Any CPU.Build.0 = Debug|Any CPU
		{9E6793B4-653E-49C9-956F-AB14B82FF9C5}.Release|Any CPU.ActiveCfg = Release|Any CPU
		{9E6793B4-653E-49C9-956F-AB14B82FF9C5}.Release|Any CPU.Build.0 = Release|Any CPU
	EndGlobalSection
	GlobalSection(SolutionProperties) = preSolution
		HideSolutionNode = FALSE
	EndGlobalSection
	GlobalSection(ExtensibilityGlobals) = postSolution
		SolutionGuid = {66F611AD-BE32-4FC6-8EBA-DB5D6105C167}
	EndGlobalSection
EndGlobal
