
Microsoft Visual Studio Solution File, Format Version 12.00
# Visual Studio Version 16
VisualStudioVersion = 16.0.29409.12
MinimumVisualStudioVersion = 10.0.40219.1
Project("{FAE04EC0-301F-11D3-BF4B-00C04F79EFBC}") = "DurarwoqeCerjaibibafo", "DurarwoqeCerjaibibafo\DurarwoqeCerjaibibafo.csproj", "{422ABD9B-E278-4C98-8385-8281CF7D1DFE}"
EndProject
Global
	GlobalSection(SolutionConfigurationPlatforms) = preSolution
		Debug|Any CPU = Debug|Any CPU
		Release|Any CPU = Release|Any CPU
	EndGlobalSection
	GlobalSection(ProjectConfigurationPlatforms) = postSolution
		{422ABD9B-E278-4C98-8385-8281CF7D1DFE}.Debug|Any CPU.ActiveCfg = Debug|Any CPU
		{422ABD9B-E278-4C98-8385-8281CF7D1DFE}.Debug|Any CPU.Build.0 = Debug|Any CPU
		{422ABD9B-E278-4C98-8385-8281CF7D1DFE}.Release|Any CPU.ActiveCfg = Release|Any CPU
		{422ABD9B-E278-4C98-8385-8281CF7D1DFE}.Release|Any CPU.Build.0 = Release|Any CPU
	EndGlobalSection
	GlobalSection(SolutionProperties) = preSolution
		HideSolutionNode = FALSE
	EndGlobalSection
	GlobalSection(ExtensibilityGlobals) = postSolution
		SolutionGuid = {73CC249D-59D3-4AB9-A72C-97CB1667CA79}
	EndGlobalSection
EndGlobal
