
Microsoft Visual Studio Solution File, Format Version 12.00
# Visual Studio Version 17
VisualStudioVersion = 17.6.33829.357
MinimumVisualStudioVersion = 10.0.40219.1
Project("{FAE04EC0-301F-11D3-BF4B-00C04F79EFBC}") = "HulanucerbeljuChaijacemjarga", "HulanucerbeljuChaijacemjarga\HulanucerbeljuChaijacemjarga.csproj", "{58BAAA06-A8E1-4BC1-A19A-84B8D9AE24B7}"
EndProject
Project("{FAE04EC0-301F-11D3-BF4B-00C04F79EFBC}") = "HulanucerbeljuChaijacemjarga.Analyzers", "HulanucerbeljuChaijacemjarga.Analyzers\HulanucerbeljuChaijacemjarga.Analyzers.csproj", "{8A4A9C28-31DF-411C-B903-50C08A8EB68F}"
EndProject
Project("{FAE04EC0-301F-11D3-BF4B-00C04F79EFBC}") = "Lib1", "Lib1\Lib1.csproj", "{32B8FF46-1A83-48EF-A43A-B538F136BED9}"
EndProject
Project("{FAE04EC0-301F-11D3-BF4B-00C04F79EFBC}") = "Lib2", "Lib2\Lib2.csproj", "{83440C22-B28B-4316-B353-4779F716CC8E}"
EndProject
Project("{9A19103F-16F7-4668-BE54-9A1E7A4F7556}") = "Lib3", "Lib3\Lib3.csproj", "{68E9C96D-0CAE-4D26-BACF-B6FADBB9FFFD}"
EndProject
Global
	GlobalSection(SolutionConfigurationPlatforms) = preSolution
		Debug|Any CPU = Debug|Any CPU
		Release|Any CPU = Release|Any CPU
	EndGlobalSection
	GlobalSection(ProjectConfigurationPlatforms) = postSolution
		{58BAAA06-A8E1-4BC1-A19A-84B8D9AE24B7}.Debug|Any CPU.ActiveCfg = Debug|Any CPU
		{58BAAA06-A8E1-4BC1-A19A-84B8D9AE24B7}.Debug|Any CPU.Build.0 = Debug|Any CPU
		{58BAAA06-A8E1-4BC1-A19A-84B8D9AE24B7}.Release|Any CPU.ActiveCfg = Release|Any CPU
		{58BAAA06-A8E1-4BC1-A19A-84B8D9AE24B7}.Release|Any CPU.Build.0 = Release|Any CPU
		{8A4A9C28-31DF-411C-B903-50C08A8EB68F}.Debug|Any CPU.ActiveCfg = Debug|Any CPU
		{8A4A9C28-31DF-411C-B903-50C08A8EB68F}.Debug|Any CPU.Build.0 = Debug|Any CPU
		{8A4A9C28-31DF-411C-B903-50C08A8EB68F}.Release|Any CPU.ActiveCfg = Release|Any CPU
		{8A4A9C28-31DF-411C-B903-50C08A8EB68F}.Release|Any CPU.Build.0 = Release|Any CPU
		{32B8FF46-1A83-48EF-A43A-B538F136BED9}.Debug|Any CPU.ActiveCfg = Debug|Any CPU
		{32B8FF46-1A83-48EF-A43A-B538F136BED9}.Debug|Any CPU.Build.0 = Debug|Any CPU
		{32B8FF46-1A83-48EF-A43A-B538F136BED9}.Release|Any CPU.ActiveCfg = Release|Any CPU
		{32B8FF46-1A83-48EF-A43A-B538F136BED9}.Release|Any CPU.Build.0 = Release|Any CPU
		{83440C22-B28B-4316-B353-4779F716CC8E}.Debug|Any CPU.ActiveCfg = Debug|Any CPU
		{83440C22-B28B-4316-B353-4779F716CC8E}.Debug|Any CPU.Build.0 = Debug|Any CPU
		{83440C22-B28B-4316-B353-4779F716CC8E}.Release|Any CPU.ActiveCfg = Release|Any CPU
		{83440C22-B28B-4316-B353-4779F716CC8E}.Release|Any CPU.Build.0 = Release|Any CPU
		{68E9C96D-0CAE-4D26-BACF-B6FADBB9FFFD}.Debug|Any CPU.ActiveCfg = Debug|Any CPU
		{68E9C96D-0CAE-4D26-BACF-B6FADBB9FFFD}.Debug|Any CPU.Build.0 = Debug|Any CPU
		{68E9C96D-0CAE-4D26-BACF-B6FADBB9FFFD}.Release|Any CPU.ActiveCfg = Release|Any CPU
		{68E9C96D-0CAE-4D26-BACF-B6FADBB9FFFD}.Release|Any CPU.Build.0 = Release|Any CPU
	EndGlobalSection
	GlobalSection(SolutionProperties) = preSolution
		HideSolutionNode = FALSE
	EndGlobalSection
	GlobalSection(ExtensibilityGlobals) = postSolution
		SolutionGuid = {068428D2-116B-482F-972D-F8A4A174E021}
	EndGlobalSection
EndGlobal
