
Microsoft Visual Studio Solution File, Format Version 12.00
# Visual Studio Version 16
VisualStudioVersion = 16.0.30204.135
MinimumVisualStudioVersion = 10.0.40219.1
Project("{FAE04EC0-301F-11D3-BF4B-00C04F79EFBC}") = "HalwerewolokaichaKojerwhabal", "HalwerewolokaichaKojerwhabal\HalwerewolokaichaKojerwhabal.csproj", "{87CAA791-402E-459F-A5D2-0A02BD1C48E4}"
EndProject
Global
	GlobalSection(SolutionConfigurationPlatforms) = preSolution
		Debug|Any CPU = Debug|Any CPU
		Release|Any CPU = Release|Any CPU
	EndGlobalSection
	GlobalSection(ProjectConfigurationPlatforms) = postSolution
		{87CAA791-402E-459F-A5D2-0A02BD1C48E4}.Debug|Any CPU.ActiveCfg = Debug|Any CPU
		{87CAA791-402E-459F-A5D2-0A02BD1C48E4}.Debug|Any CPU.Build.0 = Debug|Any CPU
		{87CAA791-402E-459F-A5D2-0A02BD1C48E4}.Release|Any CPU.ActiveCfg = Release|Any CPU
		{87CAA791-402E-459F-A5D2-0A02BD1C48E4}.Release|Any CPU.Build.0 = Release|Any CPU
	EndGlobalSection
	GlobalSection(SolutionProperties) = preSolution
		HideSolutionNode = FALSE
	EndGlobalSection
	GlobalSection(ExtensibilityGlobals) = postSolution
		SolutionGuid = {516464C5-DAFD-4FD6-A8BA-A4F101097D23}
	EndGlobalSection
EndGlobal
