
Microsoft Visual Studio Solution File, Format Version 12.00
# Visual Studio Version 16
VisualStudioVersion = 16.0.31313.79
MinimumVisualStudioVersion = 10.0.40219.1
Project("{FAE04EC0-301F-11D3-BF4B-00C04F79EFBC}") = "Walterlv.Demo.XamlProperties", "Walterlv.Demo.XamlProperties\Walterlv.Demo.XamlProperties.csproj", "{9C341072-81C0-4AB5-8E76-A829A012E654}"
EndProject
Global
	GlobalSection(SolutionConfigurationPlatforms) = preSolution
		Debug|Any CPU = Debug|Any CPU
		Release|Any CPU = Release|Any CPU
	EndGlobalSection
	GlobalSection(ProjectConfigurationPlatforms) = postSolution
		{9C341072-81C0-4AB5-8E76-A829A012E654}.Debug|Any CPU.ActiveCfg = Debug|Any CPU
		{9C341072-81C0-4AB5-8E76-A829A012E654}.Debug|Any CPU.Build.0 = Debug|Any CPU
		{9C341072-81C0-4AB5-8E76-A829A012E654}.Release|Any CPU.ActiveCfg = Release|Any CPU
		{9C341072-81C0-4AB5-8E76-A829A012E654}.Release|Any CPU.Build.0 = Release|Any CPU
	EndGlobalSection
	GlobalSection(SolutionProperties) = preSolution
		HideSolutionNode = FALSE
	EndGlobalSection
	GlobalSection(ExtensibilityGlobals) = postSolution
		SolutionGuid = {EB0EC288-5597-4E07-8B5D-4428B8E3DB67}
	EndGlobalSection
EndGlobal
