Microsoft Visual Studio Solution File, Format Version 12.00
# Visual Studio Version 17
VisualStudioVersion = 17.10.35013.160
MinimumVisualStudioVersion = 10.0.40219.1
Project("{9A19103F-16F7-4668-BE54-9A1E7A4F7556}") = "FercecheleeyemdeLairfaiwheeha", "FercecheleeyemdeLairfaiwheeha\FercecheleeyemdeLairfaiwheeha.csproj", "{3023E385-6F2A-43B1-8538-024CAD2CCADB}"
EndProject
Project("{9A19103F-16F7-4668-BE54-9A1E7A4F7556}") = "FercecheleeyemdeLairfaiwheeha.Desktop", "FercecheleeyemdeLairfaiwheeha.Desktop\FercecheleeyemdeLairfaiwheeha.Desktop.csproj", "{B7E65F59-03F9-4514-8242-497D2528C835}"
EndProject
Global
	GlobalSection(ExtensibilityGlobals) = postSolution
		SolutionGuid = {A1C2961C-89E7-4346-AFCA-4AFFA53F6DC5}
	EndGlobalSection
	GlobalSection(ProjectConfigurationPlatforms) = postSolution
		{3023E385-6F2A-43B1-8538-024CAD2CCADB}.Debug|Any CPU.ActiveCfg = Debug|Any CPU
		{3023E385-6F2A-43B1-8538-024CAD2CCADB}.Debug|Any CPU.Build.0 = Debug|Any CPU
		{3023E385-6F2A-43B1-8538-024CAD2CCADB}.Release|Any CPU.ActiveCfg = Release|Any CPU
		{3023E385-6F2A-43B1-8538-024CAD2CCADB}.Release|Any CPU.Build.0 = Release|Any CPU
		{B7E65F59-03F9-4514-8242-497D2528C835}.Debug|Any CPU.ActiveCfg = Debug|Any CPU
		{B7E65F59-03F9-4514-8242-497D2528C835}.Debug|Any CPU.Build.0 = Debug|Any CPU
		{B7E65F59-03F9-4514-8242-497D2528C835}.Release|Any CPU.ActiveCfg = Release|Any CPU
		{B7E65F59-03F9-4514-8242-497D2528C835}.Release|Any CPU.Build.0 = Release|Any CPU
	EndGlobalSection
	GlobalSection(SolutionConfigurationPlatforms) = preSolution
		Debug|Any CPU = Debug|Any CPU
		Release|Any CPU = Release|Any CPU
	EndGlobalSection
	GlobalSection(SolutionProperties) = preSolution
		HideSolutionNode = FALSE
	EndGlobalSection
EndGlobal
