
Microsoft Visual Studio Solution File, Format Version 12.00
# Visual Studio Version 17
VisualStudioVersion = 17.0.32014.148
MinimumVisualStudioVersion = 10.0.40219.1
Project("{FAE04EC0-301F-11D3-BF4B-00C04F79EFBC}") = "JarlallharnuDabeenemjelfa", "JarlallharnuDabeenemjelfa\JarlallharnuDabeenemjelfa.csproj", "{3CC24EF1-ED52-4AD4-8E80-28313BE37C44}"
EndProject
Global
	GlobalSection(SolutionConfigurationPlatforms) = preSolution
		Debug|Any CPU = Debug|Any CPU
		Release|Any CPU = Release|Any CPU
	EndGlobalSection
	GlobalSection(ProjectConfigurationPlatforms) = postSolution
		{3CC24EF1-ED52-4AD4-8E80-28313BE37C44}.Debug|Any CPU.ActiveCfg = Debug|Any CPU
		{3CC24EF1-ED52-4AD4-8E80-28313BE37C44}.Debug|Any CPU.Build.0 = Debug|Any CPU
		{3CC24EF1-ED52-4AD4-8E80-28313BE37C44}.Release|Any CPU.ActiveCfg = Release|Any CPU
		{3CC24EF1-ED52-4AD4-8E80-28313BE37C44}.Release|Any CPU.Build.0 = Release|Any CPU
	EndGlobalSection
	GlobalSection(SolutionProperties) = preSolution
		HideSolutionNode = FALSE
	EndGlobalSection
	GlobalSection(ExtensibilityGlobals) = postSolution
		SolutionGuid = {3F4ACC8D-79A2-4CDB-9D5F-1A12B4239DE7}
	EndGlobalSection
EndGlobal
