
Microsoft Visual Studio Solution File, Format Version 12.00
# Visual Studio Version 16
VisualStudioVersion = 16.0.30804.86
MinimumVisualStudioVersion = 10.0.40219.1
Project("{9A19103F-16F7-4668-BE54-9A1E7A4F7556}") = "PptxDemo", "PptxDemo.csproj", "{EECACF19-213F-4FF5-9E21-49CE474706ED}"
EndProject
Global
	GlobalSection(SolutionConfigurationPlatforms) = preSolution
		Debug|Any CPU = Debug|Any CPU
		Release|Any CPU = Release|Any CPU
	EndGlobalSection
	GlobalSection(ProjectConfigurationPlatforms) = postSolution
		{EECACF19-213F-4FF5-9E21-49CE474706ED}.Debug|Any CPU.ActiveCfg = Debug|Any CPU
		{EECACF19-213F-4FF5-9E21-49CE474706ED}.Debug|Any CPU.Build.0 = Debug|Any CPU
		{EECACF19-213F-4FF5-9E21-49CE474706ED}.Release|Any CPU.ActiveCfg = Release|Any CPU
		{EECACF19-213F-4FF5-9E21-49CE474706ED}.Release|Any CPU.Build.0 = Release|Any CPU
	EndGlobalSection
	GlobalSection(SolutionProperties) = preSolution
		HideSolutionNode = FALSE
	EndGlobalSection
	GlobalSection(ExtensibilityGlobals) = postSolution
		SolutionGuid = {F1B029DB-78DD-42EA-95D2-20BC73CE486D}
	EndGlobalSection
EndGlobal
