
Microsoft Visual Studio Solution File, Format Version 12.00
# Visual Studio Version 17
VisualStudioVersion = 17.0.31903.59
MinimumVisualStudioVersion = 10.0.40219.1
Project("{FAE04EC0-301F-11D3-BF4B-00C04F79EFBC}") = "WhefallralajaHubeanerelair", "WhefallralajaHubeanerelair\WhefallralajaHubeanerelair.csproj", "{059ABE83-EA6C-4AD9-91BA-4758D474C5EA}"
EndProject
Global
	GlobalSection(SolutionConfigurationPlatforms) = preSolution
		Debug|Any CPU = Debug|Any CPU
		Release|Any CPU = Release|Any CPU
	EndGlobalSection
	GlobalSection(SolutionProperties) = preSolution
		HideSolutionNode = FALSE
	EndGlobalSection
	GlobalSection(ProjectConfigurationPlatforms) = postSolution
		{059ABE83-EA6C-4AD9-91BA-4758D474C5EA}.Debug|Any CPU.ActiveCfg = Debug|Any CPU
		{059ABE83-EA6C-4AD9-91BA-4758D474C5EA}.Debug|Any CPU.Build.0 = Debug|Any CPU
		{059ABE83-EA6C-4AD9-91BA-4758D474C5EA}.Release|Any CPU.ActiveCfg = Release|Any CPU
		{059ABE83-EA6C-4AD9-91BA-4758D474C5EA}.Release|Any CPU.Build.0 = Release|Any CPU
	EndGlobalSection
EndGlobal
