
Microsoft Visual Studio Solution File, Format Version 12.00
# Visual Studio Version 16
VisualStudioVersion = 16.0.30503.244
MinimumVisualStudioVersion = 10.0.40219.1
Project("{FAE04EC0-301F-11D3-BF4B-00C04F79EFBC}") = "dotnetCampus.FastFileLogger", "dotnetCampus.FastFileLogger\dotnetCampus.FastFileLogger.csproj", "{77EA8949-7D48-4CBB-B21C-18C21FE56F9D}"
EndProject
Global
	GlobalSection(SolutionConfigurationPlatforms) = preSolution
		Debug|Any CPU = Debug|Any CPU
		Release|Any CPU = Release|Any CPU
	EndGlobalSection
	GlobalSection(ProjectConfigurationPlatforms) = postSolution
		{77EA8949-7D48-4CBB-B21C-18C21FE56F9D}.Debug|Any CPU.ActiveCfg = Debug|Any CPU
		{77EA8949-7D48-4CBB-B21C-18C21FE56F9D}.Debug|Any CPU.Build.0 = Debug|Any CPU
		{77EA8949-7D48-4CBB-B21C-18C21FE56F9D}.Release|Any CPU.ActiveCfg = Release|Any CPU
		{77EA8949-7D48-4CBB-B21C-18C21FE56F9D}.Release|Any CPU.Build.0 = Release|Any CPU
	EndGlobalSection
	GlobalSection(SolutionProperties) = preSolution
		HideSolutionNode = FALSE
	EndGlobalSection
	GlobalSection(ExtensibilityGlobals) = postSolution
		SolutionGuid = {356CCFCB-E50C-4AAA-99B8-7C73AD86640D}
	EndGlobalSection
EndGlobal
