
Microsoft Visual Studio Solution File, Format Version 12.00
# Visual Studio Version 16
VisualStudioVersion = 16.0.29613.14
MinimumVisualStudioVersion = 10.0.40219.1
Project("{FAE04EC0-301F-11D3-BF4B-00C04F79EFBC}") = "ChuwheaweaharfelkalBelqearjurnawnere.UWP", "ChuwheaweaharfelkalBelqearjurnawnere\ChuwheaweaharfelkalBelqearjurnawnere.UWP\ChuwheaweaharfelkalBelqearjurnawnere.UWP.csproj", "{98053628-77EF-4ADB-8977-EAF5F86F5841}"
EndProject
Project("{FAE04EC0-301F-11D3-BF4B-00C04F79EFBC}") = "ChuwheaweaharfelkalBelqearjurnawnere.Android", "ChuwheaweaharfelkalBelqearjurnawnere\ChuwheaweaharfelkalBelqearjurnawnere.Android\ChuwheaweaharfelkalBelqearjurnawnere.Android.csproj", "{DF39BFEA-955D-46C7-B57F-48686E46FD0D}"
EndProject
Project("{FAE04EC0-301F-11D3-BF4B-00C04F79EFBC}") = "ChuwheaweaharfelkalBelqearjurnawnere.iOS", "ChuwheaweaharfelkalBelqearjurnawnere\ChuwheaweaharfelkalBelqearjurnawnere.iOS\ChuwheaweaharfelkalBelqearjurnawnere.iOS.csproj", "{D535AAED-E15B-4DAE-A889-D242BD7CB4CF}"
EndProject
Project("{FAE04EC0-301F-11D3-BF4B-00C04F79EFBC}") = "ChuwheaweaharfelkalBelqearjurnawnere", "ChuwheaweaharfelkalBelqearjurnawnere\ChuwheaweaharfelkalBelqearjurnawnere\ChuwheaweaharfelkalBelqearjurnawnere.csproj", "{9D63AA80-8C39-4C56-B6CC-A9D297B7DA26}"
EndProject
Global
	GlobalSection(SolutionConfigurationPlatforms) = preSolution
		Debug|Any CPU = Debug|Any CPU
		Debug|ARM = Debug|ARM
		Debug|iPhone = Debug|iPhone
		Debug|iPhoneSimulator = Debug|iPhoneSimulator
		Debug|x64 = Debug|x64
		Debug|x86 = Debug|x86
		Release|Any CPU = Release|Any CPU
		Release|ARM = Release|ARM
		Release|iPhone = Release|iPhone
		Release|iPhoneSimulator = Release|iPhoneSimulator
		Release|x64 = Release|x64
		Release|x86 = Release|x86
	EndGlobalSection
	GlobalSection(ProjectConfigurationPlatforms) = postSolution
		{98053628-77EF-4ADB-8977-EAF5F86F5841}.Debug|Any CPU.ActiveCfg = Debug|x86
		{98053628-77EF-4ADB-8977-EAF5F86F5841}.Debug|Any CPU.Build.0 = Debug|x86
		{98053628-77EF-4ADB-8977-EAF5F86F5841}.Debug|Any CPU.Deploy.0 = Debug|x86
		{98053628-77EF-4ADB-8977-EAF5F86F5841}.Debug|ARM.ActiveCfg = Debug|ARM
		{98053628-77EF-4ADB-8977-EAF5F86F5841}.Debug|ARM.Build.0 = Debug|ARM
		{98053628-77EF-4ADB-8977-EAF5F86F5841}.Debug|ARM.Deploy.0 = Debug|ARM
		{98053628-77EF-4ADB-8977-EAF5F86F5841}.Debug|iPhone.ActiveCfg = Debug|x86
		{98053628-77EF-4ADB-8977-EAF5F86F5841}.Debug|iPhone.Build.0 = Debug|x86
		{98053628-77EF-4ADB-8977-EAF5F86F5841}.Debug|iPhone.Deploy.0 = Debug|x86
		{98053628-77EF-4ADB-8977-EAF5F86F5841}.Debug|iPhoneSimulator.ActiveCfg = Debug|x86
		{98053628-77EF-4ADB-8977-EAF5F86F5841}.Debug|iPhoneSimulator.Build.0 = Debug|x86
		{98053628-77EF-4ADB-8977-EAF5F86F5841}.Debug|iPhoneSimulator.Deploy.0 = Debug|x86
		{98053628-77EF-4ADB-8977-EAF5F86F5841}.Debug|x64.ActiveCfg = Debug|x64
		{98053628-77EF-4ADB-8977-EAF5F86F5841}.Debug|x64.Build.0 = Debug|x64
		{98053628-77EF-4ADB-8977-EAF5F86F5841}.Debug|x64.Deploy.0 = Debug|x64
		{98053628-77EF-4ADB-8977-EAF5F86F5841}.Debug|x86.ActiveCfg = Debug|x86
		{98053628-77EF-4ADB-8977-EAF5F86F5841}.Debug|x86.Build.0 = Debug|x86
		{98053628-77EF-4ADB-8977-EAF5F86F5841}.Debug|x86.Deploy.0 = Debug|x86
		{98053628-77EF-4ADB-8977-EAF5F86F5841}.Release|Any CPU.ActiveCfg = Release|x86
		{98053628-77EF-4ADB-8977-EAF5F86F5841}.Release|Any CPU.Build.0 = Release|x86
		{98053628-77EF-4ADB-8977-EAF5F86F5841}.Release|Any CPU.Deploy.0 = Release|x86
		{98053628-77EF-4ADB-8977-EAF5F86F5841}.Release|ARM.ActiveCfg = Release|ARM
		{98053628-77EF-4ADB-8977-EAF5F86F5841}.Release|ARM.Build.0 = Release|ARM
		{98053628-77EF-4ADB-8977-EAF5F86F5841}.Release|ARM.Deploy.0 = Release|ARM
		{98053628-77EF-4ADB-8977-EAF5F86F5841}.Release|iPhone.ActiveCfg = Release|x86
		{98053628-77EF-4ADB-8977-EAF5F86F5841}.Release|iPhone.Build.0 = Release|x86
		{98053628-77EF-4ADB-8977-EAF5F86F5841}.Release|iPhone.Deploy.0 = Release|x86
		{98053628-77EF-4ADB-8977-EAF5F86F5841}.Release|iPhoneSimulator.ActiveCfg = Release|x86
		{98053628-77EF-4ADB-8977-EAF5F86F5841}.Release|iPhoneSimulator.Build.0 = Release|x86
		{98053628-77EF-4ADB-8977-EAF5F86F5841}.Release|iPhoneSimulator.Deploy.0 = Release|x86
		{98053628-77EF-4ADB-8977-EAF5F86F5841}.Release|x64.ActiveCfg = Release|x64
		{98053628-77EF-4ADB-8977-EAF5F86F5841}.Release|x64.Build.0 = Release|x64
		{98053628-77EF-4ADB-8977-EAF5F86F5841}.Release|x64.Deploy.0 = Release|x64
		{98053628-77EF-4ADB-8977-EAF5F86F5841}.Release|x86.ActiveCfg = Release|x86
		{98053628-77EF-4ADB-8977-EAF5F86F5841}.Release|x86.Build.0 = Release|x86
		{98053628-77EF-4ADB-8977-EAF5F86F5841}.Release|x86.Deploy.0 = Release|x86
		{DF39BFEA-955D-46C7-B57F-48686E46FD0D}.Debug|Any CPU.ActiveCfg = Debug|Any CPU
		{DF39BFEA-955D-46C7-B57F-48686E46FD0D}.Debug|Any CPU.Build.0 = Debug|Any CPU
		{DF39BFEA-955D-46C7-B57F-48686E46FD0D}.Debug|Any CPU.Deploy.0 = Debug|Any CPU
		{DF39BFEA-955D-46C7-B57F-48686E46FD0D}.Debug|ARM.ActiveCfg = Debug|Any CPU
		{DF39BFEA-955D-46C7-B57F-48686E46FD0D}.Debug|ARM.Build.0 = Debug|Any CPU
		{DF39BFEA-955D-46C7-B57F-48686E46FD0D}.Debug|ARM.Deploy.0 = Debug|Any CPU
		{DF39BFEA-955D-46C7-B57F-48686E46FD0D}.Debug|iPhone.ActiveCfg = Debug|Any CPU
		{DF39BFEA-955D-46C7-B57F-48686E46FD0D}.Debug|iPhone.Build.0 = Debug|Any CPU
		{DF39BFEA-955D-46C7-B57F-48686E46FD0D}.Debug|iPhone.Deploy.0 = Debug|Any CPU
		{DF39BFEA-955D-46C7-B57F-48686E46FD0D}.Debug|iPhoneSimulator.ActiveCfg = Debug|Any CPU
		{DF39BFEA-955D-46C7-B57F-48686E46FD0D}.Debug|iPhoneSimulator.Build.0 = Debug|Any CPU
		{DF39BFEA-955D-46C7-B57F-48686E46FD0D}.Debug|iPhoneSimulator.Deploy.0 = Debug|Any CPU
		{DF39BFEA-955D-46C7-B57F-48686E46FD0D}.Debug|x64.ActiveCfg = Debug|Any CPU
		{DF39BFEA-955D-46C7-B57F-48686E46FD0D}.Debug|x64.Build.0 = Debug|Any CPU
		{DF39BFEA-955D-46C7-B57F-48686E46FD0D}.Debug|x64.Deploy.0 = Debug|Any CPU
		{DF39BFEA-955D-46C7-B57F-48686E46FD0D}.Debug|x86.ActiveCfg = Debug|Any CPU
		{DF39BFEA-955D-46C7-B57F-48686E46FD0D}.Debug|x86.Build.0 = Debug|Any CPU
		{DF39BFEA-955D-46C7-B57F-48686E46FD0D}.Debug|x86.Deploy.0 = Debug|Any CPU
		{DF39BFEA-955D-46C7-B57F-48686E46FD0D}.Release|Any CPU.ActiveCfg = Release|Any CPU
		{DF39BFEA-955D-46C7-B57F-48686E46FD0D}.Release|Any CPU.Build.0 = Release|Any CPU
		{DF39BFEA-955D-46C7-B57F-48686E46FD0D}.Release|Any CPU.Deploy.0 = Release|Any CPU
		{DF39BFEA-955D-46C7-B57F-48686E46FD0D}.Release|ARM.ActiveCfg = Release|Any CPU
		{DF39BFEA-955D-46C7-B57F-48686E46FD0D}.Release|ARM.Build.0 = Release|Any CPU
		{DF39BFEA-955D-46C7-B57F-48686E46FD0D}.Release|ARM.Deploy.0 = Release|Any CPU
		{DF39BFEA-955D-46C7-B57F-48686E46FD0D}.Release|iPhone.ActiveCfg = Release|Any CPU
		{DF39BFEA-955D-46C7-B57F-48686E46FD0D}.Release|iPhone.Build.0 = Release|Any CPU
		{DF39BFEA-955D-46C7-B57F-48686E46FD0D}.Release|iPhone.Deploy.0 = Release|Any CPU
		{DF39BFEA-955D-46C7-B57F-48686E46FD0D}.Release|iPhoneSimulator.ActiveCfg = Release|Any CPU
		{DF39BFEA-955D-46C7-B57F-48686E46FD0D}.Release|iPhoneSimulator.Build.0 = Release|Any CPU
		{DF39BFEA-955D-46C7-B57F-48686E46FD0D}.Release|iPhoneSimulator.Deploy.0 = Release|Any CPU
		{DF39BFEA-955D-46C7-B57F-48686E46FD0D}.Release|x64.ActiveCfg = Release|Any CPU
		{DF39BFEA-955D-46C7-B57F-48686E46FD0D}.Release|x64.Build.0 = Release|Any CPU
		{DF39BFEA-955D-46C7-B57F-48686E46FD0D}.Release|x64.Deploy.0 = Release|Any CPU
		{DF39BFEA-955D-46C7-B57F-48686E46FD0D}.Release|x86.ActiveCfg = Release|Any CPU
		{DF39BFEA-955D-46C7-B57F-48686E46FD0D}.Release|x86.Build.0 = Release|Any CPU
		{DF39BFEA-955D-46C7-B57F-48686E46FD0D}.Release|x86.Deploy.0 = Release|Any CPU
		{D535AAED-E15B-4DAE-A889-D242BD7CB4CF}.Debug|Any CPU.ActiveCfg = Debug|iPhone
		{D535AAED-E15B-4DAE-A889-D242BD7CB4CF}.Debug|Any CPU.Build.0 = Debug|iPhone
		{D535AAED-E15B-4DAE-A889-D242BD7CB4CF}.Debug|Any CPU.Deploy.0 = Debug|iPhone
		{D535AAED-E15B-4DAE-A889-D242BD7CB4CF}.Debug|ARM.ActiveCfg = Debug|iPhoneSimulator
		{D535AAED-E15B-4DAE-A889-D242BD7CB4CF}.Debug|ARM.Build.0 = Debug|iPhoneSimulator
		{D535AAED-E15B-4DAE-A889-D242BD7CB4CF}.Debug|ARM.Deploy.0 = Debug|iPhoneSimulator
		{D535AAED-E15B-4DAE-A889-D242BD7CB4CF}.Debug|iPhone.ActiveCfg = Debug|iPhone
		{D535AAED-E15B-4DAE-A889-D242BD7CB4CF}.Debug|iPhone.Build.0 = Debug|iPhone
		{D535AAED-E15B-4DAE-A889-D242BD7CB4CF}.Debug|iPhone.Deploy.0 = Debug|iPhone
		{D535AAED-E15B-4DAE-A889-D242BD7CB4CF}.Debug|iPhoneSimulator.ActiveCfg = Debug|iPhoneSimulator
		{D535AAED-E15B-4DAE-A889-D242BD7CB4CF}.Debug|iPhoneSimulator.Build.0 = Debug|iPhoneSimulator
		{D535AAED-E15B-4DAE-A889-D242BD7CB4CF}.Debug|iPhoneSimulator.Deploy.0 = Debug|iPhoneSimulator
		{D535AAED-E15B-4DAE-A889-D242BD7CB4CF}.Debug|x64.ActiveCfg = Debug|iPhone
		{D535AAED-E15B-4DAE-A889-D242BD7CB4CF}.Debug|x64.Build.0 = Debug|iPhone
		{D535AAED-E15B-4DAE-A889-D242BD7CB4CF}.Debug|x64.Deploy.0 = Debug|iPhone
		{D535AAED-E15B-4DAE-A889-D242BD7CB4CF}.Debug|x86.ActiveCfg = Debug|iPhone
		{D535AAED-E15B-4DAE-A889-D242BD7CB4CF}.Debug|x86.Build.0 = Debug|iPhone
		{D535AAED-E15B-4DAE-A889-D242BD7CB4CF}.Debug|x86.Deploy.0 = Debug|iPhone
		{D535AAED-E15B-4DAE-A889-D242BD7CB4CF}.Release|Any CPU.ActiveCfg = Release|iPhone
		{D535AAED-E15B-4DAE-A889-D242BD7CB4CF}.Release|Any CPU.Build.0 = Release|iPhone
		{D535AAED-E15B-4DAE-A889-D242BD7CB4CF}.Release|Any CPU.Deploy.0 = Release|iPhone
		{D535AAED-E15B-4DAE-A889-D242BD7CB4CF}.Release|ARM.ActiveCfg = Release|iPhone
		{D535AAED-E15B-4DAE-A889-D242BD7CB4CF}.Release|ARM.Build.0 = Release|iPhone
		{D535AAED-E15B-4DAE-A889-D242BD7CB4CF}.Release|ARM.Deploy.0 = Release|iPhone
		{D535AAED-E15B-4DAE-A889-D242BD7CB4CF}.Release|iPhone.ActiveCfg = Release|iPhone
		{D535AAED-E15B-4DAE-A889-D242BD7CB4CF}.Release|iPhone.Build.0 = Release|iPhone
		{D535AAED-E15B-4DAE-A889-D242BD7CB4CF}.Release|iPhone.Deploy.0 = Release|iPhone
		{D535AAED-E15B-4DAE-A889-D242BD7CB4CF}.Release|iPhoneSimulator.ActiveCfg = Release|iPhoneSimulator
		{D535AAED-E15B-4DAE-A889-D242BD7CB4CF}.Release|iPhoneSimulator.Build.0 = Release|iPhoneSimulator
		{D535AAED-E15B-4DAE-A889-D242BD7CB4CF}.Release|iPhoneSimulator.Deploy.0 = Release|iPhoneSimulator
		{D535AAED-E15B-4DAE-A889-D242BD7CB4CF}.Release|x64.ActiveCfg = Release|iPhone
		{D535AAED-E15B-4DAE-A889-D242BD7CB4CF}.Release|x64.Build.0 = Release|iPhone
		{D535AAED-E15B-4DAE-A889-D242BD7CB4CF}.Release|x64.Deploy.0 = Release|iPhone
		{D535AAED-E15B-4DAE-A889-D242BD7CB4CF}.Release|x86.ActiveCfg = Release|iPhone
		{D535AAED-E15B-4DAE-A889-D242BD7CB4CF}.Release|x86.Build.0 = Release|iPhone
		{D535AAED-E15B-4DAE-A889-D242BD7CB4CF}.Release|x86.Deploy.0 = Release|iPhone
		{9D63AA80-8C39-4C56-B6CC-A9D297B7DA26}.Debug|Any CPU.ActiveCfg = Debug|Any CPU
		{9D63AA80-8C39-4C56-B6CC-A9D297B7DA26}.Debug|Any CPU.Build.0 = Debug|Any CPU
		{9D63AA80-8C39-4C56-B6CC-A9D297B7DA26}.Debug|Any CPU.Deploy.0 = Debug|Any CPU
		{9D63AA80-8C39-4C56-B6CC-A9D297B7DA26}.Debug|ARM.ActiveCfg = Debug|Any CPU
		{9D63AA80-8C39-4C56-B6CC-A9D297B7DA26}.Debug|ARM.Build.0 = Debug|Any CPU
		{9D63AA80-8C39-4C56-B6CC-A9D297B7DA26}.Debug|ARM.Deploy.0 = Debug|Any CPU
		{9D63AA80-8C39-4C56-B6CC-A9D297B7DA26}.Debug|iPhone.ActiveCfg = Debug|Any CPU
		{9D63AA80-8C39-4C56-B6CC-A9D297B7DA26}.Debug|iPhone.Build.0 = Debug|Any CPU
		{9D63AA80-8C39-4C56-B6CC-A9D297B7DA26}.Debug|iPhone.Deploy.0 = Debug|Any CPU
		{9D63AA80-8C39-4C56-B6CC-A9D297B7DA26}.Debug|iPhoneSimulator.ActiveCfg = Debug|Any CPU
		{9D63AA80-8C39-4C56-B6CC-A9D297B7DA26}.Debug|iPhoneSimulator.Build.0 = Debug|Any CPU
		{9D63AA80-8C39-4C56-B6CC-A9D297B7DA26}.Debug|iPhoneSimulator.Deploy.0 = Debug|Any CPU
		{9D63AA80-8C39-4C56-B6CC-A9D297B7DA26}.Debug|x64.ActiveCfg = Debug|Any CPU
		{9D63AA80-8C39-4C56-B6CC-A9D297B7DA26}.Debug|x64.Build.0 = Debug|Any CPU
		{9D63AA80-8C39-4C56-B6CC-A9D297B7DA26}.Debug|x64.Deploy.0 = Debug|Any CPU
		{9D63AA80-8C39-4C56-B6CC-A9D297B7DA26}.Debug|x86.ActiveCfg = Debug|Any CPU
		{9D63AA80-8C39-4C56-B6CC-A9D297B7DA26}.Debug|x86.Build.0 = Debug|Any CPU
		{9D63AA80-8C39-4C56-B6CC-A9D297B7DA26}.Debug|x86.Deploy.0 = Debug|Any CPU
		{9D63AA80-8C39-4C56-B6CC-A9D297B7DA26}.Release|Any CPU.ActiveCfg = Release|Any CPU
		{9D63AA80-8C39-4C56-B6CC-A9D297B7DA26}.Release|Any CPU.Build.0 = Release|Any CPU
		{9D63AA80-8C39-4C56-B6CC-A9D297B7DA26}.Release|Any CPU.Deploy.0 = Release|Any CPU
		{9D63AA80-8C39-4C56-B6CC-A9D297B7DA26}.Release|ARM.ActiveCfg = Release|Any CPU
		{9D63AA80-8C39-4C56-B6CC-A9D297B7DA26}.Release|ARM.Build.0 = Release|Any CPU
		{9D63AA80-8C39-4C56-B6CC-A9D297B7DA26}.Release|ARM.Deploy.0 = Release|Any CPU
		{9D63AA80-8C39-4C56-B6CC-A9D297B7DA26}.Release|iPhone.ActiveCfg = Release|Any CPU
		{9D63AA80-8C39-4C56-B6CC-A9D297B7DA26}.Release|iPhone.Build.0 = Release|Any CPU
		{9D63AA80-8C39-4C56-B6CC-A9D297B7DA26}.Release|iPhone.Deploy.0 = Release|Any CPU
		{9D63AA80-8C39-4C56-B6CC-A9D297B7DA26}.Release|iPhoneSimulator.ActiveCfg = Release|Any CPU
		{9D63AA80-8C39-4C56-B6CC-A9D297B7DA26}.Release|iPhoneSimulator.Build.0 = Release|Any CPU
		{9D63AA80-8C39-4C56-B6CC-A9D297B7DA26}.Release|iPhoneSimulator.Deploy.0 = Release|Any CPU
		{9D63AA80-8C39-4C56-B6CC-A9D297B7DA26}.Release|x64.ActiveCfg = Release|Any CPU
		{9D63AA80-8C39-4C56-B6CC-A9D297B7DA26}.Release|x64.Build.0 = Release|Any CPU
		{9D63AA80-8C39-4C56-B6CC-A9D297B7DA26}.Release|x64.Deploy.0 = Release|Any CPU
		{9D63AA80-8C39-4C56-B6CC-A9D297B7DA26}.Release|x86.ActiveCfg = Release|Any CPU
		{9D63AA80-8C39-4C56-B6CC-A9D297B7DA26}.Release|x86.Build.0 = Release|Any CPU
		{9D63AA80-8C39-4C56-B6CC-A9D297B7DA26}.Release|x86.Deploy.0 = Release|Any CPU
	EndGlobalSection
	GlobalSection(SolutionProperties) = preSolution
		HideSolutionNode = FALSE
	EndGlobalSection
	GlobalSection(ExtensibilityGlobals) = postSolution
		SolutionGuid = {8FEADA18-C97C-486A-85F8-B92CC046B4A6}
	EndGlobalSection
EndGlobal
