
Microsoft Visual Studio Solution File, Format Version 12.00
# Visual Studio Version 16
VisualStudioVersion = 16.0.29102.190
MinimumVisualStudioVersion = 10.0.40219.1
Project("{FAE04EC0-301F-11D3-BF4B-00C04F79EFBC}") = "GitCommand", "GitCommand\GitCommand.csproj", "{AFBDDC30-F572-447A-8EE0-666D39339EA3}"
EndProject
Global
	GlobalSection(SolutionConfigurationPlatforms) = preSolution
		Debug|Any CPU = Debug|Any CPU
		Release|Any CPU = Release|Any CPU
	EndGlobalSection
	GlobalSection(ProjectConfigurationPlatforms) = postSolution
		{AFBDDC30-F572-447A-8EE0-666D39339EA3}.Debug|Any CPU.ActiveCfg = Debug|Any CPU
		{AFBDDC30-F572-447A-8EE0-666D39339EA3}.Debug|Any CPU.Build.0 = Debug|Any CPU
		{AFBDDC30-F572-447A-8EE0-666D39339EA3}.Release|Any CPU.ActiveCfg = Release|Any CPU
		{AFBDDC30-F572-447A-8EE0-666D39339EA3}.Release|Any CPU.Build.0 = Release|Any CPU
	EndGlobalSection
	GlobalSection(SolutionProperties) = preSolution
		HideSolutionNode = FALSE
	EndGlobalSection
	GlobalSection(ExtensibilityGlobals) = postSolution
		SolutionGuid = {D3C212F0-FC2B-416A-9068-28EA0FB7228C}
	EndGlobalSection
EndGlobal
