
Microsoft Visual Studio Solution File, Format Version 12.00
# Visual Studio Version 16
VisualStudioVersion = 16.0.30104.148
MinimumVisualStudioVersion = 10.0.40219.1
Project("{FAE04EC0-301F-11D3-BF4B-00C04F79EFBC}") = "QearhikechajelreeKukudajofe", "QearhikechajelreeKukudajofe\QearhikechajelreeKukudajofe.csproj", "{C697FF55-563A-405A-9022-853674B715DB}"
EndProject
Global
	GlobalSection(SolutionConfigurationPlatforms) = preSolution
		Debug|Any CPU = Debug|Any CPU
		Release|Any CPU = Release|Any CPU
	EndGlobalSection
	GlobalSection(ProjectConfigurationPlatforms) = postSolution
		{C697FF55-563A-405A-9022-853674B715DB}.Debug|Any CPU.ActiveCfg = Debug|Any CPU
		{C697FF55-563A-405A-9022-853674B715DB}.Debug|Any CPU.Build.0 = Debug|Any CPU
		{C697FF55-563A-405A-9022-853674B715DB}.Release|Any CPU.ActiveCfg = Release|Any CPU
		{C697FF55-563A-405A-9022-853674B715DB}.Release|Any CPU.Build.0 = Release|Any CPU
	EndGlobalSection
	GlobalSection(SolutionProperties) = preSolution
		HideSolutionNode = FALSE
	EndGlobalSection
	GlobalSection(ExtensibilityGlobals) = postSolution
		SolutionGuid = {A5B84BF3-78F9-4F4B-A7E9-2CB74E3FAE15}
	EndGlobalSection
EndGlobal
