
Microsoft Visual Studio Solution File, Format Version 12.00
# Visual Studio Version 17
VisualStudioVersion = 17.14.36603.0
MinimumVisualStudioVersion = 10.0.40219.1
Project("{FAE04EC0-301F-11D3-BF4B-00C04F79EFBC}") = "HarfbuzzAvaloniaApplication", "HarfbuzzAvaloniaApplication.csproj", "{AA2BC6DD-73AC-72EE-501D-988BE49FF491}"
EndProject
Project("{FAE04EC0-301F-11D3-BF4B-00C04F79EFBC}") = "HarfbuzzAvaloniaApplication.Desktop", "..\HarfbuzzAvaloniaApplication.Desktop\HarfbuzzAvaloniaApplication.Desktop.csproj", "{A1C15C10-67B1-2C2E-1A41-40DAEE02280B}"
EndProject
Global
	GlobalSection(SolutionConfigurationPlatforms) = preSolution
		Debug|Any CPU = Debug|Any CPU
		Release|Any CPU = Release|Any CPU
	EndGlobalSection
	GlobalSection(ProjectConfigurationPlatforms) = postSolution
		{AA2BC6DD-73AC-72EE-501D-988BE49FF491}.Debug|Any CPU.ActiveCfg = Debug|Any CPU
		{AA2BC6DD-73AC-72EE-501D-988BE49FF491}.Debug|Any CPU.Build.0 = Debug|Any CPU
		{AA2BC6DD-73AC-72EE-501D-988BE49FF491}.Release|Any CPU.ActiveCfg = Release|Any CPU
		{AA2BC6DD-73AC-72EE-501D-988BE49FF491}.Release|Any CPU.Build.0 = Release|Any CPU
		{A1C15C10-67B1-2C2E-1A41-40DAEE02280B}.Debug|Any CPU.ActiveCfg = Debug|Any CPU
		{A1C15C10-67B1-2C2E-1A41-40DAEE02280B}.Debug|Any CPU.Build.0 = Debug|Any CPU
		{A1C15C10-67B1-2C2E-1A41-40DAEE02280B}.Release|Any CPU.ActiveCfg = Release|Any CPU
		{A1C15C10-67B1-2C2E-1A41-40DAEE02280B}.Release|Any CPU.Build.0 = Release|Any CPU
	EndGlobalSection
	GlobalSection(SolutionProperties) = preSolution
		HideSolutionNode = FALSE
	EndGlobalSection
	GlobalSection(ExtensibilityGlobals) = postSolution
		SolutionGuid = {250B8272-D6EA-4695-B6AC-AFA937B7049A}
	EndGlobalSection
EndGlobal
