
Microsoft Visual Studio Solution File, Format Version 12.00
# Visual Studio Version 16
VisualStudioVersion = 16.0.28714.193
MinimumVisualStudioVersion = 10.0.40219.1
Project("{FAE04EC0-301F-11D3-BF4B-00C04F79EFBC}") = "KawhemdajeWemjebulear", "KawhemdajeWemjebulear\KawhemdajeWemjebulear.csproj", "{ABD5BE61-EA1D-4330-AFC2-C21B3D99A220}"
EndProject
Global
	GlobalSection(SolutionConfigurationPlatforms) = preSolution
		Debug|Any CPU = Debug|Any CPU
		Release|Any CPU = Release|Any CPU
	EndGlobalSection
	GlobalSection(ProjectConfigurationPlatforms) = postSolution
		{ABD5BE61-EA1D-4330-AFC2-C21B3D99A220}.Debug|Any CPU.ActiveCfg = Debug|Any CPU
		{ABD5BE61-EA1D-4330-AFC2-C21B3D99A220}.Debug|Any CPU.Build.0 = Debug|Any CPU
		{ABD5BE61-EA1D-4330-AFC2-C21B3D99A220}.Release|Any CPU.ActiveCfg = Release|Any CPU
		{ABD5BE61-EA1D-4330-AFC2-C21B3D99A220}.Release|Any CPU.Build.0 = Release|Any CPU
	EndGlobalSection
	GlobalSection(SolutionProperties) = preSolution
		HideSolutionNode = FALSE
	EndGlobalSection
	GlobalSection(ExtensibilityGlobals) = postSolution
		SolutionGuid = {DD920CB1-209F-4D55-A9A8-28220A73247D}
	EndGlobalSection
EndGlobal
