
Microsoft Visual Studio Solution File, Format Version 12.00
# Visual Studio Version 16
VisualStudioVersion = 16.0.30717.126
MinimumVisualStudioVersion = 10.0.40219.1
Project("{FAE04EC0-301F-11D3-BF4B-00C04F79EFBC}") = "JelairjalfarGuweqefaw", "JelairjalfarGuweqefaw\JelairjalfarGuweqefaw.csproj", "{C2460585-9932-4A70-9C26-1B11F18F53B7}"
EndProject
Global
	GlobalSection(SolutionConfigurationPlatforms) = preSolution
		Debug|Any CPU = Debug|Any CPU
		Release|Any CPU = Release|Any CPU
	EndGlobalSection
	GlobalSection(ProjectConfigurationPlatforms) = postSolution
		{C2460585-9932-4A70-9C26-1B11F18F53B7}.Debug|Any CPU.ActiveCfg = Debug|Any CPU
		{C2460585-9932-4A70-9C26-1B11F18F53B7}.Debug|Any CPU.Build.0 = Debug|Any CPU
		{C2460585-9932-4A70-9C26-1B11F18F53B7}.Release|Any CPU.ActiveCfg = Release|Any CPU
		{C2460585-9932-4A70-9C26-1B11F18F53B7}.Release|Any CPU.Build.0 = Release|Any CPU
	EndGlobalSection
	GlobalSection(SolutionProperties) = preSolution
		HideSolutionNode = FALSE
	EndGlobalSection
	GlobalSection(ExtensibilityGlobals) = postSolution
		SolutionGuid = {5B8995C0-E9F7-4B04-9572-21DE36DC7002}
	EndGlobalSection
EndGlobal
