
Microsoft Visual Studio Solution File, Format Version 12.00
# Visual Studio Version 17
VisualStudioVersion = 17.6.33829.357
MinimumVisualStudioVersion = 10.0.40219.1
Project("{FAE04EC0-301F-11D3-BF4B-00C04F79EFBC}") = "QewelechairWhegalnarlaywhe", "QewelechairWhegalnarlaywhe\QewelechairWhegalnarlaywhe.csproj", "{B9E74702-DA4E-4CD1-BEDB-E863EC367E72}"
EndProject
Project("{FAE04EC0-301F-11D3-BF4B-00C04F79EFBC}") = "QewelechairWhegalnarlaywhe.Analyzer", "QewelechairWhegalnarlaywhe.Analyzer\QewelechairWhegalnarlaywhe.Analyzer.csproj", "{513A9EC2-CB7F-4C37-90EC-E1ABFD5011B2}"
EndProject
Global
	GlobalSection(SolutionConfigurationPlatforms) = preSolution
		Debug|Any CPU = Debug|Any CPU
		Release|Any CPU = Release|Any CPU
	EndGlobalSection
	GlobalSection(ProjectConfigurationPlatforms) = postSolution
		{B9E74702-DA4E-4CD1-BEDB-E863EC367E72}.Debug|Any CPU.ActiveCfg = Debug|Any CPU
		{B9E74702-DA4E-4CD1-BEDB-E863EC367E72}.Debug|Any CPU.Build.0 = Debug|Any CPU
		{B9E74702-DA4E-4CD1-BEDB-E863EC367E72}.Release|Any CPU.ActiveCfg = Release|Any CPU
		{B9E74702-DA4E-4CD1-BEDB-E863EC367E72}.Release|Any CPU.Build.0 = Release|Any CPU
		{513A9EC2-CB7F-4C37-90EC-E1ABFD5011B2}.Debug|Any CPU.ActiveCfg = Debug|Any CPU
		{513A9EC2-CB7F-4C37-90EC-E1ABFD5011B2}.Debug|Any CPU.Build.0 = Debug|Any CPU
		{513A9EC2-CB7F-4C37-90EC-E1ABFD5011B2}.Release|Any CPU.ActiveCfg = Release|Any CPU
		{513A9EC2-CB7F-4C37-90EC-E1ABFD5011B2}.Release|Any CPU.Build.0 = Release|Any CPU
	EndGlobalSection
	GlobalSection(SolutionProperties) = preSolution
		HideSolutionNode = FALSE
	EndGlobalSection
	GlobalSection(ExtensibilityGlobals) = postSolution
		SolutionGuid = {47D993B0-8EED-41C9-B893-657508873EB9}
	EndGlobalSection
EndGlobal
