<Solution>
  <Project Path="../../../SemanticKernelLib/SemanticKernelSamples/VideoComposer/VideoComposerLib/VideoComposerLib.csproj" />
  <Project Path="../../../SemanticKernelLib/SemanticKernelSamples/VolcEngineSdk/VolcEngineSdk/VolcEngineSdk.csproj" />
  <Project Path="JawjeleceeYairlubelhearrene.csproj" />
</Solution>
