
Microsoft Visual Studio Solution File, Format Version 12.00
# Visual Studio Version 17
VisualStudioVersion = 17.7.34221.43
MinimumVisualStudioVersion = 10.0.40219.1
Project("{FAE04EC0-301F-11D3-BF4B-00C04F79EFBC}") = "FaydeenereqelnairderlaHuwicagall", "FaydeenereqelnairderlaHuwicagall\FaydeenereqelnairderlaHuwicagall.csproj", "{511AB265-1B03-4AC9-929D-56EBE7629731}"
EndProject
Global
	GlobalSection(SolutionConfigurationPlatforms) = preSolution
		Debug|Any CPU = Debug|Any CPU
		Release|Any CPU = Release|Any CPU
	EndGlobalSection
	GlobalSection(ProjectConfigurationPlatforms) = postSolution
		{511AB265-1B03-4AC9-929D-56EBE7629731}.Debug|Any CPU.ActiveCfg = Debug|Any CPU
		{511AB265-1B03-4AC9-929D-56EBE7629731}.Debug|Any CPU.Build.0 = Debug|Any CPU
		{511AB265-1B03-4AC9-929D-56EBE7629731}.Release|Any CPU.ActiveCfg = Release|Any CPU
		{511AB265-1B03-4AC9-929D-56EBE7629731}.Release|Any CPU.Build.0 = Release|Any CPU
	EndGlobalSection
	GlobalSection(SolutionProperties) = preSolution
		HideSolutionNode = FALSE
	EndGlobalSection
	GlobalSection(ExtensibilityGlobals) = postSolution
		SolutionGuid = {D167A6C1-BC77-45AC-BBCE-1DD0EFDE1F5A}
	EndGlobalSection
EndGlobal
