
Microsoft Visual Studio Solution File, Format Version 12.00
# Visual Studio Version 17
VisualStudioVersion = 17.3.32901.215
MinimumVisualStudioVersion = 10.0.40219.1
Project("{FAE04EC0-301F-11D3-BF4B-00C04F79EFBC}") = "HurcadahejaiYawhekurji", "HurcadahejaiYawhekurji\HurcadahejaiYawhekurji.csproj", "{17A9C327-A823-49A6-AB3D-1C2C3DCFC930}"
EndProject
Global
	GlobalSection(SolutionConfigurationPlatforms) = preSolution
		Debug|Any CPU = Debug|Any CPU
		Release|Any CPU = Release|Any CPU
	EndGlobalSection
	GlobalSection(ProjectConfigurationPlatforms) = postSolution
		{17A9C327-A823-49A6-AB3D-1C2C3DCFC930}.Debug|Any CPU.ActiveCfg = Debug|Any CPU
		{17A9C327-A823-49A6-AB3D-1C2C3DCFC930}.Debug|Any CPU.Build.0 = Debug|Any CPU
		{17A9C327-A823-49A6-AB3D-1C2C3DCFC930}.Release|Any CPU.ActiveCfg = Release|Any CPU
		{17A9C327-A823-49A6-AB3D-1C2C3DCFC930}.Release|Any CPU.Build.0 = Release|Any CPU
	EndGlobalSection
	GlobalSection(SolutionProperties) = preSolution
		HideSolutionNode = FALSE
	EndGlobalSection
	GlobalSection(ExtensibilityGlobals) = postSolution
		SolutionGuid = {BAA672D9-35AA-4547-B0CD-8182C9C9B737}
	EndGlobalSection
EndGlobal
