
Microsoft Visual Studio Solution File, Format Version 12.00
# Visual Studio Version 16
VisualStudioVersion = 16.0.30717.126
MinimumVisualStudioVersion = 10.0.40219.1
Project("{FAE04EC0-301F-11D3-BF4B-00C04F79EFBC}") = "KemkicemdurFemceloja", "KemkicemdurFemceloja\KemkicemdurFemceloja.csproj", "{0A1288D2-B793-42E1-84BC-F8D008E997ED}"
EndProject
Global
	GlobalSection(SolutionConfigurationPlatforms) = preSolution
		Debug|Any CPU = Debug|Any CPU
		Release|Any CPU = Release|Any CPU
	EndGlobalSection
	GlobalSection(ProjectConfigurationPlatforms) = postSolution
		{0A1288D2-B793-42E1-84BC-F8D008E997ED}.Debug|Any CPU.ActiveCfg = Debug|Any CPU
		{0A1288D2-B793-42E1-84BC-F8D008E997ED}.Debug|Any CPU.Build.0 = Debug|Any CPU
		{0A1288D2-B793-42E1-84BC-F8D008E997ED}.Release|Any CPU.ActiveCfg = Release|Any CPU
		{0A1288D2-B793-42E1-84BC-F8D008E997ED}.Release|Any CPU.Build.0 = Release|Any CPU
	EndGlobalSection
	GlobalSection(SolutionProperties) = preSolution
		HideSolutionNode = FALSE
	EndGlobalSection
	GlobalSection(ExtensibilityGlobals) = postSolution
		SolutionGuid = {3EC7E062-573C-43EC-A242-1824ADC04749}
	EndGlobalSection
EndGlobal
