
Microsoft Visual Studio Solution File, Format Version 12.00
# Visual Studio Version 16
VisualStudioVersion = 16.0.31129.286
MinimumVisualStudioVersion = 10.0.40219.1
Project("{FAE04EC0-301F-11D3-BF4B-00C04F79EFBC}") = "BitmapSourceTest", "BitmapSourceTest.csproj", "{CC603F9C-E14A-4092-A9DC-BFB53DC43000}"
EndProject
Global
	GlobalSection(SolutionConfigurationPlatforms) = preSolution
		Debug|Any CPU = Debug|Any CPU
		Release|Any CPU = Release|Any CPU
	EndGlobalSection
	GlobalSection(ProjectConfigurationPlatforms) = postSolution
		{CC603F9C-E14A-4092-A9DC-BFB53DC43000}.Debug|Any CPU.ActiveCfg = Debug|Any CPU
		{CC603F9C-E14A-4092-A9DC-BFB53DC43000}.Debug|Any CPU.Build.0 = Debug|Any CPU
		{CC603F9C-E14A-4092-A9DC-BFB53DC43000}.Release|Any CPU.ActiveCfg = Release|Any CPU
		{CC603F9C-E14A-4092-A9DC-BFB53DC43000}.Release|Any CPU.Build.0 = Release|Any CPU
	EndGlobalSection
	GlobalSection(SolutionProperties) = preSolution
		HideSolutionNode = FALSE
	EndGlobalSection
	GlobalSection(ExtensibilityGlobals) = postSolution
		SolutionGuid = {01438D80-B225-488D-8C81-676730A4EF67}
	EndGlobalSection
EndGlobal
