
Microsoft Visual Studio Solution File, Format Version 12.00
# Visual Studio Version 17
VisualStudioVersion = 17.4.33403.182
MinimumVisualStudioVersion = 10.0.40219.1
Project("{FAE04EC0-301F-11D3-BF4B-00C04F79EFBC}") = "NeedeanarkawFudarkalwi", "NeedeanarkawFudarkalwi\NeedeanarkawFudarkalwi.csproj", "{F711FB72-386A-41D7-9247-90F0A48C846D}"
EndProject
Global
	GlobalSection(SolutionConfigurationPlatforms) = preSolution
		Debug|Any CPU = Debug|Any CPU
		Release|Any CPU = Release|Any CPU
	EndGlobalSection
	GlobalSection(ProjectConfigurationPlatforms) = postSolution
		{F711FB72-386A-41D7-9247-90F0A48C846D}.Debug|Any CPU.ActiveCfg = Debug|Any CPU
		{F711FB72-386A-41D7-9247-90F0A48C846D}.Debug|Any CPU.Build.0 = Debug|Any CPU
		{F711FB72-386A-41D7-9247-90F0A48C846D}.Release|Any CPU.ActiveCfg = Release|Any CPU
		{F711FB72-386A-41D7-9247-90F0A48C846D}.Release|Any CPU.Build.0 = Release|Any CPU
	EndGlobalSection
	GlobalSection(SolutionProperties) = preSolution
		HideSolutionNode = FALSE
	EndGlobalSection
	GlobalSection(ExtensibilityGlobals) = postSolution
		SolutionGuid = {B74D72AA-7B6F-4A87-AB43-4C4FB020B839}
	EndGlobalSection
EndGlobal
