
Microsoft Visual Studio Solution File, Format Version 12.00
# Visual Studio Version 16
VisualStudioVersion = 16.0.29613.14
MinimumVisualStudioVersion = 10.0.40219.1
Project("{FAE04EC0-301F-11D3-BF4B-00C04F79EFBC}") = "LocakukaircidereKawurjearu", "LocakukaircidereKawurjearu\LocakukaircidereKawurjearu.csproj", "{57E9065F-061F-4A6F-A7D7-11FE982BE4A1}"
EndProject
Global
	GlobalSection(SolutionConfigurationPlatforms) = preSolution
		Debug|Any CPU = Debug|Any CPU
		Release|Any CPU = Release|Any CPU
	EndGlobalSection
	GlobalSection(ProjectConfigurationPlatforms) = postSolution
		{57E9065F-061F-4A6F-A7D7-11FE982BE4A1}.Debug|Any CPU.ActiveCfg = Debug|Any CPU
		{57E9065F-061F-4A6F-A7D7-11FE982BE4A1}.Debug|Any CPU.Build.0 = Debug|Any CPU
		{57E9065F-061F-4A6F-A7D7-11FE982BE4A1}.Release|Any CPU.ActiveCfg = Release|Any CPU
		{57E9065F-061F-4A6F-A7D7-11FE982BE4A1}.Release|Any CPU.Build.0 = Release|Any CPU
	EndGlobalSection
	GlobalSection(SolutionProperties) = preSolution
		HideSolutionNode = FALSE
	EndGlobalSection
	GlobalSection(ExtensibilityGlobals) = postSolution
		SolutionGuid = {60C65209-08F0-4F85-8413-56DA30458305}
	EndGlobalSection
EndGlobal
