
Microsoft Visual Studio Solution File, Format Version 12.00
# Visual Studio Version 16
VisualStudioVersion = 16.0.29215.179
MinimumVisualStudioVersion = 10.0.40219.1
Project("{FAE04EC0-301F-11D3-BF4B-00C04F79EFBC}") = "Gaaweeealjrdwrebiny", "Gaaweeealjrdwrebiny\Gaaweeealjrdwrebiny.csproj", "{B8B415AD-D2BB-4651-AEC0-3A3FDCE13202}"
EndProject
Global
	GlobalSection(SolutionConfigurationPlatforms) = preSolution
		Debug|Any CPU = Debug|Any CPU
		Release|Any CPU = Release|Any CPU
	EndGlobalSection
	GlobalSection(ProjectConfigurationPlatforms) = postSolution
		{B8B415AD-D2BB-4651-AEC0-3A3FDCE13202}.Debug|Any CPU.ActiveCfg = Debug|Any CPU
		{B8B415AD-D2BB-4651-AEC0-3A3FDCE13202}.Debug|Any CPU.Build.0 = Debug|Any CPU
		{B8B415AD-D2BB-4651-AEC0-3A3FDCE13202}.Release|Any CPU.ActiveCfg = Release|Any CPU
		{B8B415AD-D2BB-4651-AEC0-3A3FDCE13202}.Release|Any CPU.Build.0 = Release|Any CPU
	EndGlobalSection
	GlobalSection(SolutionProperties) = preSolution
		HideSolutionNode = FALSE
	EndGlobalSection
	GlobalSection(ExtensibilityGlobals) = postSolution
		SolutionGuid = {13B34F9D-D125-45CF-B780-FE0BD3A6D6C3}
	EndGlobalSection
EndGlobal
