
Microsoft Visual Studio Solution File, Format Version 12.00
# Visual Studio Version 17
VisualStudioVersion = 17.3.32901.215
MinimumVisualStudioVersion = 10.0.40219.1
Project("{FAE04EC0-301F-11D3-BF4B-00C04F79EFBC}") = "HineakemnerFeceqerhai", "HineakemnerFeceqerhai\HineakemnerFeceqerhai.csproj", "{C35A6A8D-80A5-4985-A5E4-90F31F38296D}"
EndProject
Global
	GlobalSection(SolutionConfigurationPlatforms) = preSolution
		Debug|Any CPU = Debug|Any CPU
		Release|Any CPU = Release|Any CPU
	EndGlobalSection
	GlobalSection(ProjectConfigurationPlatforms) = postSolution
		{C35A6A8D-80A5-4985-A5E4-90F31F38296D}.Debug|Any CPU.ActiveCfg = Debug|Any CPU
		{C35A6A8D-80A5-4985-A5E4-90F31F38296D}.Debug|Any CPU.Build.0 = Debug|Any CPU
		{C35A6A8D-80A5-4985-A5E4-90F31F38296D}.Release|Any CPU.ActiveCfg = Release|Any CPU
		{C35A6A8D-80A5-4985-A5E4-90F31F38296D}.Release|Any CPU.Build.0 = Release|Any CPU
	EndGlobalSection
	GlobalSection(SolutionProperties) = preSolution
		HideSolutionNode = FALSE
	EndGlobalSection
	GlobalSection(ExtensibilityGlobals) = postSolution
		SolutionGuid = {1BD07E31-C2F1-4220-912C-DB2D8BB6C1F9}
	EndGlobalSection
EndGlobal
