Microsoft Visual Studio Solution File, Format Version 12.00
# Visual Studio Version 17
VisualStudioVersion = 17.10.35013.160
MinimumVisualStudioVersion = 10.0.40219.1
Project("{9A19103F-16F7-4668-BE54-9A1E7A4F7556}") = "QalayjideaChaburfokawha", "QalayjideaChaburfokawha\QalayjideaChaburfokawha.csproj", "{6AC40CAA-8B6A-4FA5-8EB9-4669113856DF}"
EndProject
Project("{9A19103F-16F7-4668-BE54-9A1E7A4F7556}") = "QalayjideaChaburfokawha.Desktop", "QalayjideaChaburfokawha.Desktop\QalayjideaChaburfokawha.Desktop.csproj", "{74AFD8F4-8064-47F2-8B3F-5045FB48E874}"
EndProject
Global
	GlobalSection(ExtensibilityGlobals) = postSolution
		SolutionGuid = {83A01FAF-A14B-41E5-97AA-F30C4EAC1346}
	EndGlobalSection
	GlobalSection(ProjectConfigurationPlatforms) = postSolution
		{6AC40CAA-8B6A-4FA5-8EB9-4669113856DF}.Debug|Any CPU.ActiveCfg = Debug|Any CPU
		{6AC40CAA-8B6A-4FA5-8EB9-4669113856DF}.Debug|Any CPU.Build.0 = Debug|Any CPU
		{6AC40CAA-8B6A-4FA5-8EB9-4669113856DF}.Release|Any CPU.ActiveCfg = Release|Any CPU
		{6AC40CAA-8B6A-4FA5-8EB9-4669113856DF}.Release|Any CPU.Build.0 = Release|Any CPU
		{74AFD8F4-8064-47F2-8B3F-5045FB48E874}.Debug|Any CPU.ActiveCfg = Debug|Any CPU
		{74AFD8F4-8064-47F2-8B3F-5045FB48E874}.Debug|Any CPU.Build.0 = Debug|Any CPU
		{74AFD8F4-8064-47F2-8B3F-5045FB48E874}.Release|Any CPU.ActiveCfg = Release|Any CPU
		{74AFD8F4-8064-47F2-8B3F-5045FB48E874}.Release|Any CPU.Build.0 = Release|Any CPU
	EndGlobalSection
	GlobalSection(SolutionConfigurationPlatforms) = preSolution
		Debug|Any CPU = Debug|Any CPU
		Release|Any CPU = Release|Any CPU
	EndGlobalSection
	GlobalSection(SolutionProperties) = preSolution
		HideSolutionNode = FALSE
	EndGlobalSection
EndGlobal
