
Microsoft Visual Studio Solution File, Format Version 12.00
# Visual Studio Version 16
VisualStudioVersion = 16.0.30413.136
MinimumVisualStudioVersion = 10.0.40219.1
Project("{D954291E-2A0B-460D-934E-DC6B0785DB48}") = "Tool.Shared", "Tool\Tool.Shared\Tool.Shared.shproj", "{6279C845-92F8-4333-AB99-3D213163593C}"
EndProject
Project("{FAE04EC0-301F-11D3-BF4B-00C04F79EFBC}") = "Tool.Droid", "Tool\Tool.Droid\Tool.Droid.csproj", "{D7B01312-DE3D-468E-81C4-CC30E0AAE185}"
EndProject
Project("{FAE04EC0-301F-11D3-BF4B-00C04F79EFBC}") = "Tool.iOS", "Tool\Tool.iOS\Tool.iOS.csproj", "{7A324958-F6CD-49CC-B1D7-587588A173DB}"
EndProject
Project("{FAE04EC0-301F-11D3-BF4B-00C04F79EFBC}") = "Tool.UWP", "Tool\Tool.UWP\Tool.UWP.csproj", "{652AE6C8-86AB-4D0D-9334-685942281D84}"
EndProject
Project("{FAE04EC0-301F-11D3-BF4B-00C04F79EFBC}") = "Tool.Wasm", "Tool\Tool.Wasm\Tool.Wasm.csproj", "{CE87C431-B576-40A0-B7FD-D5F2FA318AB9}"
EndProject
Project("{FAE04EC0-301F-11D3-BF4B-00C04F79EFBC}") = "Tool.macOS", "Tool\Tool.macOS\Tool.macOS.csproj", "{1F837B9C-6713-4BDB-A9AF-BA4E16469B32}"
EndProject
Global
	GlobalSection(SharedMSBuildProjectFiles) = preSolution
		Tool\Tool.Shared\Tool.Shared.projitems*{1f837b9c-6713-4bdb-a9af-ba4e16469b32}*SharedItemsImports = 4
		Tool\Tool.Shared\Tool.Shared.projitems*{6279c845-92f8-4333-ab99-3d213163593c}*SharedItemsImports = 13
		Tool\Tool.Shared\Tool.Shared.projitems*{7a324958-f6cd-49cc-b1d7-587588a173db}*SharedItemsImports = 4
		Tool\Tool.Shared\Tool.Shared.projitems*{ce87c431-b576-40a0-b7fd-d5f2fa318ab9}*SharedItemsImports = 5
		Tool\Tool.Shared\Tool.Shared.projitems*{d7b01312-de3d-468e-81c4-cc30e0aae185}*SharedItemsImports = 4
	EndGlobalSection
	GlobalSection(SolutionConfigurationPlatforms) = preSolution
		Ad-Hoc|Any CPU = Ad-Hoc|Any CPU
		Ad-Hoc|ARM = Ad-Hoc|ARM
		Ad-Hoc|ARM64 = Ad-Hoc|ARM64
		Ad-Hoc|iPhone = Ad-Hoc|iPhone
		Ad-Hoc|iPhoneSimulator = Ad-Hoc|iPhoneSimulator
		Ad-Hoc|x64 = Ad-Hoc|x64
		Ad-Hoc|x86 = Ad-Hoc|x86
		AppStore|Any CPU = AppStore|Any CPU
		AppStore|ARM = AppStore|ARM
		AppStore|ARM64 = AppStore|ARM64
		AppStore|iPhone = AppStore|iPhone
		AppStore|iPhoneSimulator = AppStore|iPhoneSimulator
		AppStore|x64 = AppStore|x64
		AppStore|x86 = AppStore|x86
		Debug|Any CPU = Debug|Any CPU
		Debug|ARM = Debug|ARM
		Debug|ARM64 = Debug|ARM64
		Debug|iPhone = Debug|iPhone
		Debug|iPhoneSimulator = Debug|iPhoneSimulator
		Debug|x64 = Debug|x64
		Debug|x86 = Debug|x86
		Release|Any CPU = Release|Any CPU
		Release|ARM = Release|ARM
		Release|ARM64 = Release|ARM64
		Release|iPhone = Release|iPhone
		Release|iPhoneSimulator = Release|iPhoneSimulator
		Release|x64 = Release|x64
		Release|x86 = Release|x86
	EndGlobalSection
	GlobalSection(ProjectConfigurationPlatforms) = postSolution
		{D7B01312-DE3D-468E-81C4-CC30E0AAE185}.Ad-Hoc|Any CPU.ActiveCfg = Release|Any CPU
		{D7B01312-DE3D-468E-81C4-CC30E0AAE185}.Ad-Hoc|Any CPU.Build.0 = Release|Any CPU
		{D7B01312-DE3D-468E-81C4-CC30E0AAE185}.Ad-Hoc|Any CPU.Deploy.0 = Release|Any CPU
		{D7B01312-DE3D-468E-81C4-CC30E0AAE185}.Ad-Hoc|ARM.ActiveCfg = Release|Any CPU
		{D7B01312-DE3D-468E-81C4-CC30E0AAE185}.Ad-Hoc|ARM.Build.0 = Release|Any CPU
		{D7B01312-DE3D-468E-81C4-CC30E0AAE185}.Ad-Hoc|ARM.Deploy.0 = Release|Any CPU
		{D7B01312-DE3D-468E-81C4-CC30E0AAE185}.Ad-Hoc|ARM64.ActiveCfg = Release|Any CPU
		{D7B01312-DE3D-468E-81C4-CC30E0AAE185}.Ad-Hoc|ARM64.Build.0 = Release|Any CPU
		{D7B01312-DE3D-468E-81C4-CC30E0AAE185}.Ad-Hoc|ARM64.Deploy.0 = Release|Any CPU
		{D7B01312-DE3D-468E-81C4-CC30E0AAE185}.Ad-Hoc|iPhone.ActiveCfg = Release|Any CPU
		{D7B01312-DE3D-468E-81C4-CC30E0AAE185}.Ad-Hoc|iPhone.Build.0 = Release|Any CPU
		{D7B01312-DE3D-468E-81C4-CC30E0AAE185}.Ad-Hoc|iPhone.Deploy.0 = Release|Any CPU
		{D7B01312-DE3D-468E-81C4-CC30E0AAE185}.Ad-Hoc|iPhoneSimulator.ActiveCfg = Release|Any CPU
		{D7B01312-DE3D-468E-81C4-CC30E0AAE185}.Ad-Hoc|iPhoneSimulator.Build.0 = Release|Any CPU
		{D7B01312-DE3D-468E-81C4-CC30E0AAE185}.Ad-Hoc|iPhoneSimulator.Deploy.0 = Release|Any CPU
		{D7B01312-DE3D-468E-81C4-CC30E0AAE185}.Ad-Hoc|x64.ActiveCfg = Release|Any CPU
		{D7B01312-DE3D-468E-81C4-CC30E0AAE185}.Ad-Hoc|x64.Build.0 = Release|Any CPU
		{D7B01312-DE3D-468E-81C4-CC30E0AAE185}.Ad-Hoc|x64.Deploy.0 = Release|Any CPU
		{D7B01312-DE3D-468E-81C4-CC30E0AAE185}.Ad-Hoc|x86.ActiveCfg = Release|Any CPU
		{D7B01312-DE3D-468E-81C4-CC30E0AAE185}.Ad-Hoc|x86.Build.0 = Release|Any CPU
		{D7B01312-DE3D-468E-81C4-CC30E0AAE185}.Ad-Hoc|x86.Deploy.0 = Release|Any CPU
		{D7B01312-DE3D-468E-81C4-CC30E0AAE185}.AppStore|Any CPU.ActiveCfg = Release|Any CPU
		{D7B01312-DE3D-468E-81C4-CC30E0AAE185}.AppStore|Any CPU.Build.0 = Release|Any CPU
		{D7B01312-DE3D-468E-81C4-CC30E0AAE185}.AppStore|Any CPU.Deploy.0 = Release|Any CPU
		{D7B01312-DE3D-468E-81C4-CC30E0AAE185}.AppStore|ARM.ActiveCfg = Release|Any CPU
		{D7B01312-DE3D-468E-81C4-CC30E0AAE185}.AppStore|ARM.Build.0 = Release|Any CPU
		{D7B01312-DE3D-468E-81C4-CC30E0AAE185}.AppStore|ARM.Deploy.0 = Release|Any CPU
		{D7B01312-DE3D-468E-81C4-CC30E0AAE185}.AppStore|ARM64.ActiveCfg = Release|Any CPU
		{D7B01312-DE3D-468E-81C4-CC30E0AAE185}.AppStore|ARM64.Build.0 = Release|Any CPU
		{D7B01312-DE3D-468E-81C4-CC30E0AAE185}.AppStore|ARM64.Deploy.0 = Release|Any CPU
		{D7B01312-DE3D-468E-81C4-CC30E0AAE185}.AppStore|iPhone.ActiveCfg = Release|Any CPU
		{D7B01312-DE3D-468E-81C4-CC30E0AAE185}.AppStore|iPhone.Build.0 = Release|Any CPU
		{D7B01312-DE3D-468E-81C4-CC30E0AAE185}.AppStore|iPhone.Deploy.0 = Release|Any CPU
		{D7B01312-DE3D-468E-81C4-CC30E0AAE185}.AppStore|iPhoneSimulator.ActiveCfg = Release|Any CPU
		{D7B01312-DE3D-468E-81C4-CC30E0AAE185}.AppStore|iPhoneSimulator.Build.0 = Release|Any CPU
		{D7B01312-DE3D-468E-81C4-CC30E0AAE185}.AppStore|iPhoneSimulator.Deploy.0 = Release|Any CPU
		{D7B01312-DE3D-468E-81C4-CC30E0AAE185}.AppStore|x64.ActiveCfg = Release|Any CPU
		{D7B01312-DE3D-468E-81C4-CC30E0AAE185}.AppStore|x64.Build.0 = Release|Any CPU
		{D7B01312-DE3D-468E-81C4-CC30E0AAE185}.AppStore|x64.Deploy.0 = Release|Any CPU
		{D7B01312-DE3D-468E-81C4-CC30E0AAE185}.AppStore|x86.ActiveCfg = Release|Any CPU
		{D7B01312-DE3D-468E-81C4-CC30E0AAE185}.AppStore|x86.Build.0 = Release|Any CPU
		{D7B01312-DE3D-468E-81C4-CC30E0AAE185}.AppStore|x86.Deploy.0 = Release|Any CPU
		{D7B01312-DE3D-468E-81C4-CC30E0AAE185}.Debug|Any CPU.ActiveCfg = Debug|Any CPU
		{D7B01312-DE3D-468E-81C4-CC30E0AAE185}.Debug|Any CPU.Build.0 = Debug|Any CPU
		{D7B01312-DE3D-468E-81C4-CC30E0AAE185}.Debug|Any CPU.Deploy.0 = Debug|Any CPU
		{D7B01312-DE3D-468E-81C4-CC30E0AAE185}.Debug|ARM.ActiveCfg = Debug|Any CPU
		{D7B01312-DE3D-468E-81C4-CC30E0AAE185}.Debug|ARM.Build.0 = Debug|Any CPU
		{D7B01312-DE3D-468E-81C4-CC30E0AAE185}.Debug|ARM.Deploy.0 = Debug|Any CPU
		{D7B01312-DE3D-468E-81C4-CC30E0AAE185}.Debug|ARM64.ActiveCfg = Debug|Any CPU
		{D7B01312-DE3D-468E-81C4-CC30E0AAE185}.Debug|ARM64.Build.0 = Debug|Any CPU
		{D7B01312-DE3D-468E-81C4-CC30E0AAE185}.Debug|ARM64.Deploy.0 = Debug|Any CPU
		{D7B01312-DE3D-468E-81C4-CC30E0AAE185}.Debug|iPhone.ActiveCfg = Debug|Any CPU
		{D7B01312-DE3D-468E-81C4-CC30E0AAE185}.Debug|iPhone.Build.0 = Debug|Any CPU
		{D7B01312-DE3D-468E-81C4-CC30E0AAE185}.Debug|iPhone.Deploy.0 = Debug|Any CPU
		{D7B01312-DE3D-468E-81C4-CC30E0AAE185}.Debug|iPhoneSimulator.ActiveCfg = Debug|Any CPU
		{D7B01312-DE3D-468E-81C4-CC30E0AAE185}.Debug|iPhoneSimulator.Build.0 = Debug|Any CPU
		{D7B01312-DE3D-468E-81C4-CC30E0AAE185}.Debug|iPhoneSimulator.Deploy.0 = Debug|Any CPU
		{D7B01312-DE3D-468E-81C4-CC30E0AAE185}.Debug|x64.ActiveCfg = Debug|Any CPU
		{D7B01312-DE3D-468E-81C4-CC30E0AAE185}.Debug|x64.Build.0 = Debug|Any CPU
		{D7B01312-DE3D-468E-81C4-CC30E0AAE185}.Debug|x64.Deploy.0 = Debug|Any CPU
		{D7B01312-DE3D-468E-81C4-CC30E0AAE185}.Debug|x86.ActiveCfg = Debug|Any CPU
		{D7B01312-DE3D-468E-81C4-CC30E0AAE185}.Debug|x86.Build.0 = Debug|Any CPU
		{D7B01312-DE3D-468E-81C4-CC30E0AAE185}.Debug|x86.Deploy.0 = Debug|Any CPU
		{D7B01312-DE3D-468E-81C4-CC30E0AAE185}.Release|Any CPU.ActiveCfg = Release|Any CPU
		{D7B01312-DE3D-468E-81C4-CC30E0AAE185}.Release|Any CPU.Build.0 = Release|Any CPU
		{D7B01312-DE3D-468E-81C4-CC30E0AAE185}.Release|Any CPU.Deploy.0 = Release|Any CPU
		{D7B01312-DE3D-468E-81C4-CC30E0AAE185}.Release|ARM.ActiveCfg = Release|Any CPU
		{D7B01312-DE3D-468E-81C4-CC30E0AAE185}.Release|ARM.Build.0 = Release|Any CPU
		{D7B01312-DE3D-468E-81C4-CC30E0AAE185}.Release|ARM.Deploy.0 = Release|Any CPU
		{D7B01312-DE3D-468E-81C4-CC30E0AAE185}.Release|ARM64.ActiveCfg = Release|Any CPU
		{D7B01312-DE3D-468E-81C4-CC30E0AAE185}.Release|ARM64.Build.0 = Release|Any CPU
		{D7B01312-DE3D-468E-81C4-CC30E0AAE185}.Release|ARM64.Deploy.0 = Release|Any CPU
		{D7B01312-DE3D-468E-81C4-CC30E0AAE185}.Release|iPhone.ActiveCfg = Release|Any CPU
		{D7B01312-DE3D-468E-81C4-CC30E0AAE185}.Release|iPhone.Build.0 = Release|Any CPU
		{D7B01312-DE3D-468E-81C4-CC30E0AAE185}.Release|iPhone.Deploy.0 = Release|Any CPU
		{D7B01312-DE3D-468E-81C4-CC30E0AAE185}.Release|iPhoneSimulator.ActiveCfg = Release|Any CPU
		{D7B01312-DE3D-468E-81C4-CC30E0AAE185}.Release|iPhoneSimulator.Build.0 = Release|Any CPU
		{D7B01312-DE3D-468E-81C4-CC30E0AAE185}.Release|iPhoneSimulator.Deploy.0 = Release|Any CPU
		{D7B01312-DE3D-468E-81C4-CC30E0AAE185}.Release|x64.ActiveCfg = Release|Any CPU
		{D7B01312-DE3D-468E-81C4-CC30E0AAE185}.Release|x64.Build.0 = Release|Any CPU
		{D7B01312-DE3D-468E-81C4-CC30E0AAE185}.Release|x64.Deploy.0 = Release|Any CPU
		{D7B01312-DE3D-468E-81C4-CC30E0AAE185}.Release|x86.ActiveCfg = Release|Any CPU
		{D7B01312-DE3D-468E-81C4-CC30E0AAE185}.Release|x86.Build.0 = Release|Any CPU
		{D7B01312-DE3D-468E-81C4-CC30E0AAE185}.Release|x86.Deploy.0 = Release|Any CPU
		{7A324958-F6CD-49CC-B1D7-587588A173DB}.Ad-Hoc|Any CPU.ActiveCfg = Ad-Hoc|iPhone
		{7A324958-F6CD-49CC-B1D7-587588A173DB}.Ad-Hoc|ARM.ActiveCfg = Ad-Hoc|iPhone
		{7A324958-F6CD-49CC-B1D7-587588A173DB}.Ad-Hoc|ARM64.ActiveCfg = Ad-Hoc|iPhone
		{7A324958-F6CD-49CC-B1D7-587588A173DB}.Ad-Hoc|iPhone.ActiveCfg = Ad-Hoc|iPhone
		{7A324958-F6CD-49CC-B1D7-587588A173DB}.Ad-Hoc|iPhone.Build.0 = Ad-Hoc|iPhone
		{7A324958-F6CD-49CC-B1D7-587588A173DB}.Ad-Hoc|iPhoneSimulator.ActiveCfg = Ad-Hoc|iPhoneSimulator
		{7A324958-F6CD-49CC-B1D7-587588A173DB}.Ad-Hoc|iPhoneSimulator.Build.0 = Ad-Hoc|iPhoneSimulator
		{7A324958-F6CD-49CC-B1D7-587588A173DB}.Ad-Hoc|x64.ActiveCfg = Ad-Hoc|iPhone
		{7A324958-F6CD-49CC-B1D7-587588A173DB}.Ad-Hoc|x86.ActiveCfg = Ad-Hoc|iPhone
		{7A324958-F6CD-49CC-B1D7-587588A173DB}.AppStore|Any CPU.ActiveCfg = AppStore|iPhone
		{7A324958-F6CD-49CC-B1D7-587588A173DB}.AppStore|ARM.ActiveCfg = AppStore|iPhone
		{7A324958-F6CD-49CC-B1D7-587588A173DB}.AppStore|ARM64.ActiveCfg = AppStore|iPhone
		{7A324958-F6CD-49CC-B1D7-587588A173DB}.AppStore|iPhone.ActiveCfg = AppStore|iPhone
		{7A324958-F6CD-49CC-B1D7-587588A173DB}.AppStore|iPhone.Build.0 = AppStore|iPhone
		{7A324958-F6CD-49CC-B1D7-587588A173DB}.AppStore|iPhoneSimulator.ActiveCfg = AppStore|iPhoneSimulator
		{7A324958-F6CD-49CC-B1D7-587588A173DB}.AppStore|iPhoneSimulator.Build.0 = AppStore|iPhoneSimulator
		{7A324958-F6CD-49CC-B1D7-587588A173DB}.AppStore|x64.ActiveCfg = AppStore|iPhone
		{7A324958-F6CD-49CC-B1D7-587588A173DB}.AppStore|x86.ActiveCfg = AppStore|iPhone
		{7A324958-F6CD-49CC-B1D7-587588A173DB}.Debug|Any CPU.ActiveCfg = Debug|iPhone
		{7A324958-F6CD-49CC-B1D7-587588A173DB}.Debug|ARM.ActiveCfg = Debug|iPhone
		{7A324958-F6CD-49CC-B1D7-587588A173DB}.Debug|ARM64.ActiveCfg = Debug|iPhone
		{7A324958-F6CD-49CC-B1D7-587588A173DB}.Debug|iPhone.ActiveCfg = Debug|iPhone
		{7A324958-F6CD-49CC-B1D7-587588A173DB}.Debug|iPhone.Build.0 = Debug|iPhone
		{7A324958-F6CD-49CC-B1D7-587588A173DB}.Debug|iPhoneSimulator.ActiveCfg = Debug|iPhoneSimulator
		{7A324958-F6CD-49CC-B1D7-587588A173DB}.Debug|iPhoneSimulator.Build.0 = Debug|iPhoneSimulator
		{7A324958-F6CD-49CC-B1D7-587588A173DB}.Debug|x64.ActiveCfg = Debug|iPhone
		{7A324958-F6CD-49CC-B1D7-587588A173DB}.Debug|x86.ActiveCfg = Debug|iPhone
		{7A324958-F6CD-49CC-B1D7-587588A173DB}.Release|Any CPU.ActiveCfg = Release|iPhone
		{7A324958-F6CD-49CC-B1D7-587588A173DB}.Release|ARM.ActiveCfg = Release|iPhone
		{7A324958-F6CD-49CC-B1D7-587588A173DB}.Release|ARM64.ActiveCfg = Release|iPhone
		{7A324958-F6CD-49CC-B1D7-587588A173DB}.Release|iPhone.ActiveCfg = Release|iPhone
		{7A324958-F6CD-49CC-B1D7-587588A173DB}.Release|iPhone.Build.0 = Release|iPhone
		{7A324958-F6CD-49CC-B1D7-587588A173DB}.Release|iPhoneSimulator.ActiveCfg = Release|iPhoneSimulator
		{7A324958-F6CD-49CC-B1D7-587588A173DB}.Release|iPhoneSimulator.Build.0 = Release|iPhoneSimulator
		{7A324958-F6CD-49CC-B1D7-587588A173DB}.Release|x64.ActiveCfg = Release|iPhone
		{7A324958-F6CD-49CC-B1D7-587588A173DB}.Release|x86.ActiveCfg = Release|iPhone
		{652AE6C8-86AB-4D0D-9334-685942281D84}.Ad-Hoc|Any CPU.ActiveCfg = Release|x64
		{652AE6C8-86AB-4D0D-9334-685942281D84}.Ad-Hoc|Any CPU.Build.0 = Release|x64
		{652AE6C8-86AB-4D0D-9334-685942281D84}.Ad-Hoc|Any CPU.Deploy.0 = Release|x64
		{652AE6C8-86AB-4D0D-9334-685942281D84}.Ad-Hoc|ARM.ActiveCfg = Release|ARM
		{652AE6C8-86AB-4D0D-9334-685942281D84}.Ad-Hoc|ARM.Build.0 = Release|ARM
		{652AE6C8-86AB-4D0D-9334-685942281D84}.Ad-Hoc|ARM.Deploy.0 = Release|ARM
		{652AE6C8-86AB-4D0D-9334-685942281D84}.Ad-Hoc|ARM64.ActiveCfg = Release|ARM64
		{652AE6C8-86AB-4D0D-9334-685942281D84}.Ad-Hoc|ARM64.Build.0 = Release|ARM64
		{652AE6C8-86AB-4D0D-9334-685942281D84}.Ad-Hoc|ARM64.Deploy.0 = Release|ARM64
		{652AE6C8-86AB-4D0D-9334-685942281D84}.Ad-Hoc|iPhone.ActiveCfg = Release|x64
		{652AE6C8-86AB-4D0D-9334-685942281D84}.Ad-Hoc|iPhone.Build.0 = Release|x64
		{652AE6C8-86AB-4D0D-9334-685942281D84}.Ad-Hoc|iPhone.Deploy.0 = Release|x64
		{652AE6C8-86AB-4D0D-9334-685942281D84}.Ad-Hoc|iPhoneSimulator.ActiveCfg = Release|x64
		{652AE6C8-86AB-4D0D-9334-685942281D84}.Ad-Hoc|iPhoneSimulator.Build.0 = Release|x64
		{652AE6C8-86AB-4D0D-9334-685942281D84}.Ad-Hoc|iPhoneSimulator.Deploy.0 = Release|x64
		{652AE6C8-86AB-4D0D-9334-685942281D84}.Ad-Hoc|x64.ActiveCfg = Release|x64
		{652AE6C8-86AB-4D0D-9334-685942281D84}.Ad-Hoc|x64.Build.0 = Release|x64
		{652AE6C8-86AB-4D0D-9334-685942281D84}.Ad-Hoc|x64.Deploy.0 = Release|x64
		{652AE6C8-86AB-4D0D-9334-685942281D84}.Ad-Hoc|x86.ActiveCfg = Release|x86
		{652AE6C8-86AB-4D0D-9334-685942281D84}.Ad-Hoc|x86.Build.0 = Release|x86
		{652AE6C8-86AB-4D0D-9334-685942281D84}.Ad-Hoc|x86.Deploy.0 = Release|x86
		{652AE6C8-86AB-4D0D-9334-685942281D84}.AppStore|Any CPU.ActiveCfg = Release|x64
		{652AE6C8-86AB-4D0D-9334-685942281D84}.AppStore|Any CPU.Build.0 = Release|x64
		{652AE6C8-86AB-4D0D-9334-685942281D84}.AppStore|Any CPU.Deploy.0 = Release|x64
		{652AE6C8-86AB-4D0D-9334-685942281D84}.AppStore|ARM.ActiveCfg = Release|ARM
		{652AE6C8-86AB-4D0D-9334-685942281D84}.AppStore|ARM.Build.0 = Release|ARM
		{652AE6C8-86AB-4D0D-9334-685942281D84}.AppStore|ARM.Deploy.0 = Release|ARM
		{652AE6C8-86AB-4D0D-9334-685942281D84}.AppStore|ARM64.ActiveCfg = Release|ARM64
		{652AE6C8-86AB-4D0D-9334-685942281D84}.AppStore|ARM64.Build.0 = Release|ARM64
		{652AE6C8-86AB-4D0D-9334-685942281D84}.AppStore|ARM64.Deploy.0 = Release|ARM64
		{652AE6C8-86AB-4D0D-9334-685942281D84}.AppStore|iPhone.ActiveCfg = Release|x64
		{652AE6C8-86AB-4D0D-9334-685942281D84}.AppStore|iPhone.Build.0 = Release|x64
		{652AE6C8-86AB-4D0D-9334-685942281D84}.AppStore|iPhone.Deploy.0 = Release|x64
		{652AE6C8-86AB-4D0D-9334-685942281D84}.AppStore|iPhoneSimulator.ActiveCfg = Release|x64
		{652AE6C8-86AB-4D0D-9334-685942281D84}.AppStore|iPhoneSimulator.Build.0 = Release|x64
		{652AE6C8-86AB-4D0D-9334-685942281D84}.AppStore|iPhoneSimulator.Deploy.0 = Release|x64
		{652AE6C8-86AB-4D0D-9334-685942281D84}.AppStore|x64.ActiveCfg = Release|x64
		{652AE6C8-86AB-4D0D-9334-685942281D84}.AppStore|x64.Build.0 = Release|x64
		{652AE6C8-86AB-4D0D-9334-685942281D84}.AppStore|x64.Deploy.0 = Release|x64
		{652AE6C8-86AB-4D0D-9334-685942281D84}.AppStore|x86.ActiveCfg = Release|x86
		{652AE6C8-86AB-4D0D-9334-685942281D84}.AppStore|x86.Build.0 = Release|x86
		{652AE6C8-86AB-4D0D-9334-685942281D84}.AppStore|x86.Deploy.0 = Release|x86
		{652AE6C8-86AB-4D0D-9334-685942281D84}.Debug|Any CPU.ActiveCfg = Debug|x86
		{652AE6C8-86AB-4D0D-9334-685942281D84}.Debug|ARM.ActiveCfg = Debug|ARM
		{652AE6C8-86AB-4D0D-9334-685942281D84}.Debug|ARM.Build.0 = Debug|ARM
		{652AE6C8-86AB-4D0D-9334-685942281D84}.Debug|ARM.Deploy.0 = Debug|ARM
		{652AE6C8-86AB-4D0D-9334-685942281D84}.Debug|ARM64.ActiveCfg = Debug|ARM64
		{652AE6C8-86AB-4D0D-9334-685942281D84}.Debug|ARM64.Build.0 = Debug|ARM64
		{652AE6C8-86AB-4D0D-9334-685942281D84}.Debug|ARM64.Deploy.0 = Debug|ARM64
		{652AE6C8-86AB-4D0D-9334-685942281D84}.Debug|iPhone.ActiveCfg = Debug|x86
		{652AE6C8-86AB-4D0D-9334-685942281D84}.Debug|iPhoneSimulator.ActiveCfg = Debug|x86
		{652AE6C8-86AB-4D0D-9334-685942281D84}.Debug|x64.ActiveCfg = Debug|x64
		{652AE6C8-86AB-4D0D-9334-685942281D84}.Debug|x64.Build.0 = Debug|x64
		{652AE6C8-86AB-4D0D-9334-685942281D84}.Debug|x64.Deploy.0 = Debug|x64
		{652AE6C8-86AB-4D0D-9334-685942281D84}.Debug|x86.ActiveCfg = Debug|x86
		{652AE6C8-86AB-4D0D-9334-685942281D84}.Debug|x86.Build.0 = Debug|x86
		{652AE6C8-86AB-4D0D-9334-685942281D84}.Debug|x86.Deploy.0 = Debug|x86
		{652AE6C8-86AB-4D0D-9334-685942281D84}.Release|Any CPU.ActiveCfg = Release|x86
		{652AE6C8-86AB-4D0D-9334-685942281D84}.Release|ARM.ActiveCfg = Release|ARM
		{652AE6C8-86AB-4D0D-9334-685942281D84}.Release|ARM.Build.0 = Release|ARM
		{652AE6C8-86AB-4D0D-9334-685942281D84}.Release|ARM.Deploy.0 = Release|ARM
		{652AE6C8-86AB-4D0D-9334-685942281D84}.Release|ARM64.ActiveCfg = Release|ARM64
		{652AE6C8-86AB-4D0D-9334-685942281D84}.Release|ARM64.Build.0 = Release|ARM64
		{652AE6C8-86AB-4D0D-9334-685942281D84}.Release|ARM64.Deploy.0 = Release|ARM64
		{652AE6C8-86AB-4D0D-9334-685942281D84}.Release|iPhone.ActiveCfg = Release|x86
		{652AE6C8-86AB-4D0D-9334-685942281D84}.Release|iPhoneSimulator.ActiveCfg = Release|x86
		{652AE6C8-86AB-4D0D-9334-685942281D84}.Release|x64.ActiveCfg = Release|x64
		{652AE6C8-86AB-4D0D-9334-685942281D84}.Release|x64.Build.0 = Release|x64
		{652AE6C8-86AB-4D0D-9334-685942281D84}.Release|x64.Deploy.0 = Release|x64
		{652AE6C8-86AB-4D0D-9334-685942281D84}.Release|x86.ActiveCfg = Release|x86
		{652AE6C8-86AB-4D0D-9334-685942281D84}.Release|x86.Build.0 = Release|x86
		{652AE6C8-86AB-4D0D-9334-685942281D84}.Release|x86.Deploy.0 = Release|x86
		{CE87C431-B576-40A0-B7FD-D5F2FA318AB9}.Ad-Hoc|Any CPU.ActiveCfg = Debug|Any CPU
		{CE87C431-B576-40A0-B7FD-D5F2FA318AB9}.Ad-Hoc|Any CPU.Build.0 = Debug|Any CPU
		{CE87C431-B576-40A0-B7FD-D5F2FA318AB9}.Ad-Hoc|ARM.ActiveCfg = Debug|Any CPU
		{CE87C431-B576-40A0-B7FD-D5F2FA318AB9}.Ad-Hoc|ARM.Build.0 = Debug|Any CPU
		{CE87C431-B576-40A0-B7FD-D5F2FA318AB9}.Ad-Hoc|ARM64.ActiveCfg = Debug|Any CPU
		{CE87C431-B576-40A0-B7FD-D5F2FA318AB9}.Ad-Hoc|ARM64.Build.0 = Debug|Any CPU
		{CE87C431-B576-40A0-B7FD-D5F2FA318AB9}.Ad-Hoc|iPhone.ActiveCfg = Debug|Any CPU
		{CE87C431-B576-40A0-B7FD-D5F2FA318AB9}.Ad-Hoc|iPhone.Build.0 = Debug|Any CPU
		{CE87C431-B576-40A0-B7FD-D5F2FA318AB9}.Ad-Hoc|iPhoneSimulator.ActiveCfg = Debug|Any CPU
		{CE87C431-B576-40A0-B7FD-D5F2FA318AB9}.Ad-Hoc|iPhoneSimulator.Build.0 = Debug|Any CPU
		{CE87C431-B576-40A0-B7FD-D5F2FA318AB9}.Ad-Hoc|x64.ActiveCfg = Debug|Any CPU
		{CE87C431-B576-40A0-B7FD-D5F2FA318AB9}.Ad-Hoc|x64.Build.0 = Debug|Any CPU
		{CE87C431-B576-40A0-B7FD-D5F2FA318AB9}.Ad-Hoc|x86.ActiveCfg = Debug|Any CPU
		{CE87C431-B576-40A0-B7FD-D5F2FA318AB9}.Ad-Hoc|x86.Build.0 = Debug|Any CPU
		{CE87C431-B576-40A0-B7FD-D5F2FA318AB9}.AppStore|Any CPU.ActiveCfg = Debug|Any CPU
		{CE87C431-B576-40A0-B7FD-D5F2FA318AB9}.AppStore|Any CPU.Build.0 = Debug|Any CPU
		{CE87C431-B576-40A0-B7FD-D5F2FA318AB9}.AppStore|ARM.ActiveCfg = Debug|Any CPU
		{CE87C431-B576-40A0-B7FD-D5F2FA318AB9}.AppStore|ARM.Build.0 = Debug|Any CPU
		{CE87C431-B576-40A0-B7FD-D5F2FA318AB9}.AppStore|ARM64.ActiveCfg = Debug|Any CPU
		{CE87C431-B576-40A0-B7FD-D5F2FA318AB9}.AppStore|ARM64.Build.0 = Debug|Any CPU
		{CE87C431-B576-40A0-B7FD-D5F2FA318AB9}.AppStore|iPhone.ActiveCfg = Debug|Any CPU
		{CE87C431-B576-40A0-B7FD-D5F2FA318AB9}.AppStore|iPhone.Build.0 = Debug|Any CPU
		{CE87C431-B576-40A0-B7FD-D5F2FA318AB9}.AppStore|iPhoneSimulator.ActiveCfg = Debug|Any CPU
		{CE87C431-B576-40A0-B7FD-D5F2FA318AB9}.AppStore|iPhoneSimulator.Build.0 = Debug|Any CPU
		{CE87C431-B576-40A0-B7FD-D5F2FA318AB9}.AppStore|x64.ActiveCfg = Debug|Any CPU
		{CE87C431-B576-40A0-B7FD-D5F2FA318AB9}.AppStore|x64.Build.0 = Debug|Any CPU
		{CE87C431-B576-40A0-B7FD-D5F2FA318AB9}.AppStore|x86.ActiveCfg = Debug|Any CPU
		{CE87C431-B576-40A0-B7FD-D5F2FA318AB9}.AppStore|x86.Build.0 = Debug|Any CPU
		{CE87C431-B576-40A0-B7FD-D5F2FA318AB9}.Debug|Any CPU.ActiveCfg = Debug|Any CPU
		{CE87C431-B576-40A0-B7FD-D5F2FA318AB9}.Debug|Any CPU.Build.0 = Debug|Any CPU
		{CE87C431-B576-40A0-B7FD-D5F2FA318AB9}.Debug|ARM.ActiveCfg = Debug|Any CPU
		{CE87C431-B576-40A0-B7FD-D5F2FA318AB9}.Debug|ARM.Build.0 = Debug|Any CPU
		{CE87C431-B576-40A0-B7FD-D5F2FA318AB9}.Debug|ARM64.ActiveCfg = Debug|Any CPU
		{CE87C431-B576-40A0-B7FD-D5F2FA318AB9}.Debug|ARM64.Build.0 = Debug|Any CPU
		{CE87C431-B576-40A0-B7FD-D5F2FA318AB9}.Debug|iPhone.ActiveCfg = Debug|Any CPU
		{CE87C431-B576-40A0-B7FD-D5F2FA318AB9}.Debug|iPhone.Build.0 = Debug|Any CPU
		{CE87C431-B576-40A0-B7FD-D5F2FA318AB9}.Debug|iPhoneSimulator.ActiveCfg = Debug|Any CPU
		{CE87C431-B576-40A0-B7FD-D5F2FA318AB9}.Debug|iPhoneSimulator.Build.0 = Debug|Any CPU
		{CE87C431-B576-40A0-B7FD-D5F2FA318AB9}.Debug|x64.ActiveCfg = Debug|Any CPU
		{CE87C431-B576-40A0-B7FD-D5F2FA318AB9}.Debug|x64.Build.0 = Debug|Any CPU
		{CE87C431-B576-40A0-B7FD-D5F2FA318AB9}.Debug|x86.ActiveCfg = Debug|Any CPU
		{CE87C431-B576-40A0-B7FD-D5F2FA318AB9}.Debug|x86.Build.0 = Debug|Any CPU
		{CE87C431-B576-40A0-B7FD-D5F2FA318AB9}.Release|Any CPU.ActiveCfg = Release|Any CPU
		{CE87C431-B576-40A0-B7FD-D5F2FA318AB9}.Release|Any CPU.Build.0 = Release|Any CPU
		{CE87C431-B576-40A0-B7FD-D5F2FA318AB9}.Release|ARM.ActiveCfg = Release|Any CPU
		{CE87C431-B576-40A0-B7FD-D5F2FA318AB9}.Release|ARM.Build.0 = Release|Any CPU
		{CE87C431-B576-40A0-B7FD-D5F2FA318AB9}.Release|ARM64.ActiveCfg = Release|Any CPU
		{CE87C431-B576-40A0-B7FD-D5F2FA318AB9}.Release|ARM64.Build.0 = Release|Any CPU
		{CE87C431-B576-40A0-B7FD-D5F2FA318AB9}.Release|iPhone.ActiveCfg = Release|Any CPU
		{CE87C431-B576-40A0-B7FD-D5F2FA318AB9}.Release|iPhone.Build.0 = Release|Any CPU
		{CE87C431-B576-40A0-B7FD-D5F2FA318AB9}.Release|iPhoneSimulator.ActiveCfg = Release|Any CPU
		{CE87C431-B576-40A0-B7FD-D5F2FA318AB9}.Release|iPhoneSimulator.Build.0 = Release|Any CPU
		{CE87C431-B576-40A0-B7FD-D5F2FA318AB9}.Release|x64.ActiveCfg = Release|Any CPU
		{CE87C431-B576-40A0-B7FD-D5F2FA318AB9}.Release|x64.Build.0 = Release|Any CPU
		{CE87C431-B576-40A0-B7FD-D5F2FA318AB9}.Release|x86.ActiveCfg = Release|Any CPU
		{CE87C431-B576-40A0-B7FD-D5F2FA318AB9}.Release|x86.Build.0 = Release|Any CPU
		{1F837B9C-6713-4BDB-A9AF-BA4E16469B32}.Ad-Hoc|Any CPU.ActiveCfg = Release|iPhoneSimulator
		{1F837B9C-6713-4BDB-A9AF-BA4E16469B32}.Ad-Hoc|Any CPU.Build.0 = Release|iPhoneSimulator
		{1F837B9C-6713-4BDB-A9AF-BA4E16469B32}.Ad-Hoc|ARM.ActiveCfg = Release|iPhoneSimulator
		{1F837B9C-6713-4BDB-A9AF-BA4E16469B32}.Ad-Hoc|ARM.Build.0 = Release|iPhoneSimulator
		{1F837B9C-6713-4BDB-A9AF-BA4E16469B32}.Ad-Hoc|ARM64.ActiveCfg = Release|iPhoneSimulator
		{1F837B9C-6713-4BDB-A9AF-BA4E16469B32}.Ad-Hoc|ARM64.Build.0 = Release|iPhoneSimulator
		{1F837B9C-6713-4BDB-A9AF-BA4E16469B32}.Ad-Hoc|iPhone.ActiveCfg = Release|iPhoneSimulator
		{1F837B9C-6713-4BDB-A9AF-BA4E16469B32}.Ad-Hoc|iPhone.Build.0 = Release|iPhoneSimulator
		{1F837B9C-6713-4BDB-A9AF-BA4E16469B32}.Ad-Hoc|iPhoneSimulator.ActiveCfg = Release|iPhoneSimulator
		{1F837B9C-6713-4BDB-A9AF-BA4E16469B32}.Ad-Hoc|iPhoneSimulator.Build.0 = Release|iPhoneSimulator
		{1F837B9C-6713-4BDB-A9AF-BA4E16469B32}.Ad-Hoc|x64.ActiveCfg = Release|iPhoneSimulator
		{1F837B9C-6713-4BDB-A9AF-BA4E16469B32}.Ad-Hoc|x64.Build.0 = Release|iPhoneSimulator
		{1F837B9C-6713-4BDB-A9AF-BA4E16469B32}.Ad-Hoc|x86.ActiveCfg = Release|iPhoneSimulator
		{1F837B9C-6713-4BDB-A9AF-BA4E16469B32}.Ad-Hoc|x86.Build.0 = Release|iPhoneSimulator
		{1F837B9C-6713-4BDB-A9AF-BA4E16469B32}.AppStore|Any CPU.ActiveCfg = Release|iPhoneSimulator
		{1F837B9C-6713-4BDB-A9AF-BA4E16469B32}.AppStore|Any CPU.Build.0 = Release|iPhoneSimulator
		{1F837B9C-6713-4BDB-A9AF-BA4E16469B32}.AppStore|ARM.ActiveCfg = Release|iPhoneSimulator
		{1F837B9C-6713-4BDB-A9AF-BA4E16469B32}.AppStore|ARM.Build.0 = Release|iPhoneSimulator
		{1F837B9C-6713-4BDB-A9AF-BA4E16469B32}.AppStore|ARM64.ActiveCfg = Release|iPhoneSimulator
		{1F837B9C-6713-4BDB-A9AF-BA4E16469B32}.AppStore|ARM64.Build.0 = Release|iPhoneSimulator
		{1F837B9C-6713-4BDB-A9AF-BA4E16469B32}.AppStore|iPhone.ActiveCfg = Release|iPhoneSimulator
		{1F837B9C-6713-4BDB-A9AF-BA4E16469B32}.AppStore|iPhone.Build.0 = Release|iPhoneSimulator
		{1F837B9C-6713-4BDB-A9AF-BA4E16469B32}.AppStore|iPhoneSimulator.ActiveCfg = Release|iPhoneSimulator
		{1F837B9C-6713-4BDB-A9AF-BA4E16469B32}.AppStore|iPhoneSimulator.Build.0 = Release|iPhoneSimulator
		{1F837B9C-6713-4BDB-A9AF-BA4E16469B32}.AppStore|x64.ActiveCfg = Release|iPhoneSimulator
		{1F837B9C-6713-4BDB-A9AF-BA4E16469B32}.AppStore|x64.Build.0 = Release|iPhoneSimulator
		{1F837B9C-6713-4BDB-A9AF-BA4E16469B32}.AppStore|x86.ActiveCfg = Release|iPhoneSimulator
		{1F837B9C-6713-4BDB-A9AF-BA4E16469B32}.AppStore|x86.Build.0 = Release|iPhoneSimulator
		{1F837B9C-6713-4BDB-A9AF-BA4E16469B32}.Debug|Any CPU.ActiveCfg = Debug|iPhoneSimulator
		{1F837B9C-6713-4BDB-A9AF-BA4E16469B32}.Debug|ARM.ActiveCfg = Debug|iPhoneSimulator
		{1F837B9C-6713-4BDB-A9AF-BA4E16469B32}.Debug|ARM64.ActiveCfg = Debug|iPhoneSimulator
		{1F837B9C-6713-4BDB-A9AF-BA4E16469B32}.Debug|iPhone.ActiveCfg = Debug|iPhoneSimulator
		{1F837B9C-6713-4BDB-A9AF-BA4E16469B32}.Debug|iPhoneSimulator.ActiveCfg = Debug|iPhoneSimulator
		{1F837B9C-6713-4BDB-A9AF-BA4E16469B32}.Debug|iPhoneSimulator.Build.0 = Debug|iPhoneSimulator
		{1F837B9C-6713-4BDB-A9AF-BA4E16469B32}.Debug|x64.ActiveCfg = Debug|iPhoneSimulator
		{1F837B9C-6713-4BDB-A9AF-BA4E16469B32}.Debug|x86.ActiveCfg = Debug|iPhoneSimulator
		{1F837B9C-6713-4BDB-A9AF-BA4E16469B32}.Release|Any CPU.ActiveCfg = Release|iPhoneSimulator
		{1F837B9C-6713-4BDB-A9AF-BA4E16469B32}.Release|ARM.ActiveCfg = Release|iPhoneSimulator
		{1F837B9C-6713-4BDB-A9AF-BA4E16469B32}.Release|ARM64.ActiveCfg = Release|iPhoneSimulator
		{1F837B9C-6713-4BDB-A9AF-BA4E16469B32}.Release|iPhone.ActiveCfg = Release|iPhoneSimulator
		{1F837B9C-6713-4BDB-A9AF-BA4E16469B32}.Release|iPhoneSimulator.ActiveCfg = Release|iPhoneSimulator
		{1F837B9C-6713-4BDB-A9AF-BA4E16469B32}.Release|iPhoneSimulator.Build.0 = Release|iPhoneSimulator
		{1F837B9C-6713-4BDB-A9AF-BA4E16469B32}.Release|x64.ActiveCfg = Release|iPhoneSimulator
		{1F837B9C-6713-4BDB-A9AF-BA4E16469B32}.Release|x86.ActiveCfg = Release|iPhoneSimulator
	EndGlobalSection
	GlobalSection(SolutionProperties) = preSolution
		HideSolutionNode = FALSE
	EndGlobalSection
	GlobalSection(ExtensibilityGlobals) = postSolution
		SolutionGuid = {BDEC1CF3-6459-43F1-8E2E-359EB3A80D20}
	EndGlobalSection
EndGlobal
