
Microsoft Visual Studio Solution File, Format Version 12.00
# Visual Studio Version 17
VisualStudioVersion = 17.0.31903.59
MinimumVisualStudioVersion = 10.0.40219.1
Project("{FAE04EC0-301F-11D3-BF4B-00C04F79EFBC}") = "KarjinalnaywhurNerewhaigelkawcer", "KarjinalnaywhurNerewhaigelkawcer.csproj", "{FA682D21-64F1-463B-BAF3-4EBC43505388}"
EndProject
Global
	GlobalSection(SolutionConfigurationPlatforms) = preSolution
		Debug|Any CPU = Debug|Any CPU
		Release|Any CPU = Release|Any CPU
	EndGlobalSection
	GlobalSection(SolutionProperties) = preSolution
		HideSolutionNode = FALSE
	EndGlobalSection
	GlobalSection(ProjectConfigurationPlatforms) = postSolution
		{FA682D21-64F1-463B-BAF3-4EBC43505388}.Debug|Any CPU.ActiveCfg = Debug|Any CPU
		{FA682D21-64F1-463B-BAF3-4EBC43505388}.Debug|Any CPU.Build.0 = Debug|Any CPU
		{FA682D21-64F1-463B-BAF3-4EBC43505388}.Release|Any CPU.ActiveCfg = Release|Any CPU
		{FA682D21-64F1-463B-BAF3-4EBC43505388}.Release|Any CPU.Build.0 = Release|Any CPU
	EndGlobalSection
EndGlobal
