
Microsoft Visual Studio Solution File, Format Version 12.00
# Visual Studio Version 16
VisualStudioVersion = 16.0.30804.86
MinimumVisualStudioVersion = 10.0.40219.1
Project("{8BC9CEB8-8B4A-11D0-8D11-00A0C91BC942}") = "HefigalnurjaircakaBilifenay", "HefigalnurjaircakaBilifenay.vcxproj", "{1BA33B98-6FEA-4347-87DB-2DD67F8FE7BF}"
EndProject
Global
	GlobalSection(SolutionConfigurationPlatforms) = preSolution
		Debug|x64 = Debug|x64
		Debug|x86 = Debug|x86
		Release|x64 = Release|x64
		Release|x86 = Release|x86
	EndGlobalSection
	GlobalSection(ProjectConfigurationPlatforms) = postSolution
		{1BA33B98-6FEA-4347-87DB-2DD67F8FE7BF}.Debug|x64.ActiveCfg = Debug|x64
		{1BA33B98-6FEA-4347-87DB-2DD67F8FE7BF}.Debug|x64.Build.0 = Debug|x64
		{1BA33B98-6FEA-4347-87DB-2DD67F8FE7BF}.Debug|x86.ActiveCfg = Debug|Win32
		{1BA33B98-6FEA-4347-87DB-2DD67F8FE7BF}.Debug|x86.Build.0 = Debug|Win32
		{1BA33B98-6FEA-4347-87DB-2DD67F8FE7BF}.Release|x64.ActiveCfg = Release|x64
		{1BA33B98-6FEA-4347-87DB-2DD67F8FE7BF}.Release|x64.Build.0 = Release|x64
		{1BA33B98-6FEA-4347-87DB-2DD67F8FE7BF}.Release|x86.ActiveCfg = Release|Win32
		{1BA33B98-6FEA-4347-87DB-2DD67F8FE7BF}.Release|x86.Build.0 = Release|Win32
	EndGlobalSection
	GlobalSection(SolutionProperties) = preSolution
		HideSolutionNode = FALSE
	EndGlobalSection
	GlobalSection(ExtensibilityGlobals) = postSolution
		SolutionGuid = {2F7AE03F-453B-4BAD-AE5B-DC6A36189D36}
	EndGlobalSection
EndGlobal
