
Microsoft Visual Studio Solution File, Format Version 12.00
# Visual Studio Version 16
VisualStudioVersion = 16.0.30204.135
MinimumVisualStudioVersion = 10.0.40219.1
Project("{FAE04EC0-301F-11D3-BF4B-00C04F79EFBC}") = "FeboneadurKeljojallwer", "FeboneadurKeljojallwer\FeboneadurKeljojallwer.csproj", "{8932B178-2DA8-46CD-BD4B-3BEABD7D34D1}"
EndProject
Global
	GlobalSection(SolutionConfigurationPlatforms) = preSolution
		Debug|Any CPU = Debug|Any CPU
		Release|Any CPU = Release|Any CPU
	EndGlobalSection
	GlobalSection(ProjectConfigurationPlatforms) = postSolution
		{8932B178-2DA8-46CD-BD4B-3BEABD7D34D1}.Debug|Any CPU.ActiveCfg = Debug|Any CPU
		{8932B178-2DA8-46CD-BD4B-3BEABD7D34D1}.Debug|Any CPU.Build.0 = Debug|Any CPU
		{8932B178-2DA8-46CD-BD4B-3BEABD7D34D1}.Release|Any CPU.ActiveCfg = Release|Any CPU
		{8932B178-2DA8-46CD-BD4B-3BEABD7D34D1}.Release|Any CPU.Build.0 = Release|Any CPU
	EndGlobalSection
	GlobalSection(SolutionProperties) = preSolution
		HideSolutionNode = FALSE
	EndGlobalSection
	GlobalSection(ExtensibilityGlobals) = postSolution
		SolutionGuid = {D7BF0633-01E2-477E-9CA4-79015241EF1C}
	EndGlobalSection
EndGlobal
