
Microsoft Visual Studio Solution File, Format Version 12.00
# Visual Studio Version 17
VisualStudioVersion = 17.2.32505.173
MinimumVisualStudioVersion = 10.0.40219.1
Project("{FAE04EC0-301F-11D3-BF4B-00C04F79EFBC}") = "GeacejalcurnawLarjearemwhear", "GeacejalcurnawLarjearemwhear\GeacejalcurnawLarjearemwhear.csproj", "{C12C4395-9139-4EA5-B763-128B45A17C4A}"
EndProject
Global
	GlobalSection(SolutionConfigurationPlatforms) = preSolution
		Debug|Any CPU = Debug|Any CPU
		Release|Any CPU = Release|Any CPU
	EndGlobalSection
	GlobalSection(ProjectConfigurationPlatforms) = postSolution
		{C12C4395-9139-4EA5-B763-128B45A17C4A}.Debug|Any CPU.ActiveCfg = Debug|Any CPU
		{C12C4395-9139-4EA5-B763-128B45A17C4A}.Debug|Any CPU.Build.0 = Debug|Any CPU
		{C12C4395-9139-4EA5-B763-128B45A17C4A}.Release|Any CPU.ActiveCfg = Release|Any CPU
		{C12C4395-9139-4EA5-B763-128B45A17C4A}.Release|Any CPU.Build.0 = Release|Any CPU
	EndGlobalSection
	GlobalSection(SolutionProperties) = preSolution
		HideSolutionNode = FALSE
	EndGlobalSection
	GlobalSection(ExtensibilityGlobals) = postSolution
		SolutionGuid = {D14B95A6-5B59-473D-8A1F-429CFD0E449E}
	EndGlobalSection
EndGlobal
