Microsoft Visual Studio Solution File, Format Version 12.00
# Visual Studio Version 17
VisualStudioVersion = 17.0.31903.59
MinimumVisualStudioVersion = 10.0.40219.1
Project("{9A19103F-16F7-4668-BE54-9A1E7A4F7556}") = "DemdarhairdaKacaycheecheeleco", "DemdarhairdaKacaycheecheeleco.csproj", "{A7AD33DB-AC8A-402B-90F3-7F0C3E51221F}"
EndProject
Project("{9A19103F-16F7-4668-BE54-9A1E7A4F7556}") = "BujeeberehemnaNurgacolarje", "..\BujeeberehemnaNurgacolarje\BujeeberehemnaNurgacolarje.csproj", "{0A8C4BDE-B62E-47FD-804D-01B2584E2332}"
EndProject
Global
	GlobalSection(SolutionConfigurationPlatforms) = preSolution
		Debug|Any CPU = Debug|Any CPU
		Release|Any CPU = Release|Any CPU
	EndGlobalSection
	GlobalSection(SolutionProperties) = preSolution
		HideSolutionNode = FALSE
	EndGlobalSection
	GlobalSection(ProjectConfigurationPlatforms) = postSolution
		{0A8C4BDE-B62E-47FD-804D-01B2584E2332}.Debug|Any CPU.ActiveCfg = Debug|Any CPU
		{0A8C4BDE-B62E-47FD-804D-01B2584E2332}.Debug|Any CPU.Build.0 = Debug|Any CPU
		{0A8C4BDE-B62E-47FD-804D-01B2584E2332}.Release|Any CPU.ActiveCfg = Release|Any CPU
		{0A8C4BDE-B62E-47FD-804D-01B2584E2332}.Release|Any CPU.Build.0 = Release|Any CPU
		{A7AD33DB-AC8A-402B-90F3-7F0C3E51221F}.Debug|Any CPU.ActiveCfg = Debug|Any CPU
		{A7AD33DB-AC8A-402B-90F3-7F0C3E51221F}.Debug|Any CPU.Build.0 = Debug|Any CPU
		{A7AD33DB-AC8A-402B-90F3-7F0C3E51221F}.Release|Any CPU.ActiveCfg = Release|Any CPU
		{A7AD33DB-AC8A-402B-90F3-7F0C3E51221F}.Release|Any CPU.Build.0 = Release|Any CPU
	EndGlobalSection
EndGlobal
