
Microsoft Visual Studio Solution File, Format Version 12.00
# Visual Studio Version 16
VisualStudioVersion = 16.0.30804.86
MinimumVisualStudioVersion = 10.0.40219.1
Project("{9A19103F-16F7-4668-BE54-9A1E7A4F7556}") = "WhijayallewaBemwhelerekee", "WhijayallewaBemwhelerekee.csproj", "{C7C7A652-BD76-4A81-AD14-EABCA108F4A1}"
EndProject
Global
	GlobalSection(SolutionConfigurationPlatforms) = preSolution
		Debug|Any CPU = Debug|Any CPU
		Release|Any CPU = Release|Any CPU
	EndGlobalSection
	GlobalSection(ProjectConfigurationPlatforms) = postSolution
		{C7C7A652-BD76-4A81-AD14-EABCA108F4A1}.Debug|Any CPU.ActiveCfg = Debug|Any CPU
		{C7C7A652-BD76-4A81-AD14-EABCA108F4A1}.Debug|Any CPU.Build.0 = Debug|Any CPU
		{C7C7A652-BD76-4A81-AD14-EABCA108F4A1}.Release|Any CPU.ActiveCfg = Release|Any CPU
		{C7C7A652-BD76-4A81-AD14-EABCA108F4A1}.Release|Any CPU.Build.0 = Release|Any CPU
	EndGlobalSection
	GlobalSection(SolutionProperties) = preSolution
		HideSolutionNode = FALSE
	EndGlobalSection
	GlobalSection(ExtensibilityGlobals) = postSolution
		SolutionGuid = {D61408C0-82B6-4A69-8150-797801D33D0C}
	EndGlobalSection
EndGlobal
