
Microsoft Visual Studio Solution File, Format Version 12.00
# Visual Studio Version 17
VisualStudioVersion = 17.4.33103.184
MinimumVisualStudioVersion = 10.0.40219.1
Project("{FAE04EC0-301F-11D3-BF4B-00C04F79EFBC}") = "NayfawkarfiHowaruwalaifa", "NayfawkarfiHowaruwalaifa\NayfawkarfiHowaruwalaifa.csproj", "{45E48899-AE67-477A-A8C6-15ED3C4E6E96}"
EndProject
Global
	GlobalSection(SolutionConfigurationPlatforms) = preSolution
		Debug|Any CPU = Debug|Any CPU
		Release|Any CPU = Release|Any CPU
	EndGlobalSection
	GlobalSection(ProjectConfigurationPlatforms) = postSolution
		{45E48899-AE67-477A-A8C6-15ED3C4E6E96}.Debug|Any CPU.ActiveCfg = Debug|Any CPU
		{45E48899-AE67-477A-A8C6-15ED3C4E6E96}.Debug|Any CPU.Build.0 = Debug|Any CPU
		{45E48899-AE67-477A-A8C6-15ED3C4E6E96}.Release|Any CPU.ActiveCfg = Release|Any CPU
		{45E48899-AE67-477A-A8C6-15ED3C4E6E96}.Release|Any CPU.Build.0 = Release|Any CPU
	EndGlobalSection
	GlobalSection(SolutionProperties) = preSolution
		HideSolutionNode = FALSE
	EndGlobalSection
	GlobalSection(ExtensibilityGlobals) = postSolution
		SolutionGuid = {44E7FA1A-10D7-4D3A-9394-0BA3000E16EF}
	EndGlobalSection
EndGlobal
