
Microsoft Visual Studio Solution File, Format Version 12.00
# Visual Studio Version 16
VisualStudioVersion = 16.0.28803.452
MinimumVisualStudioVersion = 10.0.40219.1
Project("{FAE04EC0-301F-11D3-BF4B-00C04F79EFBC}") = "HemluchaderJaberkaina", "HemluchaderJaberkaina\HemluchaderJaberkaina.csproj", "{8985C08B-9AB0-43AC-A7A7-2A3A7063FD46}"
EndProject
Global
	GlobalSection(SolutionConfigurationPlatforms) = preSolution
		Debug|Any CPU = Debug|Any CPU
		Release|Any CPU = Release|Any CPU
	EndGlobalSection
	GlobalSection(ProjectConfigurationPlatforms) = postSolution
		{8985C08B-9AB0-43AC-A7A7-2A3A7063FD46}.Debug|Any CPU.ActiveCfg = Debug|Any CPU
		{8985C08B-9AB0-43AC-A7A7-2A3A7063FD46}.Debug|Any CPU.Build.0 = Debug|Any CPU
		{8985C08B-9AB0-43AC-A7A7-2A3A7063FD46}.Release|Any CPU.ActiveCfg = Release|Any CPU
		{8985C08B-9AB0-43AC-A7A7-2A3A7063FD46}.Release|Any CPU.Build.0 = Release|Any CPU
	EndGlobalSection
	GlobalSection(SolutionProperties) = preSolution
		HideSolutionNode = FALSE
	EndGlobalSection
	GlobalSection(ExtensibilityGlobals) = postSolution
		SolutionGuid = {70659D95-1ECD-41C9-934F-E608BC35E13D}
	EndGlobalSection
EndGlobal
