
Microsoft Visual Studio Solution File, Format Version 12.00
# Visual Studio Version 17
VisualStudioVersion = 17.0.31903.59
MinimumVisualStudioVersion = 10.0.40219.1
Project("{FAE04EC0-301F-11D3-BF4B-00C04F79EFBC}") = "NawhejefurWheekaijerehu", "NawhejefurWheekaijerehu\NawhejefurWheekaijerehu.csproj", "{D6377BA3-B3EB-4872-A119-8337D916D467}"
EndProject
Global
	GlobalSection(SolutionConfigurationPlatforms) = preSolution
		Debug|Any CPU = Debug|Any CPU
		Release|Any CPU = Release|Any CPU
	EndGlobalSection
	GlobalSection(ProjectConfigurationPlatforms) = postSolution
		{D6377BA3-B3EB-4872-A119-8337D916D467}.Debug|Any CPU.ActiveCfg = Debug|Any CPU
		{D6377BA3-B3EB-4872-A119-8337D916D467}.Debug|Any CPU.Build.0 = Debug|Any CPU
		{D6377BA3-B3EB-4872-A119-8337D916D467}.Release|Any CPU.ActiveCfg = Release|Any CPU
		{D6377BA3-B3EB-4872-A119-8337D916D467}.Release|Any CPU.Build.0 = Release|Any CPU
	EndGlobalSection
	GlobalSection(SolutionProperties) = preSolution
		HideSolutionNode = FALSE
	EndGlobalSection
	GlobalSection(ExtensibilityGlobals) = postSolution
		SolutionGuid = {ACDDD424-92BC-408E-980E-C171E837E93F}
	EndGlobalSection
EndGlobal
