
Microsoft Visual Studio Solution File, Format Version 12.00
# Visual Studio Version 16
VisualStudioVersion = 16.0.30804.86
MinimumVisualStudioVersion = 10.0.40219.1
Project("{FAE04EC0-301F-11D3-BF4B-00C04F79EFBC}") = "RurlejileGearhuheljale", "RurlejileGearhuheljale\RurlejileGearhuheljale.csproj", "{C8CDE57F-0CDA-4B0A-AE93-81A2F0C644A5}"
EndProject
Global
	GlobalSection(SolutionConfigurationPlatforms) = preSolution
		Debug|Any CPU = Debug|Any CPU
		Release|Any CPU = Release|Any CPU
	EndGlobalSection
	GlobalSection(ProjectConfigurationPlatforms) = postSolution
		{C8CDE57F-0CDA-4B0A-AE93-81A2F0C644A5}.Debug|Any CPU.ActiveCfg = Debug|Any CPU
		{C8CDE57F-0CDA-4B0A-AE93-81A2F0C644A5}.Debug|Any CPU.Build.0 = Debug|Any CPU
		{C8CDE57F-0CDA-4B0A-AE93-81A2F0C644A5}.Release|Any CPU.ActiveCfg = Release|Any CPU
		{C8CDE57F-0CDA-4B0A-AE93-81A2F0C644A5}.Release|Any CPU.Build.0 = Release|Any CPU
	EndGlobalSection
	GlobalSection(SolutionProperties) = preSolution
		HideSolutionNode = FALSE
	EndGlobalSection
	GlobalSection(ExtensibilityGlobals) = postSolution
		SolutionGuid = {AAF19647-FDAE-4FC2-8AA2-34F0E37DE07C}
	EndGlobalSection
EndGlobal
