
Microsoft Visual Studio Solution File, Format Version 12.00
# Visual Studio Version 17
VisualStudioVersion = 17.0.32014.148
MinimumVisualStudioVersion = 10.0.40219.1
Project("{FAE04EC0-301F-11D3-BF4B-00C04F79EFBC}") = "JaynawlifallnerBawhairchikel", "JaynawlifallnerBawhairchikel\JaynawlifallnerBawhairchikel.csproj", "{BA6D29A4-8398-4DF9-8D4C-6E96168684CD}"
EndProject
Global
	GlobalSection(SolutionConfigurationPlatforms) = preSolution
		Debug|Any CPU = Debug|Any CPU
		Release|Any CPU = Release|Any CPU
	EndGlobalSection
	GlobalSection(ProjectConfigurationPlatforms) = postSolution
		{BA6D29A4-8398-4DF9-8D4C-6E96168684CD}.Debug|Any CPU.ActiveCfg = Debug|Any CPU
		{BA6D29A4-8398-4DF9-8D4C-6E96168684CD}.Debug|Any CPU.Build.0 = Debug|Any CPU
		{BA6D29A4-8398-4DF9-8D4C-6E96168684CD}.Release|Any CPU.ActiveCfg = Release|Any CPU
		{BA6D29A4-8398-4DF9-8D4C-6E96168684CD}.Release|Any CPU.Build.0 = Release|Any CPU
	EndGlobalSection
	GlobalSection(SolutionProperties) = preSolution
		HideSolutionNode = FALSE
	EndGlobalSection
	GlobalSection(ExtensibilityGlobals) = postSolution
		SolutionGuid = {7F704C2A-113A-40C7-B63F-A11F66E34AE2}
	EndGlobalSection
EndGlobal
