
Microsoft Visual Studio Solution File, Format Version 12.00
# Visual Studio Version 16
VisualStudioVersion = 16.0.29728.190
MinimumVisualStudioVersion = 10.0.40219.1
Project("{FAE04EC0-301F-11D3-BF4B-00C04F79EFBC}") = "RarjarkaihemcemLakekoyai", "RarjarkaihemcemLakekoyai\RarjarkaihemcemLakekoyai.csproj", "{AA50F8EE-913A-412F-B035-E4D69B1DF859}"
EndProject
Global
	GlobalSection(SolutionConfigurationPlatforms) = preSolution
		Debug|Any CPU = Debug|Any CPU
		Release|Any CPU = Release|Any CPU
	EndGlobalSection
	GlobalSection(ProjectConfigurationPlatforms) = postSolution
		{AA50F8EE-913A-412F-B035-E4D69B1DF859}.Debug|Any CPU.ActiveCfg = Debug|Any CPU
		{AA50F8EE-913A-412F-B035-E4D69B1DF859}.Debug|Any CPU.Build.0 = Debug|Any CPU
		{AA50F8EE-913A-412F-B035-E4D69B1DF859}.Release|Any CPU.ActiveCfg = Release|Any CPU
		{AA50F8EE-913A-412F-B035-E4D69B1DF859}.Release|Any CPU.Build.0 = Release|Any CPU
	EndGlobalSection
	GlobalSection(SolutionProperties) = preSolution
		HideSolutionNode = FALSE
	EndGlobalSection
	GlobalSection(ExtensibilityGlobals) = postSolution
		SolutionGuid = {9DE8942C-7014-4272-B106-D7EF4E766641}
	EndGlobalSection
EndGlobal
