
Microsoft Visual Studio Solution File, Format Version 12.00
# Visual Studio Version 16
VisualStudioVersion = 16.0.29201.188
MinimumVisualStudioVersion = 10.0.40219.1
Project("{FAE04EC0-301F-11D3-BF4B-00C04F79EFBC}") = "PageTurning", "PageTurning\PageTurning.csproj", "{3A66AF02-3DAA-4362-88A7-E3126BE3CFCA}"
EndProject
Global
	GlobalSection(SolutionConfigurationPlatforms) = preSolution
		Debug|Any CPU = Debug|Any CPU
		Release|Any CPU = Release|Any CPU
	EndGlobalSection
	GlobalSection(ProjectConfigurationPlatforms) = postSolution
		{3A66AF02-3DAA-4362-88A7-E3126BE3CFCA}.Debug|Any CPU.ActiveCfg = Debug|Any CPU
		{3A66AF02-3DAA-4362-88A7-E3126BE3CFCA}.Debug|Any CPU.Build.0 = Debug|Any CPU
		{3A66AF02-3DAA-4362-88A7-E3126BE3CFCA}.Release|Any CPU.ActiveCfg = Release|Any CPU
		{3A66AF02-3DAA-4362-88A7-E3126BE3CFCA}.Release|Any CPU.Build.0 = Release|Any CPU
	EndGlobalSection
	GlobalSection(SolutionProperties) = preSolution
		HideSolutionNode = FALSE
	EndGlobalSection
	GlobalSection(ExtensibilityGlobals) = postSolution
		SolutionGuid = {CD09AC08-EEA9-4355-9F94-6E42D8BE361D}
	EndGlobalSection
EndGlobal
