
Microsoft Visual Studio Solution File, Format Version 12.00
# Visual Studio Version 16
VisualStudioVersion = 16.0.31729.503
MinimumVisualStudioVersion = 10.0.40219.1
Project("{FAE04EC0-301F-11D3-BF4B-00C04F79EFBC}") = "App", "App.csproj", "{1D24C469-7668-4F3C-BBBB-EF87BE1A38B8}"
EndProject
Project("{FAE04EC0-301F-11D3-BF4B-00C04F79EFBC}") = "Lib", "..\Lib\Lib.csproj", "{3FF61C98-291E-4B77-8F5B-AE947E925F60}"
EndProject
Global
	GlobalSection(SolutionConfigurationPlatforms) = preSolution
		Debug|Any CPU = Debug|Any CPU
		Release|Any CPU = Release|Any CPU
	EndGlobalSection
	GlobalSection(ProjectConfigurationPlatforms) = postSolution
		{1D24C469-7668-4F3C-BBBB-EF87BE1A38B8}.Debug|Any CPU.ActiveCfg = Debug|Any CPU
		{1D24C469-7668-4F3C-BBBB-EF87BE1A38B8}.Debug|Any CPU.Build.0 = Debug|Any CPU
		{1D24C469-7668-4F3C-BBBB-EF87BE1A38B8}.Release|Any CPU.ActiveCfg = Release|Any CPU
		{1D24C469-7668-4F3C-BBBB-EF87BE1A38B8}.Release|Any CPU.Build.0 = Release|Any CPU
		{3FF61C98-291E-4B77-8F5B-AE947E925F60}.Debug|Any CPU.ActiveCfg = Debug|Any CPU
		{3FF61C98-291E-4B77-8F5B-AE947E925F60}.Debug|Any CPU.Build.0 = Debug|Any CPU
		{3FF61C98-291E-4B77-8F5B-AE947E925F60}.Release|Any CPU.ActiveCfg = Release|Any CPU
		{3FF61C98-291E-4B77-8F5B-AE947E925F60}.Release|Any CPU.Build.0 = Release|Any CPU
	EndGlobalSection
	GlobalSection(SolutionProperties) = preSolution
		HideSolutionNode = FALSE
	EndGlobalSection
	GlobalSection(ExtensibilityGlobals) = postSolution
		SolutionGuid = {B76FAE5A-813D-42F0-9262-148E059C6720}
	EndGlobalSection
EndGlobal
