
Microsoft Visual Studio Solution File, Format Version 12.00
# Visual Studio Version 16
VisualStudioVersion = 16.0.30804.86
MinimumVisualStudioVersion = 10.0.40219.1
Project("{FAE04EC0-301F-11D3-BF4B-00C04F79EFBC}") = "LurkinurhuwarcuWhawhiweayea", "LurkinurhuwarcuWhawhiweayea.csproj", "{34F9BE9A-170D-4595-90ED-EC6F39D6C8FC}"
EndProject
Global
	GlobalSection(SolutionConfigurationPlatforms) = preSolution
		Debug|Any CPU = Debug|Any CPU
		Release|Any CPU = Release|Any CPU
	EndGlobalSection
	GlobalSection(ProjectConfigurationPlatforms) = postSolution
		{34F9BE9A-170D-4595-90ED-EC6F39D6C8FC}.Debug|Any CPU.ActiveCfg = Debug|Any CPU
		{34F9BE9A-170D-4595-90ED-EC6F39D6C8FC}.Debug|Any CPU.Build.0 = Debug|Any CPU
		{34F9BE9A-170D-4595-90ED-EC6F39D6C8FC}.Release|Any CPU.ActiveCfg = Release|Any CPU
		{34F9BE9A-170D-4595-90ED-EC6F39D6C8FC}.Release|Any CPU.Build.0 = Release|Any CPU
	EndGlobalSection
	GlobalSection(SolutionProperties) = preSolution
		HideSolutionNode = FALSE
	EndGlobalSection
	GlobalSection(ExtensibilityGlobals) = postSolution
		SolutionGuid = {56472292-532B-467F-AC7D-75890773ECD1}
	EndGlobalSection
EndGlobal
