
Microsoft Visual Studio Solution File, Format Version 12.00
# Visual Studio Version 17
VisualStudioVersion = 17.2.32505.173
MinimumVisualStudioVersion = 10.0.40219.1
Project("{FAE04EC0-301F-11D3-BF4B-00C04F79EFBC}") = "KokicakawheeyeeWhemhedawfelawnemhel", "KokicakawheeyeeWhemhedawfelawnemhel\KokicakawheeyeeWhemhedawfelawnemhel.csproj", "{2FB37061-1DD2-4A67-81E3-B8E902EAE442}"
EndProject
Global
	GlobalSection(SolutionConfigurationPlatforms) = preSolution
		Debug|Any CPU = Debug|Any CPU
		Debug|x86 = Debug|x86
		Release|Any CPU = Release|Any CPU
		Release|x86 = Release|x86
	EndGlobalSection
	GlobalSection(ProjectConfigurationPlatforms) = postSolution
		{2FB37061-1DD2-4A67-81E3-B8E902EAE442}.Debug|Any CPU.ActiveCfg = Debug|Any CPU
		{2FB37061-1DD2-4A67-81E3-B8E902EAE442}.Debug|Any CPU.Build.0 = Debug|Any CPU
		{2FB37061-1DD2-4A67-81E3-B8E902EAE442}.Debug|x86.ActiveCfg = Debug|x86
		{2FB37061-1DD2-4A67-81E3-B8E902EAE442}.Debug|x86.Build.0 = Debug|x86
		{2FB37061-1DD2-4A67-81E3-B8E902EAE442}.Release|Any CPU.ActiveCfg = Release|Any CPU
		{2FB37061-1DD2-4A67-81E3-B8E902EAE442}.Release|Any CPU.Build.0 = Release|Any CPU
		{2FB37061-1DD2-4A67-81E3-B8E902EAE442}.Release|x86.ActiveCfg = Release|x86
		{2FB37061-1DD2-4A67-81E3-B8E902EAE442}.Release|x86.Build.0 = Release|x86
	EndGlobalSection
	GlobalSection(SolutionProperties) = preSolution
		HideSolutionNode = FALSE
	EndGlobalSection
	GlobalSection(ExtensibilityGlobals) = postSolution
		SolutionGuid = {4EE394E6-24AB-4C60-96C8-B6CAEB201CE3}
	EndGlobalSection
EndGlobal
