
Microsoft Visual Studio Solution File, Format Version 12.00
# Visual Studio Version 17
VisualStudioVersion = 17.4.33403.182
MinimumVisualStudioVersion = 10.0.40219.1
Project("{FAE04EC0-301F-11D3-BF4B-00C04F79EFBC}") = "HawakejarhereJemnaqurjeelear", "HawakejarhereJemnaqurjeelear\HawakejarhereJemnaqurjeelear.csproj", "{50803824-FCC7-4CF7-8E54-98E75F889B60}"
EndProject
Global
	GlobalSection(SolutionConfigurationPlatforms) = preSolution
		Debug|Any CPU = Debug|Any CPU
		Release|Any CPU = Release|Any CPU
	EndGlobalSection
	GlobalSection(ProjectConfigurationPlatforms) = postSolution
		{50803824-FCC7-4CF7-8E54-98E75F889B60}.Debug|Any CPU.ActiveCfg = Debug|Any CPU
		{50803824-FCC7-4CF7-8E54-98E75F889B60}.Debug|Any CPU.Build.0 = Debug|Any CPU
		{50803824-FCC7-4CF7-8E54-98E75F889B60}.Release|Any CPU.ActiveCfg = Release|Any CPU
		{50803824-FCC7-4CF7-8E54-98E75F889B60}.Release|Any CPU.Build.0 = Release|Any CPU
	EndGlobalSection
	GlobalSection(SolutionProperties) = preSolution
		HideSolutionNode = FALSE
	EndGlobalSection
	GlobalSection(ExtensibilityGlobals) = postSolution
		SolutionGuid = {615DBC23-E96B-42A2-8C97-69C36EB58C71}
	EndGlobalSection
EndGlobal
