
Microsoft Visual Studio Solution File, Format Version 12.00
# Visual Studio Version 17
VisualStudioVersion = 17.3.32929.385
MinimumVisualStudioVersion = 10.0.40219.1
Project("{FAE04EC0-301F-11D3-BF4B-00C04F79EFBC}") = "FearbelwhairkoFallcherwifa", "FearbelwhairkoFallcherwifa\FearbelwhairkoFallcherwifa.csproj", "{580E55C1-8A0B-4CAF-9D49-DAEB1E904AA4}"
EndProject
Global
	GlobalSection(SolutionConfigurationPlatforms) = preSolution
		Debug|Any CPU = Debug|Any CPU
		Release|Any CPU = Release|Any CPU
	EndGlobalSection
	GlobalSection(ProjectConfigurationPlatforms) = postSolution
		{580E55C1-8A0B-4CAF-9D49-DAEB1E904AA4}.Debug|Any CPU.ActiveCfg = Debug|Any CPU
		{580E55C1-8A0B-4CAF-9D49-DAEB1E904AA4}.Debug|Any CPU.Build.0 = Debug|Any CPU
		{580E55C1-8A0B-4CAF-9D49-DAEB1E904AA4}.Release|Any CPU.ActiveCfg = Release|Any CPU
		{580E55C1-8A0B-4CAF-9D49-DAEB1E904AA4}.Release|Any CPU.Build.0 = Release|Any CPU
	EndGlobalSection
	GlobalSection(SolutionProperties) = preSolution
		HideSolutionNode = FALSE
	EndGlobalSection
	GlobalSection(ExtensibilityGlobals) = postSolution
		SolutionGuid = {C2161605-5F43-4CC0-8881-689AFE9469E2}
	EndGlobalSection
EndGlobal
