
Microsoft Visual Studio Solution File, Format Version 12.00
# Visual Studio Version 16
VisualStudioVersion = 16.0.29230.47
MinimumVisualStudioVersion = 10.0.40219.1
Project("{FAE04EC0-301F-11D3-BF4B-00C04F79EFBC}") = "HacurbonefeciloQicejewarrerai", "HacurbonefeciloQicejewarrerai\HacurbonefeciloQicejewarrerai.csproj", "{873FABC4-CFAA-424E-8006-22D10DE32D0C}"
EndProject
Project("{FAE04EC0-301F-11D3-BF4B-00C04F79EFBC}") = "QelweehaqeJajowhiju", "QelweehaqeJajowhiju\QelweehaqeJajowhiju.csproj", "{1CFB256D-2F0F-4D97-8F23-F1D75FAF0B2E}"
EndProject
Global
	GlobalSection(SolutionConfigurationPlatforms) = preSolution
		Debug|Any CPU = Debug|Any CPU
		Release|Any CPU = Release|Any CPU
	EndGlobalSection
	GlobalSection(ProjectConfigurationPlatforms) = postSolution
		{873FABC4-CFAA-424E-8006-22D10DE32D0C}.Debug|Any CPU.ActiveCfg = Debug|Any CPU
		{873FABC4-CFAA-424E-8006-22D10DE32D0C}.Debug|Any CPU.Build.0 = Debug|Any CPU
		{873FABC4-CFAA-424E-8006-22D10DE32D0C}.Release|Any CPU.ActiveCfg = Release|Any CPU
		{873FABC4-CFAA-424E-8006-22D10DE32D0C}.Release|Any CPU.Build.0 = Release|Any CPU
		{1CFB256D-2F0F-4D97-8F23-F1D75FAF0B2E}.Debug|Any CPU.ActiveCfg = Debug|Any CPU
		{1CFB256D-2F0F-4D97-8F23-F1D75FAF0B2E}.Debug|Any CPU.Build.0 = Debug|Any CPU
		{1CFB256D-2F0F-4D97-8F23-F1D75FAF0B2E}.Release|Any CPU.ActiveCfg = Release|Any CPU
		{1CFB256D-2F0F-4D97-8F23-F1D75FAF0B2E}.Release|Any CPU.Build.0 = Release|Any CPU
	EndGlobalSection
	GlobalSection(SolutionProperties) = preSolution
		HideSolutionNode = FALSE
	EndGlobalSection
	GlobalSection(ExtensibilityGlobals) = postSolution
		SolutionGuid = {17067FA4-0D36-444C-A7D6-DC81D07D657F}
	EndGlobalSection
EndGlobal
