
Microsoft Visual Studio Solution File, Format Version 12.00
# Visual Studio Version 16
VisualStudioVersion = 16.0.28803.452
MinimumVisualStudioVersion = 10.0.40219.1
Project("{FAE04EC0-301F-11D3-BF4B-00C04F79EFBC}") = "BemjefearjiLebedayal", "BemjefearjiLebedayal\BemjefearjiLebedayal.csproj", "{9529C1C4-827F-4DE9-B4C0-0A4A63EAB850}"
EndProject
Project("{FAE04EC0-301F-11D3-BF4B-00C04F79EFBC}") = "FibiwhearweJukelerekalu", "FibiwhearweJukelerekalu\FibiwhearweJukelerekalu.csproj", "{47C27FEE-09DA-4898-B6BC-977CC6D7DB90}"
EndProject
Global
	GlobalSection(SolutionConfigurationPlatforms) = preSolution
		Debug|Any CPU = Debug|Any CPU
		Release|Any CPU = Release|Any CPU
	EndGlobalSection
	GlobalSection(ProjectConfigurationPlatforms) = postSolution
		{9529C1C4-827F-4DE9-B4C0-0A4A63EAB850}.Debug|Any CPU.ActiveCfg = Debug|Any CPU
		{9529C1C4-827F-4DE9-B4C0-0A4A63EAB850}.Debug|Any CPU.Build.0 = Debug|Any CPU
		{9529C1C4-827F-4DE9-B4C0-0A4A63EAB850}.Release|Any CPU.ActiveCfg = Release|Any CPU
		{9529C1C4-827F-4DE9-B4C0-0A4A63EAB850}.Release|Any CPU.Build.0 = Release|Any CPU
		{47C27FEE-09DA-4898-B6BC-977CC6D7DB90}.Debug|Any CPU.ActiveCfg = Debug|Any CPU
		{47C27FEE-09DA-4898-B6BC-977CC6D7DB90}.Debug|Any CPU.Build.0 = Debug|Any CPU
		{47C27FEE-09DA-4898-B6BC-977CC6D7DB90}.Release|Any CPU.ActiveCfg = Release|Any CPU
		{47C27FEE-09DA-4898-B6BC-977CC6D7DB90}.Release|Any CPU.Build.0 = Release|Any CPU
	EndGlobalSection
	GlobalSection(SolutionProperties) = preSolution
		HideSolutionNode = FALSE
	EndGlobalSection
	GlobalSection(ExtensibilityGlobals) = postSolution
		SolutionGuid = {359E079D-CABB-47A2-A602-DCB51095174B}
	EndGlobalSection
EndGlobal
