
Microsoft Visual Studio Solution File, Format Version 12.00
# Visual Studio Version 17
VisualStudioVersion = 17.4.33213.308
MinimumVisualStudioVersion = 10.0.40219.1
Project("{FAE04EC0-301F-11D3-BF4B-00C04F79EFBC}") = "NelboraifilalHurfallchuca", "NelboraifilalHurfallchuca\NelboraifilalHurfallchuca.csproj", "{49447BC4-54A7-4AD4-94B2-E48CE94C2D0E}"
EndProject
Global
	GlobalSection(SolutionConfigurationPlatforms) = preSolution
		Debug|Any CPU = Debug|Any CPU
		Release|Any CPU = Release|Any CPU
	EndGlobalSection
	GlobalSection(ProjectConfigurationPlatforms) = postSolution
		{49447BC4-54A7-4AD4-94B2-E48CE94C2D0E}.Debug|Any CPU.ActiveCfg = Debug|Any CPU
		{49447BC4-54A7-4AD4-94B2-E48CE94C2D0E}.Debug|Any CPU.Build.0 = Debug|Any CPU
		{49447BC4-54A7-4AD4-94B2-E48CE94C2D0E}.Release|Any CPU.ActiveCfg = Release|Any CPU
		{49447BC4-54A7-4AD4-94B2-E48CE94C2D0E}.Release|Any CPU.Build.0 = Release|Any CPU
	EndGlobalSection
	GlobalSection(SolutionProperties) = preSolution
		HideSolutionNode = FALSE
	EndGlobalSection
	GlobalSection(ExtensibilityGlobals) = postSolution
		SolutionGuid = {A2C4724A-9923-4765-A823-ED64EE8B8F9C}
	EndGlobalSection
EndGlobal
