
Microsoft Visual Studio Solution File, Format Version 12.00
# Visual Studio Version 17
VisualStudioVersion = 17.0.32014.148
MinimumVisualStudioVersion = 10.0.40219.1
Project("{FAE04EC0-301F-11D3-BF4B-00C04F79EFBC}") = "FerehaiyerleNeqairkereferebearhe", "FerehaiyerleNeqairkereferebearhe\FerehaiyerleNeqairkereferebearhe.csproj", "{0F116247-3701-45FD-A1AE-07EEEDF7C1B6}"
EndProject
Global
	GlobalSection(SolutionConfigurationPlatforms) = preSolution
		Debug|Any CPU = Debug|Any CPU
		Release|Any CPU = Release|Any CPU
	EndGlobalSection
	GlobalSection(ProjectConfigurationPlatforms) = postSolution
		{0F116247-3701-45FD-A1AE-07EEEDF7C1B6}.Debug|Any CPU.ActiveCfg = Debug|Any CPU
		{0F116247-3701-45FD-A1AE-07EEEDF7C1B6}.Debug|Any CPU.Build.0 = Debug|Any CPU
		{0F116247-3701-45FD-A1AE-07EEEDF7C1B6}.Release|Any CPU.ActiveCfg = Release|Any CPU
		{0F116247-3701-45FD-A1AE-07EEEDF7C1B6}.Release|Any CPU.Build.0 = Release|Any CPU
	EndGlobalSection
	GlobalSection(SolutionProperties) = preSolution
		HideSolutionNode = FALSE
	EndGlobalSection
	GlobalSection(ExtensibilityGlobals) = postSolution
		SolutionGuid = {725C8E59-3FE9-4309-B25F-65B8D33C48F2}
	EndGlobalSection
EndGlobal
