
Microsoft Visual Studio Solution File, Format Version 12.00
# Visual Studio Version 16
VisualStudioVersion = 16.0.30225.117
MinimumVisualStudioVersion = 10.0.40219.1
Project("{FAE04EC0-301F-11D3-BF4B-00C04F79EFBC}") = "KocarnonerefairbeYuyemdearfurcereche", "KocarnonerefairbeYuyemdearfurcereche\KocarnonerefairbeYuyemdearfurcereche.csproj", "{51CAD868-18C9-487D-AA45-4C05F874AD7D}"
EndProject
Global
	GlobalSection(SolutionConfigurationPlatforms) = preSolution
		Debug|Any CPU = Debug|Any CPU
		Release|Any CPU = Release|Any CPU
	EndGlobalSection
	GlobalSection(ProjectConfigurationPlatforms) = postSolution
		{51CAD868-18C9-487D-AA45-4C05F874AD7D}.Debug|Any CPU.ActiveCfg = Debug|Any CPU
		{51CAD868-18C9-487D-AA45-4C05F874AD7D}.Debug|Any CPU.Build.0 = Debug|Any CPU
		{51CAD868-18C9-487D-AA45-4C05F874AD7D}.Release|Any CPU.ActiveCfg = Release|Any CPU
		{51CAD868-18C9-487D-AA45-4C05F874AD7D}.Release|Any CPU.Build.0 = Release|Any CPU
	EndGlobalSection
	GlobalSection(SolutionProperties) = preSolution
		HideSolutionNode = FALSE
	EndGlobalSection
	GlobalSection(ExtensibilityGlobals) = postSolution
		SolutionGuid = {7DEE0118-ECB9-417B-B39E-BF4F7B4CF491}
	EndGlobalSection
EndGlobal
