
Microsoft Visual Studio Solution File, Format Version 12.00
# Visual Studio Version 16
VisualStudioVersion = 16.0.30523.141
MinimumVisualStudioVersion = 10.0.40219.1
Project("{FAE04EC0-301F-11D3-BF4B-00C04F79EFBC}") = "GayallhakereKuherferelegi", "GayallhakereKuherferelegi\GayallhakereKuherferelegi.csproj", "{BE1F7705-F4E6-474E-A58B-C850FB1B4ACB}"
EndProject
Global
	GlobalSection(SolutionConfigurationPlatforms) = preSolution
		Debug|Any CPU = Debug|Any CPU
		Release|Any CPU = Release|Any CPU
	EndGlobalSection
	GlobalSection(ProjectConfigurationPlatforms) = postSolution
		{BE1F7705-F4E6-474E-A58B-C850FB1B4ACB}.Debug|Any CPU.ActiveCfg = Debug|Any CPU
		{BE1F7705-F4E6-474E-A58B-C850FB1B4ACB}.Debug|Any CPU.Build.0 = Debug|Any CPU
		{BE1F7705-F4E6-474E-A58B-C850FB1B4ACB}.Release|Any CPU.ActiveCfg = Release|Any CPU
		{BE1F7705-F4E6-474E-A58B-C850FB1B4ACB}.Release|Any CPU.Build.0 = Release|Any CPU
	EndGlobalSection
	GlobalSection(SolutionProperties) = preSolution
		HideSolutionNode = FALSE
	EndGlobalSection
	GlobalSection(ExtensibilityGlobals) = postSolution
		SolutionGuid = {3825E770-C171-40F1-A358-BF6DC32F81D3}
	EndGlobalSection
EndGlobal
