
Microsoft Visual Studio Solution File, Format Version 12.00
# Visual Studio Version 17
VisualStudioVersion = 17.0.31903.59
MinimumVisualStudioVersion = 10.0.40219.1
Project("{2150E333-8FDC-42A3-9474-1A3956D46DE8}") = "src", "src", "{827E0CD3-B72D-47B6-A68D-7590B98EB39B}"
EndProject
Project("{FAE04EC0-301F-11D3-BF4B-00C04F79EFBC}") = "DotNetCampus.InkCanvas.InkCore", "src\DotNetCampus.InkCanvas.InkCore\DotNetCampus.InkCanvas.InkCore.csproj", "{C0CDF432-913F-4F83-BF0B-C13B6A15B1C7}"
EndProject
Project("{2150E333-8FDC-42A3-9474-1A3956D46DE8}") = "Reference", "Reference", "{BDE35A5A-67E2-89B5-F696-3D963A037A75}"
EndProject
Project("{FAE04EC0-301F-11D3-BF4B-00C04F79EFBC}") = "WejallkachawDadeawejearhuce", "..\WejallkachawDadeawejearhuce\WejallkachawDadeawejearhuce\WejallkachawDadeawejearhuce.csproj", "{CED3D0E5-B428-ABD3-25D2-FD76FA56C6D5}"
EndProject
Project("{2150E333-8FDC-42A3-9474-1A3956D46DE8}") = "Platform", "Platform", "{4DF80442-A1E5-CC28-AE7B-27B5F9BFE52B}"
EndProject
Project("{2150E333-8FDC-42A3-9474-1A3956D46DE8}") = "Uno", "Uno", "{BFC53A13-E99E-279D-DF82-E8FC0ADBE16E}"
EndProject
Project("{FAE04EC0-301F-11D3-BF4B-00C04F79EFBC}") = "UnoHacker", "src\DotNetCampus.UnoInkCanvas\UnoHacker\UnoHacker.csproj", "{8B4FC0F1-15C6-E6B6-5195-B0AD5FE3FA3D}"
EndProject
Project("{2150E333-8FDC-42A3-9474-1A3956D46DE8}") = "DotNetCampus.UnoInkCanvas", "DotNetCampus.UnoInkCanvas", "{8E1655F8-3058-C83D-AED0-F6A0C12AB825}"
EndProject
Project("{FAE04EC0-301F-11D3-BF4B-00C04F79EFBC}") = "UnoInk", "src\DotNetCampus.UnoInkCanvas\UnoInk\UnoInk.csproj", "{E677D984-2319-4667-B169-E44F9821F3F6}"
EndProject
Project("{2150E333-8FDC-42A3-9474-1A3956D46DE8}") = "Avalonia", "Avalonia", "{F4933E65-9FF9-5E6A-EF25-B7A6B1744458}"
EndProject
Global
	GlobalSection(SolutionConfigurationPlatforms) = preSolution
		Debug|Any CPU = Debug|Any CPU
		Debug|x64 = Debug|x64
		Debug|x86 = Debug|x86
		Release|Any CPU = Release|Any CPU
		Release|x64 = Release|x64
		Release|x86 = Release|x86
	EndGlobalSection
	GlobalSection(ProjectConfigurationPlatforms) = postSolution
		{C0CDF432-913F-4F83-BF0B-C13B6A15B1C7}.Debug|Any CPU.ActiveCfg = Debug|Any CPU
		{C0CDF432-913F-4F83-BF0B-C13B6A15B1C7}.Debug|Any CPU.Build.0 = Debug|Any CPU
		{C0CDF432-913F-4F83-BF0B-C13B6A15B1C7}.Debug|x64.ActiveCfg = Debug|Any CPU
		{C0CDF432-913F-4F83-BF0B-C13B6A15B1C7}.Debug|x64.Build.0 = Debug|Any CPU
		{C0CDF432-913F-4F83-BF0B-C13B6A15B1C7}.Debug|x86.ActiveCfg = Debug|Any CPU
		{C0CDF432-913F-4F83-BF0B-C13B6A15B1C7}.Debug|x86.Build.0 = Debug|Any CPU
		{C0CDF432-913F-4F83-BF0B-C13B6A15B1C7}.Release|Any CPU.ActiveCfg = Release|Any CPU
		{C0CDF432-913F-4F83-BF0B-C13B6A15B1C7}.Release|Any CPU.Build.0 = Release|Any CPU
		{C0CDF432-913F-4F83-BF0B-C13B6A15B1C7}.Release|x64.ActiveCfg = Release|Any CPU
		{C0CDF432-913F-4F83-BF0B-C13B6A15B1C7}.Release|x64.Build.0 = Release|Any CPU
		{C0CDF432-913F-4F83-BF0B-C13B6A15B1C7}.Release|x86.ActiveCfg = Release|Any CPU
		{C0CDF432-913F-4F83-BF0B-C13B6A15B1C7}.Release|x86.Build.0 = Release|Any CPU
		{CED3D0E5-B428-ABD3-25D2-FD76FA56C6D5}.Debug|Any CPU.ActiveCfg = Debug|Any CPU
		{CED3D0E5-B428-ABD3-25D2-FD76FA56C6D5}.Debug|Any CPU.Build.0 = Debug|Any CPU
		{CED3D0E5-B428-ABD3-25D2-FD76FA56C6D5}.Debug|x64.ActiveCfg = Debug|Any CPU
		{CED3D0E5-B428-ABD3-25D2-FD76FA56C6D5}.Debug|x64.Build.0 = Debug|Any CPU
		{CED3D0E5-B428-ABD3-25D2-FD76FA56C6D5}.Debug|x86.ActiveCfg = Debug|Any CPU
		{CED3D0E5-B428-ABD3-25D2-FD76FA56C6D5}.Debug|x86.Build.0 = Debug|Any CPU
		{CED3D0E5-B428-ABD3-25D2-FD76FA56C6D5}.Release|Any CPU.ActiveCfg = Release|Any CPU
		{CED3D0E5-B428-ABD3-25D2-FD76FA56C6D5}.Release|Any CPU.Build.0 = Release|Any CPU
		{CED3D0E5-B428-ABD3-25D2-FD76FA56C6D5}.Release|x64.ActiveCfg = Release|Any CPU
		{CED3D0E5-B428-ABD3-25D2-FD76FA56C6D5}.Release|x64.Build.0 = Release|Any CPU
		{CED3D0E5-B428-ABD3-25D2-FD76FA56C6D5}.Release|x86.ActiveCfg = Release|Any CPU
		{CED3D0E5-B428-ABD3-25D2-FD76FA56C6D5}.Release|x86.Build.0 = Release|Any CPU
		{8B4FC0F1-15C6-E6B6-5195-B0AD5FE3FA3D}.Debug|Any CPU.ActiveCfg = Debug|Any CPU
		{8B4FC0F1-15C6-E6B6-5195-B0AD5FE3FA3D}.Debug|Any CPU.Build.0 = Debug|Any CPU
		{8B4FC0F1-15C6-E6B6-5195-B0AD5FE3FA3D}.Debug|x64.ActiveCfg = Debug|Any CPU
		{8B4FC0F1-15C6-E6B6-5195-B0AD5FE3FA3D}.Debug|x64.Build.0 = Debug|Any CPU
		{8B4FC0F1-15C6-E6B6-5195-B0AD5FE3FA3D}.Debug|x86.ActiveCfg = Debug|Any CPU
		{8B4FC0F1-15C6-E6B6-5195-B0AD5FE3FA3D}.Debug|x86.Build.0 = Debug|Any CPU
		{8B4FC0F1-15C6-E6B6-5195-B0AD5FE3FA3D}.Release|Any CPU.ActiveCfg = Release|Any CPU
		{8B4FC0F1-15C6-E6B6-5195-B0AD5FE3FA3D}.Release|Any CPU.Build.0 = Release|Any CPU
		{8B4FC0F1-15C6-E6B6-5195-B0AD5FE3FA3D}.Release|x64.ActiveCfg = Release|Any CPU
		{8B4FC0F1-15C6-E6B6-5195-B0AD5FE3FA3D}.Release|x64.Build.0 = Release|Any CPU
		{8B4FC0F1-15C6-E6B6-5195-B0AD5FE3FA3D}.Release|x86.ActiveCfg = Release|Any CPU
		{8B4FC0F1-15C6-E6B6-5195-B0AD5FE3FA3D}.Release|x86.Build.0 = Release|Any CPU
		{E677D984-2319-4667-B169-E44F9821F3F6}.Debug|Any CPU.ActiveCfg = Debug|Any CPU
		{E677D984-2319-4667-B169-E44F9821F3F6}.Debug|Any CPU.Build.0 = Debug|Any CPU
		{E677D984-2319-4667-B169-E44F9821F3F6}.Debug|x64.ActiveCfg = Debug|Any CPU
		{E677D984-2319-4667-B169-E44F9821F3F6}.Debug|x64.Build.0 = Debug|Any CPU
		{E677D984-2319-4667-B169-E44F9821F3F6}.Debug|x86.ActiveCfg = Debug|Any CPU
		{E677D984-2319-4667-B169-E44F9821F3F6}.Debug|x86.Build.0 = Debug|Any CPU
		{E677D984-2319-4667-B169-E44F9821F3F6}.Release|Any CPU.ActiveCfg = Release|Any CPU
		{E677D984-2319-4667-B169-E44F9821F3F6}.Release|Any CPU.Build.0 = Release|Any CPU
		{E677D984-2319-4667-B169-E44F9821F3F6}.Release|x64.ActiveCfg = Release|Any CPU
		{E677D984-2319-4667-B169-E44F9821F3F6}.Release|x64.Build.0 = Release|Any CPU
		{E677D984-2319-4667-B169-E44F9821F3F6}.Release|x86.ActiveCfg = Release|Any CPU
		{E677D984-2319-4667-B169-E44F9821F3F6}.Release|x86.Build.0 = Release|Any CPU
	EndGlobalSection
	GlobalSection(SolutionProperties) = preSolution
		HideSolutionNode = FALSE
	EndGlobalSection
	GlobalSection(NestedProjects) = preSolution
		{C0CDF432-913F-4F83-BF0B-C13B6A15B1C7} = {827E0CD3-B72D-47B6-A68D-7590B98EB39B}
		{CED3D0E5-B428-ABD3-25D2-FD76FA56C6D5} = {BDE35A5A-67E2-89B5-F696-3D963A037A75}
		{4DF80442-A1E5-CC28-AE7B-27B5F9BFE52B} = {827E0CD3-B72D-47B6-A68D-7590B98EB39B}
		{BFC53A13-E99E-279D-DF82-E8FC0ADBE16E} = {4DF80442-A1E5-CC28-AE7B-27B5F9BFE52B}
		{8B4FC0F1-15C6-E6B6-5195-B0AD5FE3FA3D} = {BFC53A13-E99E-279D-DF82-E8FC0ADBE16E}
		{8E1655F8-3058-C83D-AED0-F6A0C12AB825} = {827E0CD3-B72D-47B6-A68D-7590B98EB39B}
		{E677D984-2319-4667-B169-E44F9821F3F6} = {BFC53A13-E99E-279D-DF82-E8FC0ADBE16E}
		{F4933E65-9FF9-5E6A-EF25-B7A6B1744458} = {4DF80442-A1E5-CC28-AE7B-27B5F9BFE52B}
	EndGlobalSection
	GlobalSection(ExtensibilityGlobals) = postSolution
		SolutionGuid = {06734EB5-BFE6-4AEE-BCE6-AE541A12F7C9}
	EndGlobalSection
EndGlobal
