
Microsoft Visual Studio Solution File, Format Version 12.00
# Visual Studio Version 17
VisualStudioVersion = 17.4.33103.184
MinimumVisualStudioVersion = 10.0.40219.1
Project("{FAE04EC0-301F-11D3-BF4B-00C04F79EFBC}") = "NoworunoLearnearabone", "NoworunoLearnearabone\NoworunoLearnearabone.csproj", "{8F29D9BC-FCCB-410F-BDC9-31940FFD45B4}"
EndProject
Global
	GlobalSection(SolutionConfigurationPlatforms) = preSolution
		Debug|Any CPU = Debug|Any CPU
		Release|Any CPU = Release|Any CPU
	EndGlobalSection
	GlobalSection(ProjectConfigurationPlatforms) = postSolution
		{8F29D9BC-FCCB-410F-BDC9-31940FFD45B4}.Debug|Any CPU.ActiveCfg = Debug|Any CPU
		{8F29D9BC-FCCB-410F-BDC9-31940FFD45B4}.Debug|Any CPU.Build.0 = Debug|Any CPU
		{8F29D9BC-FCCB-410F-BDC9-31940FFD45B4}.Release|Any CPU.ActiveCfg = Release|Any CPU
		{8F29D9BC-FCCB-410F-BDC9-31940FFD45B4}.Release|Any CPU.Build.0 = Release|Any CPU
	EndGlobalSection
	GlobalSection(SolutionProperties) = preSolution
		HideSolutionNode = FALSE
	EndGlobalSection
	GlobalSection(ExtensibilityGlobals) = postSolution
		SolutionGuid = {773902BF-3ADD-4BFF-B043-3F32BB25D2DE}
	EndGlobalSection
EndGlobal
