
Microsoft Visual Studio Solution File, Format Version 12.00
# Visual Studio Version 16
VisualStudioVersion = 16.0.29324.140
MinimumVisualStudioVersion = 10.0.40219.1
Project("{FAE04EC0-301F-11D3-BF4B-00C04F79EFBC}") = "LabairliwoKelluyewhidee", "LabairliwoKelluyewhidee\LabairliwoKelluyewhidee.csproj", "{3C3AD357-EE4D-4237-BC7B-AD17F9142639}"
EndProject
Global
	GlobalSection(SolutionConfigurationPlatforms) = preSolution
		Debug|Any CPU = Debug|Any CPU
		Release|Any CPU = Release|Any CPU
	EndGlobalSection
	GlobalSection(ProjectConfigurationPlatforms) = postSolution
		{3C3AD357-EE4D-4237-BC7B-AD17F9142639}.Debug|Any CPU.ActiveCfg = Debug|Any CPU
		{3C3AD357-EE4D-4237-BC7B-AD17F9142639}.Debug|Any CPU.Build.0 = Debug|Any CPU
		{3C3AD357-EE4D-4237-BC7B-AD17F9142639}.Release|Any CPU.ActiveCfg = Release|Any CPU
		{3C3AD357-EE4D-4237-BC7B-AD17F9142639}.Release|Any CPU.Build.0 = Release|Any CPU
	EndGlobalSection
	GlobalSection(SolutionProperties) = preSolution
		HideSolutionNode = FALSE
	EndGlobalSection
	GlobalSection(ExtensibilityGlobals) = postSolution
		SolutionGuid = {AD004895-2D94-43CA-A9B8-1915EC9B1A66}
	EndGlobalSection
EndGlobal
