Microsoft Visual Studio Solution File, Format Version 12.00
# Visual Studio Version 17
VisualStudioVersion = 17.12.35506.116
MinimumVisualStudioVersion = 10.0.40219.1
Project("{FAE04EC0-301F-11D3-BF4B-00C04F79EFBC}") = "QearnallfalweljuGuwolerjajearfairhe", "QearnallfalweljuGuwolerjajearfairhe\QearnallfalweljuGuwolerjajearfairhe.csproj", "{3EB5772B-ED3A-4544-ABD6-981DAC1F8CA3}"
EndProject
Project("{2150E333-8FDC-42A3-9474-1A3956D46DE8}") = "Solution Items", "Solution Items", "{C4BFF24C-9EB2-498B-ABE5-1F5638478A8A}"
	ProjectSection(SolutionItems) = preProject
		.gitignore = .gitignore
		Directory.Build.props = Directory.Build.props
		Directory.Build.targets = Directory.Build.targets
		Directory.Packages.props = Directory.Packages.props
		global.json = global.json
	EndProjectSection
EndProject
Global
	GlobalSection(SolutionConfigurationPlatforms) = preSolution
		Debug|Any CPU = Debug|Any CPU
		Release|Any CPU = Release|Any CPU
	EndGlobalSection
	GlobalSection(ProjectConfigurationPlatforms) = postSolution
		{3EB5772B-ED3A-4544-ABD6-981DAC1F8CA3}.Debug|Any CPU.ActiveCfg = Debug|Any CPU
		{3EB5772B-ED3A-4544-ABD6-981DAC1F8CA3}.Debug|Any CPU.Build.0 = Debug|Any CPU
		{3EB5772B-ED3A-4544-ABD6-981DAC1F8CA3}.Debug|Any CPU.Deploy.0 = Debug|Any CPU
		{3EB5772B-ED3A-4544-ABD6-981DAC1F8CA3}.Release|Any CPU.ActiveCfg = Release|Any CPU
		{3EB5772B-ED3A-4544-ABD6-981DAC1F8CA3}.Release|Any CPU.Build.0 = Release|Any CPU
		{3EB5772B-ED3A-4544-ABD6-981DAC1F8CA3}.Release|Any CPU.Deploy.0 = Release|Any CPU
	EndGlobalSection
	GlobalSection(SolutionProperties) = preSolution
		HideSolutionNode = FALSE
	EndGlobalSection
EndGlobal
