
Microsoft Visual Studio Solution File, Format Version 12.00
# Visual Studio Version 17
VisualStudioVersion = 17.0.31919.166
MinimumVisualStudioVersion = 10.0.40219.1
Project("{FAE04EC0-301F-11D3-BF4B-00C04F79EFBC}") = "LiqahainiyurwearJayqucheno", "LiqahainiyurwearJayqucheno\LiqahainiyurwearJayqucheno.csproj", "{67E29320-1AE5-41FC-B6C3-28846F3A356C}"
EndProject
Global
	GlobalSection(SolutionConfigurationPlatforms) = preSolution
		Debug|Any CPU = Debug|Any CPU
		Release|Any CPU = Release|Any CPU
	EndGlobalSection
	GlobalSection(ProjectConfigurationPlatforms) = postSolution
		{67E29320-1AE5-41FC-B6C3-28846F3A356C}.Debug|Any CPU.ActiveCfg = Debug|Any CPU
		{67E29320-1AE5-41FC-B6C3-28846F3A356C}.Debug|Any CPU.Build.0 = Debug|Any CPU
		{67E29320-1AE5-41FC-B6C3-28846F3A356C}.Release|Any CPU.ActiveCfg = Release|Any CPU
		{67E29320-1AE5-41FC-B6C3-28846F3A356C}.Release|Any CPU.Build.0 = Release|Any CPU
	EndGlobalSection
	GlobalSection(SolutionProperties) = preSolution
		HideSolutionNode = FALSE
	EndGlobalSection
	GlobalSection(ExtensibilityGlobals) = postSolution
		SolutionGuid = {CF451D73-AEE3-4742-B2FF-5D319B0F7538}
	EndGlobalSection
EndGlobal
