
Microsoft Visual Studio Solution File, Format Version 12.00
# Visual Studio Version 16
VisualStudioVersion = 16.0.30225.117
MinimumVisualStudioVersion = 10.0.40219.1
Project("{FAE04EC0-301F-11D3-BF4B-00C04F79EFBC}") = "XamarinNeller.UWP", "XamarinNeller\XamarinNeller.UWP\XamarinNeller.UWP.csproj", "{6E05C1A8-AFA0-4BDC-9A8B-391A26FAEBF4}"
EndProject
Project("{FAE04EC0-301F-11D3-BF4B-00C04F79EFBC}") = "XamarinNeller.Android", "XamarinNeller\XamarinNeller.Android\XamarinNeller.Android.csproj", "{5B09D17B-DCF8-42FC-B19F-C8C137B751C5}"
EndProject
Project("{FAE04EC0-301F-11D3-BF4B-00C04F79EFBC}") = "XamarinNeller.iOS", "XamarinNeller\XamarinNeller.iOS\XamarinNeller.iOS.csproj", "{F3763394-91C4-4414-BE85-349E624213AC}"
EndProject
Project("{FAE04EC0-301F-11D3-BF4B-00C04F79EFBC}") = "XamarinNeller", "XamarinNeller\XamarinNeller\XamarinNeller.csproj", "{9AE9E336-6449-49F2-AFF2-401F181BB093}"
EndProject
Project("{FAE04EC0-301F-11D3-BF4B-00C04F79EFBC}") = "XamarinNeller.WPF", "XamarinNeller.WPF\XamarinNeller.WPF.csproj", "{F677F801-1BF5-47AD-830C-903B99BE26BD}"
EndProject
Global
	GlobalSection(SolutionConfigurationPlatforms) = preSolution
		Debug|Any CPU = Debug|Any CPU
		Debug|ARM = Debug|ARM
		Debug|iPhone = Debug|iPhone
		Debug|iPhoneSimulator = Debug|iPhoneSimulator
		Debug|x64 = Debug|x64
		Debug|x86 = Debug|x86
		Release|Any CPU = Release|Any CPU
		Release|ARM = Release|ARM
		Release|iPhone = Release|iPhone
		Release|iPhoneSimulator = Release|iPhoneSimulator
		Release|x64 = Release|x64
		Release|x86 = Release|x86
	EndGlobalSection
	GlobalSection(ProjectConfigurationPlatforms) = postSolution
		{6E05C1A8-AFA0-4BDC-9A8B-391A26FAEBF4}.Debug|Any CPU.ActiveCfg = Debug|x86
		{6E05C1A8-AFA0-4BDC-9A8B-391A26FAEBF4}.Debug|Any CPU.Build.0 = Debug|x86
		{6E05C1A8-AFA0-4BDC-9A8B-391A26FAEBF4}.Debug|Any CPU.Deploy.0 = Debug|x86
		{6E05C1A8-AFA0-4BDC-9A8B-391A26FAEBF4}.Debug|ARM.ActiveCfg = Debug|ARM
		{6E05C1A8-AFA0-4BDC-9A8B-391A26FAEBF4}.Debug|ARM.Build.0 = Debug|ARM
		{6E05C1A8-AFA0-4BDC-9A8B-391A26FAEBF4}.Debug|ARM.Deploy.0 = Debug|ARM
		{6E05C1A8-AFA0-4BDC-9A8B-391A26FAEBF4}.Debug|iPhone.ActiveCfg = Debug|x86
		{6E05C1A8-AFA0-4BDC-9A8B-391A26FAEBF4}.Debug|iPhone.Build.0 = Debug|x86
		{6E05C1A8-AFA0-4BDC-9A8B-391A26FAEBF4}.Debug|iPhone.Deploy.0 = Debug|x86
		{6E05C1A8-AFA0-4BDC-9A8B-391A26FAEBF4}.Debug|iPhoneSimulator.ActiveCfg = Debug|x86
		{6E05C1A8-AFA0-4BDC-9A8B-391A26FAEBF4}.Debug|iPhoneSimulator.Build.0 = Debug|x86
		{6E05C1A8-AFA0-4BDC-9A8B-391A26FAEBF4}.Debug|iPhoneSimulator.Deploy.0 = Debug|x86
		{6E05C1A8-AFA0-4BDC-9A8B-391A26FAEBF4}.Debug|x64.ActiveCfg = Debug|x64
		{6E05C1A8-AFA0-4BDC-9A8B-391A26FAEBF4}.Debug|x64.Build.0 = Debug|x64
		{6E05C1A8-AFA0-4BDC-9A8B-391A26FAEBF4}.Debug|x64.Deploy.0 = Debug|x64
		{6E05C1A8-AFA0-4BDC-9A8B-391A26FAEBF4}.Debug|x86.ActiveCfg = Debug|x86
		{6E05C1A8-AFA0-4BDC-9A8B-391A26FAEBF4}.Debug|x86.Build.0 = Debug|x86
		{6E05C1A8-AFA0-4BDC-9A8B-391A26FAEBF4}.Debug|x86.Deploy.0 = Debug|x86
		{6E05C1A8-AFA0-4BDC-9A8B-391A26FAEBF4}.Release|Any CPU.ActiveCfg = Release|x86
		{6E05C1A8-AFA0-4BDC-9A8B-391A26FAEBF4}.Release|Any CPU.Build.0 = Release|x86
		{6E05C1A8-AFA0-4BDC-9A8B-391A26FAEBF4}.Release|Any CPU.Deploy.0 = Release|x86
		{6E05C1A8-AFA0-4BDC-9A8B-391A26FAEBF4}.Release|ARM.ActiveCfg = Release|ARM
		{6E05C1A8-AFA0-4BDC-9A8B-391A26FAEBF4}.Release|ARM.Build.0 = Release|ARM
		{6E05C1A8-AFA0-4BDC-9A8B-391A26FAEBF4}.Release|ARM.Deploy.0 = Release|ARM
		{6E05C1A8-AFA0-4BDC-9A8B-391A26FAEBF4}.Release|iPhone.ActiveCfg = Release|x86
		{6E05C1A8-AFA0-4BDC-9A8B-391A26FAEBF4}.Release|iPhone.Build.0 = Release|x86
		{6E05C1A8-AFA0-4BDC-9A8B-391A26FAEBF4}.Release|iPhone.Deploy.0 = Release|x86
		{6E05C1A8-AFA0-4BDC-9A8B-391A26FAEBF4}.Release|iPhoneSimulator.ActiveCfg = Release|x86
		{6E05C1A8-AFA0-4BDC-9A8B-391A26FAEBF4}.Release|iPhoneSimulator.Build.0 = Release|x86
		{6E05C1A8-AFA0-4BDC-9A8B-391A26FAEBF4}.Release|iPhoneSimulator.Deploy.0 = Release|x86
		{6E05C1A8-AFA0-4BDC-9A8B-391A26FAEBF4}.Release|x64.ActiveCfg = Release|x64
		{6E05C1A8-AFA0-4BDC-9A8B-391A26FAEBF4}.Release|x64.Build.0 = Release|x64
		{6E05C1A8-AFA0-4BDC-9A8B-391A26FAEBF4}.Release|x64.Deploy.0 = Release|x64
		{6E05C1A8-AFA0-4BDC-9A8B-391A26FAEBF4}.Release|x86.ActiveCfg = Release|x86
		{6E05C1A8-AFA0-4BDC-9A8B-391A26FAEBF4}.Release|x86.Build.0 = Release|x86
		{6E05C1A8-AFA0-4BDC-9A8B-391A26FAEBF4}.Release|x86.Deploy.0 = Release|x86
		{5B09D17B-DCF8-42FC-B19F-C8C137B751C5}.Debug|Any CPU.ActiveCfg = Debug|Any CPU
		{5B09D17B-DCF8-42FC-B19F-C8C137B751C5}.Debug|Any CPU.Build.0 = Debug|Any CPU
		{5B09D17B-DCF8-42FC-B19F-C8C137B751C5}.Debug|Any CPU.Deploy.0 = Debug|Any CPU
		{5B09D17B-DCF8-42FC-B19F-C8C137B751C5}.Debug|ARM.ActiveCfg = Debug|Any CPU
		{5B09D17B-DCF8-42FC-B19F-C8C137B751C5}.Debug|ARM.Build.0 = Debug|Any CPU
		{5B09D17B-DCF8-42FC-B19F-C8C137B751C5}.Debug|ARM.Deploy.0 = Debug|Any CPU
		{5B09D17B-DCF8-42FC-B19F-C8C137B751C5}.Debug|iPhone.ActiveCfg = Debug|Any CPU
		{5B09D17B-DCF8-42FC-B19F-C8C137B751C5}.Debug|iPhone.Build.0 = Debug|Any CPU
		{5B09D17B-DCF8-42FC-B19F-C8C137B751C5}.Debug|iPhone.Deploy.0 = Debug|Any CPU
		{5B09D17B-DCF8-42FC-B19F-C8C137B751C5}.Debug|iPhoneSimulator.ActiveCfg = Debug|Any CPU
		{5B09D17B-DCF8-42FC-B19F-C8C137B751C5}.Debug|iPhoneSimulator.Build.0 = Debug|Any CPU
		{5B09D17B-DCF8-42FC-B19F-C8C137B751C5}.Debug|iPhoneSimulator.Deploy.0 = Debug|Any CPU
		{5B09D17B-DCF8-42FC-B19F-C8C137B751C5}.Debug|x64.ActiveCfg = Debug|Any CPU
		{5B09D17B-DCF8-42FC-B19F-C8C137B751C5}.Debug|x64.Build.0 = Debug|Any CPU
		{5B09D17B-DCF8-42FC-B19F-C8C137B751C5}.Debug|x64.Deploy.0 = Debug|Any CPU
		{5B09D17B-DCF8-42FC-B19F-C8C137B751C5}.Debug|x86.ActiveCfg = Debug|Any CPU
		{5B09D17B-DCF8-42FC-B19F-C8C137B751C5}.Debug|x86.Build.0 = Debug|Any CPU
		{5B09D17B-DCF8-42FC-B19F-C8C137B751C5}.Debug|x86.Deploy.0 = Debug|Any CPU
		{5B09D17B-DCF8-42FC-B19F-C8C137B751C5}.Release|Any CPU.ActiveCfg = Release|Any CPU
		{5B09D17B-DCF8-42FC-B19F-C8C137B751C5}.Release|Any CPU.Build.0 = Release|Any CPU
		{5B09D17B-DCF8-42FC-B19F-C8C137B751C5}.Release|Any CPU.Deploy.0 = Release|Any CPU
		{5B09D17B-DCF8-42FC-B19F-C8C137B751C5}.Release|ARM.ActiveCfg = Release|Any CPU
		{5B09D17B-DCF8-42FC-B19F-C8C137B751C5}.Release|ARM.Build.0 = Release|Any CPU
		{5B09D17B-DCF8-42FC-B19F-C8C137B751C5}.Release|ARM.Deploy.0 = Release|Any CPU
		{5B09D17B-DCF8-42FC-B19F-C8C137B751C5}.Release|iPhone.ActiveCfg = Release|Any CPU
		{5B09D17B-DCF8-42FC-B19F-C8C137B751C5}.Release|iPhone.Build.0 = Release|Any CPU
		{5B09D17B-DCF8-42FC-B19F-C8C137B751C5}.Release|iPhone.Deploy.0 = Release|Any CPU
		{5B09D17B-DCF8-42FC-B19F-C8C137B751C5}.Release|iPhoneSimulator.ActiveCfg = Release|Any CPU
		{5B09D17B-DCF8-42FC-B19F-C8C137B751C5}.Release|iPhoneSimulator.Build.0 = Release|Any CPU
		{5B09D17B-DCF8-42FC-B19F-C8C137B751C5}.Release|iPhoneSimulator.Deploy.0 = Release|Any CPU
		{5B09D17B-DCF8-42FC-B19F-C8C137B751C5}.Release|x64.ActiveCfg = Release|Any CPU
		{5B09D17B-DCF8-42FC-B19F-C8C137B751C5}.Release|x64.Build.0 = Release|Any CPU
		{5B09D17B-DCF8-42FC-B19F-C8C137B751C5}.Release|x64.Deploy.0 = Release|Any CPU
		{5B09D17B-DCF8-42FC-B19F-C8C137B751C5}.Release|x86.ActiveCfg = Release|Any CPU
		{5B09D17B-DCF8-42FC-B19F-C8C137B751C5}.Release|x86.Build.0 = Release|Any CPU
		{5B09D17B-DCF8-42FC-B19F-C8C137B751C5}.Release|x86.Deploy.0 = Release|Any CPU
		{F3763394-91C4-4414-BE85-349E624213AC}.Debug|Any CPU.ActiveCfg = Debug|iPhone
		{F3763394-91C4-4414-BE85-349E624213AC}.Debug|Any CPU.Build.0 = Debug|iPhone
		{F3763394-91C4-4414-BE85-349E624213AC}.Debug|Any CPU.Deploy.0 = Debug|iPhone
		{F3763394-91C4-4414-BE85-349E624213AC}.Debug|ARM.ActiveCfg = Debug|iPhone
		{F3763394-91C4-4414-BE85-349E624213AC}.Debug|ARM.Build.0 = Debug|iPhone
		{F3763394-91C4-4414-BE85-349E624213AC}.Debug|ARM.Deploy.0 = Debug|iPhone
		{F3763394-91C4-4414-BE85-349E624213AC}.Debug|iPhone.ActiveCfg = Debug|iPhone
		{F3763394-91C4-4414-BE85-349E624213AC}.Debug|iPhone.Build.0 = Debug|iPhone
		{F3763394-91C4-4414-BE85-349E624213AC}.Debug|iPhone.Deploy.0 = Debug|iPhone
		{F3763394-91C4-4414-BE85-349E624213AC}.Debug|iPhoneSimulator.ActiveCfg = Debug|iPhoneSimulator
		{F3763394-91C4-4414-BE85-349E624213AC}.Debug|iPhoneSimulator.Build.0 = Debug|iPhoneSimulator
		{F3763394-91C4-4414-BE85-349E624213AC}.Debug|iPhoneSimulator.Deploy.0 = Debug|iPhoneSimulator
		{F3763394-91C4-4414-BE85-349E624213AC}.Debug|x64.ActiveCfg = Debug|iPhone
		{F3763394-91C4-4414-BE85-349E624213AC}.Debug|x64.Build.0 = Debug|iPhone
		{F3763394-91C4-4414-BE85-349E624213AC}.Debug|x64.Deploy.0 = Debug|iPhone
		{F3763394-91C4-4414-BE85-349E624213AC}.Debug|x86.ActiveCfg = Debug|iPhone
		{F3763394-91C4-4414-BE85-349E624213AC}.Debug|x86.Build.0 = Debug|iPhone
		{F3763394-91C4-4414-BE85-349E624213AC}.Debug|x86.Deploy.0 = Debug|iPhone
		{F3763394-91C4-4414-BE85-349E624213AC}.Release|Any CPU.ActiveCfg = Release|iPhone
		{F3763394-91C4-4414-BE85-349E624213AC}.Release|Any CPU.Build.0 = Release|iPhone
		{F3763394-91C4-4414-BE85-349E624213AC}.Release|Any CPU.Deploy.0 = Release|iPhone
		{F3763394-91C4-4414-BE85-349E624213AC}.Release|ARM.ActiveCfg = Release|iPhone
		{F3763394-91C4-4414-BE85-349E624213AC}.Release|ARM.Build.0 = Release|iPhone
		{F3763394-91C4-4414-BE85-349E624213AC}.Release|ARM.Deploy.0 = Release|iPhone
		{F3763394-91C4-4414-BE85-349E624213AC}.Release|iPhone.ActiveCfg = Release|iPhone
		{F3763394-91C4-4414-BE85-349E624213AC}.Release|iPhone.Build.0 = Release|iPhone
		{F3763394-91C4-4414-BE85-349E624213AC}.Release|iPhone.Deploy.0 = Release|iPhone
		{F3763394-91C4-4414-BE85-349E624213AC}.Release|iPhoneSimulator.ActiveCfg = Release|iPhoneSimulator
		{F3763394-91C4-4414-BE85-349E624213AC}.Release|iPhoneSimulator.Build.0 = Release|iPhoneSimulator
		{F3763394-91C4-4414-BE85-349E624213AC}.Release|iPhoneSimulator.Deploy.0 = Release|iPhoneSimulator
		{F3763394-91C4-4414-BE85-349E624213AC}.Release|x64.ActiveCfg = Release|iPhone
		{F3763394-91C4-4414-BE85-349E624213AC}.Release|x64.Build.0 = Release|iPhone
		{F3763394-91C4-4414-BE85-349E624213AC}.Release|x64.Deploy.0 = Release|iPhone
		{F3763394-91C4-4414-BE85-349E624213AC}.Release|x86.ActiveCfg = Release|iPhone
		{F3763394-91C4-4414-BE85-349E624213AC}.Release|x86.Build.0 = Release|iPhone
		{F3763394-91C4-4414-BE85-349E624213AC}.Release|x86.Deploy.0 = Release|iPhone
		{9AE9E336-6449-49F2-AFF2-401F181BB093}.Debug|Any CPU.ActiveCfg = Debug|Any CPU
		{9AE9E336-6449-49F2-AFF2-401F181BB093}.Debug|Any CPU.Build.0 = Debug|Any CPU
		{9AE9E336-6449-49F2-AFF2-401F181BB093}.Debug|Any CPU.Deploy.0 = Debug|Any CPU
		{9AE9E336-6449-49F2-AFF2-401F181BB093}.Debug|ARM.ActiveCfg = Debug|Any CPU
		{9AE9E336-6449-49F2-AFF2-401F181BB093}.Debug|ARM.Build.0 = Debug|Any CPU
		{9AE9E336-6449-49F2-AFF2-401F181BB093}.Debug|ARM.Deploy.0 = Debug|Any CPU
		{9AE9E336-6449-49F2-AFF2-401F181BB093}.Debug|iPhone.ActiveCfg = Debug|Any CPU
		{9AE9E336-6449-49F2-AFF2-401F181BB093}.Debug|iPhone.Build.0 = Debug|Any CPU
		{9AE9E336-6449-49F2-AFF2-401F181BB093}.Debug|iPhone.Deploy.0 = Debug|Any CPU
		{9AE9E336-6449-49F2-AFF2-401F181BB093}.Debug|iPhoneSimulator.ActiveCfg = Debug|Any CPU
		{9AE9E336-6449-49F2-AFF2-401F181BB093}.Debug|iPhoneSimulator.Build.0 = Debug|Any CPU
		{9AE9E336-6449-49F2-AFF2-401F181BB093}.Debug|iPhoneSimulator.Deploy.0 = Debug|Any CPU
		{9AE9E336-6449-49F2-AFF2-401F181BB093}.Debug|x64.ActiveCfg = Debug|Any CPU
		{9AE9E336-6449-49F2-AFF2-401F181BB093}.Debug|x64.Build.0 = Debug|Any CPU
		{9AE9E336-6449-49F2-AFF2-401F181BB093}.Debug|x64.Deploy.0 = Debug|Any CPU
		{9AE9E336-6449-49F2-AFF2-401F181BB093}.Debug|x86.ActiveCfg = Debug|Any CPU
		{9AE9E336-6449-49F2-AFF2-401F181BB093}.Debug|x86.Build.0 = Debug|Any CPU
		{9AE9E336-6449-49F2-AFF2-401F181BB093}.Debug|x86.Deploy.0 = Debug|Any CPU
		{9AE9E336-6449-49F2-AFF2-401F181BB093}.Release|Any CPU.ActiveCfg = Release|Any CPU
		{9AE9E336-6449-49F2-AFF2-401F181BB093}.Release|Any CPU.Build.0 = Release|Any CPU
		{9AE9E336-6449-49F2-AFF2-401F181BB093}.Release|Any CPU.Deploy.0 = Release|Any CPU
		{9AE9E336-6449-49F2-AFF2-401F181BB093}.Release|ARM.ActiveCfg = Release|Any CPU
		{9AE9E336-6449-49F2-AFF2-401F181BB093}.Release|ARM.Build.0 = Release|Any CPU
		{9AE9E336-6449-49F2-AFF2-401F181BB093}.Release|ARM.Deploy.0 = Release|Any CPU
		{9AE9E336-6449-49F2-AFF2-401F181BB093}.Release|iPhone.ActiveCfg = Release|Any CPU
		{9AE9E336-6449-49F2-AFF2-401F181BB093}.Release|iPhone.Build.0 = Release|Any CPU
		{9AE9E336-6449-49F2-AFF2-401F181BB093}.Release|iPhone.Deploy.0 = Release|Any CPU
		{9AE9E336-6449-49F2-AFF2-401F181BB093}.Release|iPhoneSimulator.ActiveCfg = Release|Any CPU
		{9AE9E336-6449-49F2-AFF2-401F181BB093}.Release|iPhoneSimulator.Build.0 = Release|Any CPU
		{9AE9E336-6449-49F2-AFF2-401F181BB093}.Release|iPhoneSimulator.Deploy.0 = Release|Any CPU
		{9AE9E336-6449-49F2-AFF2-401F181BB093}.Release|x64.ActiveCfg = Release|Any CPU
		{9AE9E336-6449-49F2-AFF2-401F181BB093}.Release|x64.Build.0 = Release|Any CPU
		{9AE9E336-6449-49F2-AFF2-401F181BB093}.Release|x64.Deploy.0 = Release|Any CPU
		{9AE9E336-6449-49F2-AFF2-401F181BB093}.Release|x86.ActiveCfg = Release|Any CPU
		{9AE9E336-6449-49F2-AFF2-401F181BB093}.Release|x86.Build.0 = Release|Any CPU
		{9AE9E336-6449-49F2-AFF2-401F181BB093}.Release|x86.Deploy.0 = Release|Any CPU
		{F677F801-1BF5-47AD-830C-903B99BE26BD}.Debug|Any CPU.ActiveCfg = Debug|Any CPU
		{F677F801-1BF5-47AD-830C-903B99BE26BD}.Debug|Any CPU.Build.0 = Debug|Any CPU
		{F677F801-1BF5-47AD-830C-903B99BE26BD}.Debug|ARM.ActiveCfg = Debug|Any CPU
		{F677F801-1BF5-47AD-830C-903B99BE26BD}.Debug|ARM.Build.0 = Debug|Any CPU
		{F677F801-1BF5-47AD-830C-903B99BE26BD}.Debug|iPhone.ActiveCfg = Debug|Any CPU
		{F677F801-1BF5-47AD-830C-903B99BE26BD}.Debug|iPhone.Build.0 = Debug|Any CPU
		{F677F801-1BF5-47AD-830C-903B99BE26BD}.Debug|iPhoneSimulator.ActiveCfg = Debug|Any CPU
		{F677F801-1BF5-47AD-830C-903B99BE26BD}.Debug|iPhoneSimulator.Build.0 = Debug|Any CPU
		{F677F801-1BF5-47AD-830C-903B99BE26BD}.Debug|x64.ActiveCfg = Debug|Any CPU
		{F677F801-1BF5-47AD-830C-903B99BE26BD}.Debug|x64.Build.0 = Debug|Any CPU
		{F677F801-1BF5-47AD-830C-903B99BE26BD}.Debug|x86.ActiveCfg = Debug|Any CPU
		{F677F801-1BF5-47AD-830C-903B99BE26BD}.Debug|x86.Build.0 = Debug|Any CPU
		{F677F801-1BF5-47AD-830C-903B99BE26BD}.Release|Any CPU.ActiveCfg = Release|Any CPU
		{F677F801-1BF5-47AD-830C-903B99BE26BD}.Release|Any CPU.Build.0 = Release|Any CPU
		{F677F801-1BF5-47AD-830C-903B99BE26BD}.Release|ARM.ActiveCfg = Release|Any CPU
		{F677F801-1BF5-47AD-830C-903B99BE26BD}.Release|ARM.Build.0 = Release|Any CPU
		{F677F801-1BF5-47AD-830C-903B99BE26BD}.Release|iPhone.ActiveCfg = Release|Any CPU
		{F677F801-1BF5-47AD-830C-903B99BE26BD}.Release|iPhone.Build.0 = Release|Any CPU
		{F677F801-1BF5-47AD-830C-903B99BE26BD}.Release|iPhoneSimulator.ActiveCfg = Release|Any CPU
		{F677F801-1BF5-47AD-830C-903B99BE26BD}.Release|iPhoneSimulator.Build.0 = Release|Any CPU
		{F677F801-1BF5-47AD-830C-903B99BE26BD}.Release|x64.ActiveCfg = Release|Any CPU
		{F677F801-1BF5-47AD-830C-903B99BE26BD}.Release|x64.Build.0 = Release|Any CPU
		{F677F801-1BF5-47AD-830C-903B99BE26BD}.Release|x86.ActiveCfg = Release|Any CPU
		{F677F801-1BF5-47AD-830C-903B99BE26BD}.Release|x86.Build.0 = Release|Any CPU
	EndGlobalSection
	GlobalSection(SolutionProperties) = preSolution
		HideSolutionNode = FALSE
	EndGlobalSection
	GlobalSection(ExtensibilityGlobals) = postSolution
		SolutionGuid = {46E4D2BB-3F8A-427D-92F9-10FC11B83D3A}
	EndGlobalSection
EndGlobal
