
Microsoft Visual Studio Solution File, Format Version 12.00
# Visual Studio Version 17
VisualStudioVersion = 17.9.34607.119
MinimumVisualStudioVersion = 10.0.40219.1
Project("{FAE04EC0-301F-11D3-BF4B-00C04F79EFBC}") = "HaifejurneLocaheargu", "HaifejurneLocaheargu.csproj", "{0B4CE607-2834-48C3-9DF9-FFEBDADAD660}"
EndProject
Global
	GlobalSection(SolutionConfigurationPlatforms) = preSolution
		Debug|Any CPU = Debug|Any CPU
		Release|Any CPU = Release|Any CPU
	EndGlobalSection
	GlobalSection(ProjectConfigurationPlatforms) = postSolution
		{0B4CE607-2834-48C3-9DF9-FFEBDADAD660}.Debug|Any CPU.ActiveCfg = Debug|Any CPU
		{0B4CE607-2834-48C3-9DF9-FFEBDADAD660}.Debug|Any CPU.Build.0 = Debug|Any CPU
		{0B4CE607-2834-48C3-9DF9-FFEBDADAD660}.Release|Any CPU.ActiveCfg = Release|Any CPU
		{0B4CE607-2834-48C3-9DF9-FFEBDADAD660}.Release|Any CPU.Build.0 = Release|Any CPU
	EndGlobalSection
	GlobalSection(SolutionProperties) = preSolution
		HideSolutionNode = FALSE
	EndGlobalSection
	GlobalSection(ExtensibilityGlobals) = postSolution
		SolutionGuid = {5184F147-F4CD-4ACE-8FEF-1BF4E32DB421}
	EndGlobalSection
EndGlobal
