
Microsoft Visual Studio Solution File, Format Version 12.00
# Visual Studio Version 16
VisualStudioVersion = 16.0.30804.86
MinimumVisualStudioVersion = 10.0.40219.1
Project("{FAE04EC0-301F-11D3-BF4B-00C04F79EFBC}") = "KeefemjurfuFallburjelwararcha", "KeefemjurfuFallburjelwararcha\KeefemjurfuFallburjelwararcha.csproj", "{552D26EC-88F9-4E8D-BF9E-89121AB33DD4}"
EndProject
Global
	GlobalSection(SolutionConfigurationPlatforms) = preSolution
		Debug|Any CPU = Debug|Any CPU
		Release|Any CPU = Release|Any CPU
	EndGlobalSection
	GlobalSection(ProjectConfigurationPlatforms) = postSolution
		{552D26EC-88F9-4E8D-BF9E-89121AB33DD4}.Debug|Any CPU.ActiveCfg = Debug|Any CPU
		{552D26EC-88F9-4E8D-BF9E-89121AB33DD4}.Debug|Any CPU.Build.0 = Debug|Any CPU
		{552D26EC-88F9-4E8D-BF9E-89121AB33DD4}.Release|Any CPU.ActiveCfg = Release|Any CPU
		{552D26EC-88F9-4E8D-BF9E-89121AB33DD4}.Release|Any CPU.Build.0 = Release|Any CPU
	EndGlobalSection
	GlobalSection(SolutionProperties) = preSolution
		HideSolutionNode = FALSE
	EndGlobalSection
	GlobalSection(ExtensibilityGlobals) = postSolution
		SolutionGuid = {CDA87109-8D89-4012-ADFD-91D24502313F}
	EndGlobalSection
EndGlobal
