
Microsoft Visual Studio Solution File, Format Version 12.00
# Visual Studio Version 17
VisualStudioVersion = 17.6.33829.357
MinimumVisualStudioVersion = 10.0.40219.1
Project("{FAE04EC0-301F-11D3-BF4B-00C04F79EFBC}") = "NawfemkearkalkurFocudeche", "NawfemkearkalkurFocudeche\NawfemkearkalkurFocudeche.csproj", "{31708A77-322B-48F2-8396-3ED85CA283DB}"
EndProject
Global
	GlobalSection(SolutionConfigurationPlatforms) = preSolution
		Debug|Any CPU = Debug|Any CPU
		Release|Any CPU = Release|Any CPU
	EndGlobalSection
	GlobalSection(ProjectConfigurationPlatforms) = postSolution
		{31708A77-322B-48F2-8396-3ED85CA283DB}.Debug|Any CPU.ActiveCfg = Debug|Any CPU
		{31708A77-322B-48F2-8396-3ED85CA283DB}.Debug|Any CPU.Build.0 = Debug|Any CPU
		{31708A77-322B-48F2-8396-3ED85CA283DB}.Release|Any CPU.ActiveCfg = Release|Any CPU
		{31708A77-322B-48F2-8396-3ED85CA283DB}.Release|Any CPU.Build.0 = Release|Any CPU
	EndGlobalSection
	GlobalSection(SolutionProperties) = preSolution
		HideSolutionNode = FALSE
	EndGlobalSection
	GlobalSection(ExtensibilityGlobals) = postSolution
		SolutionGuid = {6DED6169-5868-4FC2-BBA9-EE18DE11AA7F}
	EndGlobalSection
EndGlobal
