
Microsoft Visual Studio Solution File, Format Version 12.00
# Visual Studio Version 17
VisualStudioVersion = 17.9.34607.119
MinimumVisualStudioVersion = 10.0.40219.1
Project("{FAE04EC0-301F-11D3-BF4B-00C04F79EFBC}") = "ChafealayhemWaikejawuqear", "ChafealayhemWaikejawuqear.csproj", "{BD5CA224-849F-4972-A2B6-A32F66F39508}"
EndProject
Global
	GlobalSection(SolutionConfigurationPlatforms) = preSolution
		Debug|Any CPU = Debug|Any CPU
		Release|Any CPU = Release|Any CPU
	EndGlobalSection
	GlobalSection(ProjectConfigurationPlatforms) = postSolution
		{BD5CA224-849F-4972-A2B6-A32F66F39508}.Debug|Any CPU.ActiveCfg = Debug|Any CPU
		{BD5CA224-849F-4972-A2B6-A32F66F39508}.Debug|Any CPU.Build.0 = Debug|Any CPU
		{BD5CA224-849F-4972-A2B6-A32F66F39508}.Release|Any CPU.ActiveCfg = Release|Any CPU
		{BD5CA224-849F-4972-A2B6-A32F66F39508}.Release|Any CPU.Build.0 = Release|Any CPU
	EndGlobalSection
	GlobalSection(SolutionProperties) = preSolution
		HideSolutionNode = FALSE
	EndGlobalSection
	GlobalSection(ExtensibilityGlobals) = postSolution
		SolutionGuid = {63A0FB99-AB22-43C9-BBA4-4E9BDC8C8E1A}
	EndGlobalSection
EndGlobal
