
Microsoft Visual Studio Solution File, Format Version 12.00
# Visual Studio Version 16
VisualStudioVersion = 16.0.30804.86
MinimumVisualStudioVersion = 10.0.40219.1
Project("{FAE04EC0-301F-11D3-BF4B-00C04F79EFBC}") = "WibifelqeQolawwaljecili", "WibifelqeQolawwaljecili.csproj", "{ABFD1A5A-EA04-4F9E-ADC7-76DE9E4D8F04}"
EndProject
Global
	GlobalSection(SolutionConfigurationPlatforms) = preSolution
		Debug|Any CPU = Debug|Any CPU
		Release|Any CPU = Release|Any CPU
	EndGlobalSection
	GlobalSection(ProjectConfigurationPlatforms) = postSolution
		{ABFD1A5A-EA04-4F9E-ADC7-76DE9E4D8F04}.Debug|Any CPU.ActiveCfg = Debug|Any CPU
		{ABFD1A5A-EA04-4F9E-ADC7-76DE9E4D8F04}.Debug|Any CPU.Build.0 = Debug|Any CPU
		{ABFD1A5A-EA04-4F9E-ADC7-76DE9E4D8F04}.Release|Any CPU.ActiveCfg = Release|Any CPU
		{ABFD1A5A-EA04-4F9E-ADC7-76DE9E4D8F04}.Release|Any CPU.Build.0 = Release|Any CPU
	EndGlobalSection
	GlobalSection(SolutionProperties) = preSolution
		HideSolutionNode = FALSE
	EndGlobalSection
	GlobalSection(ExtensibilityGlobals) = postSolution
		SolutionGuid = {6E89A7FF-607C-4C83-A876-6E2B0B6016BA}
	EndGlobalSection
EndGlobal
