
Microsoft Visual Studio Solution File, Format Version 12.00
# Visual Studio Version 17
VisualStudioVersion = 17.0.31903.59
MinimumVisualStudioVersion = 10.0.40219.1
Project("{2150E333-8FDC-42A3-9474-1A3956D46DE8}") = "samples", "samples", "{5D20AA90-6969-D8BD-9DCD-8634F4692FDA}"
EndProject
Project("{FAE04EC0-301F-11D3-BF4B-00C04F79EFBC}") = "Sample", "samples\sample\Sample.csproj", "{82A7729F-37E7-459A-880D-B369D002D159}"
EndProject
Project("{2150E333-8FDC-42A3-9474-1A3956D46DE8}") = "src", "src", "{827E0CD3-B72D-47B6-A68D-7590B98EB39B}"
EndProject
Project("{2150E333-8FDC-42A3-9474-1A3956D46DE8}") = "wieslawsoltes-wmf", "wieslawsoltes-wmf", "{D144BB0A-C7AF-AD14-AAB6-277D09411108}"
EndProject
Project("{FAE04EC0-301F-11D3-BF4B-00C04F79EFBC}") = "Library", "src\wieslawsoltes-wmf\src\library\Library.csproj", "{37C31B24-6793-4298-B68F-7A9E94932DD9}"
EndProject
Project("{FAE04EC0-301F-11D3-BF4B-00C04F79EFBC}") = "SkiaWmfRenderer", "src\SkiaWmfRenderer\SkiaWmfRenderer.csproj", "{34500DA8-76D4-4CE5-ADA3-9482FECF7DEC}"
EndProject
Global
	GlobalSection(SolutionConfigurationPlatforms) = preSolution
		Debug|Any CPU = Debug|Any CPU
		Debug|x64 = Debug|x64
		Debug|x86 = Debug|x86
		Release|Any CPU = Release|Any CPU
		Release|x64 = Release|x64
		Release|x86 = Release|x86
	EndGlobalSection
	GlobalSection(ProjectConfigurationPlatforms) = postSolution
		{82A7729F-37E7-459A-880D-B369D002D159}.Debug|Any CPU.ActiveCfg = Debug|Any CPU
		{82A7729F-37E7-459A-880D-B369D002D159}.Debug|Any CPU.Build.0 = Debug|Any CPU
		{82A7729F-37E7-459A-880D-B369D002D159}.Debug|x64.ActiveCfg = Debug|Any CPU
		{82A7729F-37E7-459A-880D-B369D002D159}.Debug|x64.Build.0 = Debug|Any CPU
		{82A7729F-37E7-459A-880D-B369D002D159}.Debug|x86.ActiveCfg = Debug|Any CPU
		{82A7729F-37E7-459A-880D-B369D002D159}.Debug|x86.Build.0 = Debug|Any CPU
		{82A7729F-37E7-459A-880D-B369D002D159}.Release|Any CPU.ActiveCfg = Release|Any CPU
		{82A7729F-37E7-459A-880D-B369D002D159}.Release|Any CPU.Build.0 = Release|Any CPU
		{82A7729F-37E7-459A-880D-B369D002D159}.Release|x64.ActiveCfg = Release|Any CPU
		{82A7729F-37E7-459A-880D-B369D002D159}.Release|x64.Build.0 = Release|Any CPU
		{82A7729F-37E7-459A-880D-B369D002D159}.Release|x86.ActiveCfg = Release|Any CPU
		{82A7729F-37E7-459A-880D-B369D002D159}.Release|x86.Build.0 = Release|Any CPU
		{37C31B24-6793-4298-B68F-7A9E94932DD9}.Debug|Any CPU.ActiveCfg = Debug|Any CPU
		{37C31B24-6793-4298-B68F-7A9E94932DD9}.Debug|Any CPU.Build.0 = Debug|Any CPU
		{37C31B24-6793-4298-B68F-7A9E94932DD9}.Debug|x64.ActiveCfg = Debug|Any CPU
		{37C31B24-6793-4298-B68F-7A9E94932DD9}.Debug|x64.Build.0 = Debug|Any CPU
		{37C31B24-6793-4298-B68F-7A9E94932DD9}.Debug|x86.ActiveCfg = Debug|Any CPU
		{37C31B24-6793-4298-B68F-7A9E94932DD9}.Debug|x86.Build.0 = Debug|Any CPU
		{37C31B24-6793-4298-B68F-7A9E94932DD9}.Release|Any CPU.ActiveCfg = Release|Any CPU
		{37C31B24-6793-4298-B68F-7A9E94932DD9}.Release|Any CPU.Build.0 = Release|Any CPU
		{37C31B24-6793-4298-B68F-7A9E94932DD9}.Release|x64.ActiveCfg = Release|Any CPU
		{37C31B24-6793-4298-B68F-7A9E94932DD9}.Release|x64.Build.0 = Release|Any CPU
		{37C31B24-6793-4298-B68F-7A9E94932DD9}.Release|x86.ActiveCfg = Release|Any CPU
		{37C31B24-6793-4298-B68F-7A9E94932DD9}.Release|x86.Build.0 = Release|Any CPU
		{34500DA8-76D4-4CE5-ADA3-9482FECF7DEC}.Debug|Any CPU.ActiveCfg = Debug|Any CPU
		{34500DA8-76D4-4CE5-ADA3-9482FECF7DEC}.Debug|Any CPU.Build.0 = Debug|Any CPU
		{34500DA8-76D4-4CE5-ADA3-9482FECF7DEC}.Debug|x64.ActiveCfg = Debug|Any CPU
		{34500DA8-76D4-4CE5-ADA3-9482FECF7DEC}.Debug|x64.Build.0 = Debug|Any CPU
		{34500DA8-76D4-4CE5-ADA3-9482FECF7DEC}.Debug|x86.ActiveCfg = Debug|Any CPU
		{34500DA8-76D4-4CE5-ADA3-9482FECF7DEC}.Debug|x86.Build.0 = Debug|Any CPU
		{34500DA8-76D4-4CE5-ADA3-9482FECF7DEC}.Release|Any CPU.ActiveCfg = Release|Any CPU
		{34500DA8-76D4-4CE5-ADA3-9482FECF7DEC}.Release|Any CPU.Build.0 = Release|Any CPU
		{34500DA8-76D4-4CE5-ADA3-9482FECF7DEC}.Release|x64.ActiveCfg = Release|Any CPU
		{34500DA8-76D4-4CE5-ADA3-9482FECF7DEC}.Release|x64.Build.0 = Release|Any CPU
		{34500DA8-76D4-4CE5-ADA3-9482FECF7DEC}.Release|x86.ActiveCfg = Release|Any CPU
		{34500DA8-76D4-4CE5-ADA3-9482FECF7DEC}.Release|x86.Build.0 = Release|Any CPU
	EndGlobalSection
	GlobalSection(SolutionProperties) = preSolution
		HideSolutionNode = FALSE
	EndGlobalSection
	GlobalSection(NestedProjects) = preSolution
		{82A7729F-37E7-459A-880D-B369D002D159} = {5D20AA90-6969-D8BD-9DCD-8634F4692FDA}
		{D144BB0A-C7AF-AD14-AAB6-277D09411108} = {827E0CD3-B72D-47B6-A68D-7590B98EB39B}
		{37C31B24-6793-4298-B68F-7A9E94932DD9} = {D144BB0A-C7AF-AD14-AAB6-277D09411108}
		{34500DA8-76D4-4CE5-ADA3-9482FECF7DEC} = {827E0CD3-B72D-47B6-A68D-7590B98EB39B}
	EndGlobalSection
	GlobalSection(ExtensibilityGlobals) = postSolution
		SolutionGuid = {CC7896A5-C341-469C-8996-F6E2BA9724FE}
	EndGlobalSection
EndGlobal
