
Microsoft Visual Studio Solution File, Format Version 12.00
# Visual Studio Version 16
VisualStudioVersion = 16.0.30804.86
MinimumVisualStudioVersion = 10.0.40219.1
Project("{FAE04EC0-301F-11D3-BF4B-00C04F79EFBC}") = "LereleweawaLinojairgeefonechal", "LereleweawaLinojairgeefonechal.csproj", "{7B4FCB51-6644-4ED9-9782-30E6E3FBDE99}"
EndProject
Global
	GlobalSection(SolutionConfigurationPlatforms) = preSolution
		Debug|Any CPU = Debug|Any CPU
		Release|Any CPU = Release|Any CPU
	EndGlobalSection
	GlobalSection(ProjectConfigurationPlatforms) = postSolution
		{7B4FCB51-6644-4ED9-9782-30E6E3FBDE99}.Debug|Any CPU.ActiveCfg = Debug|Any CPU
		{7B4FCB51-6644-4ED9-9782-30E6E3FBDE99}.Debug|Any CPU.Build.0 = Debug|Any CPU
		{7B4FCB51-6644-4ED9-9782-30E6E3FBDE99}.Release|Any CPU.ActiveCfg = Release|Any CPU
		{7B4FCB51-6644-4ED9-9782-30E6E3FBDE99}.Release|Any CPU.Build.0 = Release|Any CPU
	EndGlobalSection
	GlobalSection(SolutionProperties) = preSolution
		HideSolutionNode = FALSE
	EndGlobalSection
	GlobalSection(ExtensibilityGlobals) = postSolution
		SolutionGuid = {82BC3040-7D30-4380-83ED-6D130539F7E6}
	EndGlobalSection
EndGlobal
