
Microsoft Visual Studio Solution File, Format Version 12.00
# Visual Studio Version 17
VisualStudioVersion = 17.4.33403.182
MinimumVisualStudioVersion = 10.0.40219.1
Project("{FAE04EC0-301F-11D3-BF4B-00C04F79EFBC}") = "HurbelgafiJawyayfayjifederkai", "HurbelgafiJawyayfayjifederkai\HurbelgafiJawyayfayjifederkai.csproj", "{14CF96ED-5F5E-43CE-9EAF-CF10CC8C7551}"
EndProject
Global
	GlobalSection(SolutionConfigurationPlatforms) = preSolution
		Debug|Any CPU = Debug|Any CPU
		Release|Any CPU = Release|Any CPU
	EndGlobalSection
	GlobalSection(ProjectConfigurationPlatforms) = postSolution
		{14CF96ED-5F5E-43CE-9EAF-CF10CC8C7551}.Debug|Any CPU.ActiveCfg = Debug|Any CPU
		{14CF96ED-5F5E-43CE-9EAF-CF10CC8C7551}.Debug|Any CPU.Build.0 = Debug|Any CPU
		{14CF96ED-5F5E-43CE-9EAF-CF10CC8C7551}.Release|Any CPU.ActiveCfg = Release|Any CPU
		{14CF96ED-5F5E-43CE-9EAF-CF10CC8C7551}.Release|Any CPU.Build.0 = Release|Any CPU
	EndGlobalSection
	GlobalSection(SolutionProperties) = preSolution
		HideSolutionNode = FALSE
	EndGlobalSection
	GlobalSection(ExtensibilityGlobals) = postSolution
		SolutionGuid = {086A0791-48BE-48A5-9E1F-19927F4ABE47}
	EndGlobalSection
EndGlobal
